{
  "version": 4,
  "terraform_version": "1.10.5",
  "serial": 364,
  "lineage": "c36e1a42-79e1-e7a2-f458-5658efc3a3d6",
  "outputs": {
    "mysql-admin-password": {
      "value": "p@zrCCcV4tHfEKeN",
      "type": "string",
      "sensitive": true
    },
    "mysql-db-ip": {
      "value": [
        {
          "hostname": "",
          "ip_address": "10.0.3.205",
          "modes": [
            "READ",
            "WRITE"
          ],
          "port": 3306,
          "port_x": 33060,
          "resource_id": "ocid1.mysqldbsystem.oc1.me-jeddah-1.aaaaaaaa36labwrycahi36mqr467jfgwdyt3a3a2htxxtz424nzoj6hwinsa",
          "resource_type": "DBSYSTEM",
          "status": "ACTIVE",
          "status_details": ""
        }
      ],
      "type": [
        "list",
        [
          "object",
          {
            "hostname": "string",
            "ip_address": "string",
            "modes": [
              "list",
              "string"
            ],
            "port": "number",
            "port_x": "number",
            "resource_id": "string",
            "resource_type": "string",
            "status": "string",
            "status_details": "string"
          }
        ]
      ]
    },
    "oke_worker_image_ids": {
      "value": {
        "Oracle-Linux-8.10-2025.02.28-0-OKE-1.31.1-760": "ocid1.image.oc1.me-jeddah-1.aaaaaaaaegtkqvaei3mudj3cuvvrenmia6xt75oaudlsc4u7upioy7n24goq",
        "Oracle-Linux-8.10-2025.05.19-0-OKE-1.31.1-764": "ocid1.image.oc1.me-jeddah-1.aaaaaaaast5tv22nr3phksknow5ovr6ydpyaoaj4uatmaxgl6yno4thhotmq",
        "Oracle-Linux-8.10-2025.05.19-0-OKE-1.31.1-804": "ocid1.image.oc1.me-jeddah-1.aaaaaaaa642ioza6ksledab5wxpif7rdu55qvrsdyjaqlkfilum64wdkkoda",
        "Oracle-Linux-8.10-2025.07.21-0-OKE-1.31.10-967": "ocid1.image.oc1.me-jeddah-1.aaaaaaaabhrotuin4fl5rmohjsatpifni5fcuv6xcjdyadf2ms7c6vyycizq",
        "Oracle-Linux-8.10-2025.07.21-0-OKE-1.32.1-967": "ocid1.image.oc1.me-jeddah-1.aaaaaaaakdhhxdf7lgkuen3sy6f2o44l4exe5fsuapous4p5nd2cczedietq",
        "Oracle-Linux-8.10-2025.07.21-0-OKE-1.33.1-967": "ocid1.image.oc1.me-jeddah-1.aaaaaaaacwg4r3lkvqrbeoktcejnaaiyhxvv4nmntqupy4v47zwamanzzhxq",
        "Oracle-Linux-8.10-2025.07.31-0": "ocid1.image.oc1.me-jeddah-1.aaaaaaaanxp7xmeqyz5djaph5ge62xx7uykfccb5ldqck2dkxogksglh5ndq",
        "Oracle-Linux-8.10-2025.08.31-0": "ocid1.image.oc1.me-jeddah-1.aaaaaaaamnbibwr3fibjov7gh7l3hw3xwenw7xo7xyvwcckii62jai6vv7yq",
        "Oracle-Linux-8.10-2025.08.31-0-OKE-1.31.10-1191": "ocid1.image.oc1.me-jeddah-1.aaaaaaaax6i3thorn266mzzj7pyx7i6poknh46h7dgewcrqq56ubahgh5ipa",
        "Oracle-Linux-8.10-2025.08.31-0-OKE-1.32.1-1191": "ocid1.image.oc1.me-jeddah-1.aaaaaaaa7q5ifgy6rknh2vceesfu6me6w43wc7g3t3lldrwvzxeelrjhvq4q",
        "Oracle-Linux-8.10-2025.08.31-0-OKE-1.33.1-1191": "ocid1.image.oc1.me-jeddah-1.aaaaaaaawf7cwcbudypcgzdqi2ip4z36b7ryyukifiqcegddvrv22uvh6dxq",
        "Oracle-Linux-8.10-2025.08.31-0-OKE-1.34.1-1191": "ocid1.image.oc1.me-jeddah-1.aaaaaaaaqyjmtjx7qy5wdytblutpyf4ue43ored4bckkpedk7o3kfp735gqq",
        "Oracle-Linux-8.10-2025.09.16-0": "ocid1.image.oc1.me-jeddah-1.aaaaaaaagbvvyepq3ke66jiyqff3bn4ojqtr2gxxqzwh4nqa3tbhfequ4sua",
        "Oracle-Linux-8.10-2025.09.16-0-OKE-1.31.10-1330": "ocid1.image.oc1.me-jeddah-1.aaaaaaaakcq4x5by3mgnm4nq3xcik6jg2mfwurbp7ouqwuaxcubskmqjjnda",
        "Oracle-Linux-8.10-2025.09.16-0-OKE-1.32.1-1330": "ocid1.image.oc1.me-jeddah-1.aaaaaaaal6r5n3lhkhfejsbq2iwpvdomabkpa2ra7jycnguprk3qq5rnrgma",
        "Oracle-Linux-8.10-2025.09.16-0-OKE-1.33.1-1330": "ocid1.image.oc1.me-jeddah-1.aaaaaaaa52j7d3tymhks4asfshxgbt33qxti2mrzavpcbnqwwucay4nvubka",
        "Oracle-Linux-8.10-2025.09.16-0-OKE-1.34.1-1330": "ocid1.image.oc1.me-jeddah-1.aaaaaaaatljg6qo6cdshs7aoofz2swc7d2eduyarv3fdqgqrwktekjymtfta",
        "Oracle-Linux-8.10-Gen2-AMD-GPU-2024.08.31-0": "ocid1.image.oc1.me-jeddah-1.aaaaaaaajjcopg3hrpj2wqcjobyptw4kwoagmaqtcwjh4vjybqoclhjfdkva",
        "Oracle-Linux-8.10-Gen2-AMD-GPU-2025.08.31-0": "ocid1.image.oc1.me-jeddah-1.aaaaaaaabvc7xmh3vlrpsfupvhuhonfuxqtqyxq3xvlkfcyid2y7injzwssq",
        "Oracle-Linux-8.10-Gen2-GPU-2025.02.28-0-OKE-1.31.1-760": "ocid1.image.oc1.me-jeddah-1.aaaaaaaauekfeeceshjyal5qge4aiurotpz7pqua2mrfzlzrqkwobtlhcvba",
        "Oracle-Linux-8.10-Gen2-GPU-2025.05.19-0-OKE-1.31.1-764": "ocid1.image.oc1.me-jeddah-1.aaaaaaaasx3eiq2f27qfevz4bibdsgadqjmz7cj3h473z2wmlnotqdxjaxoa",
        "Oracle-Linux-8.10-Gen2-GPU-2025.05.19-0-OKE-1.31.1-804": "ocid1.image.oc1.me-jeddah-1.aaaaaaaah2kthp6l2kjquo2hhdw5aktkjamuq67etnoha6walwma6ownttuq",
        "Oracle-Linux-8.10-Gen2-GPU-2025.07.21-0-OKE-1.31.10-967": "ocid1.image.oc1.me-jeddah-1.aaaaaaaa45v4fioxdo2ltxtbx5nnonnndedvzub332valv53s3p4x7366nta",
        "Oracle-Linux-8.10-Gen2-GPU-2025.07.21-0-OKE-1.32.1-967": "ocid1.image.oc1.me-jeddah-1.aaaaaaaantzivvls46h3gc4dbwm5hp3tphfvgutvkxwhidjfhhkozlrdi7vq",
        "Oracle-Linux-8.10-Gen2-GPU-2025.07.21-0-OKE-1.33.1-967": "ocid1.image.oc1.me-jeddah-1.aaaaaaaa62fviz6enlutcyll5gsfdpyfd73t6nztixrjliqzswmhlk4lzy2q",
        "Oracle-Linux-8.10-Gen2-GPU-2025.07.31-0": "ocid1.image.oc1.me-jeddah-1.aaaaaaaaqmze3yeqalu6ruegm2znjpc2pvvwn5c52nqpvw4nfovumxdhj7ha",
        "Oracle-Linux-8.10-Gen2-GPU-2025.08.31-0": "ocid1.image.oc1.me-jeddah-1.aaaaaaaanavk6e265u3xn4477pzfjdwe6g6c5eqmcijkvmfwdn3frmg3fw3q",
        "Oracle-Linux-8.10-Gen2-GPU-2025.08.31-0-OKE-1.31.10-1191": "ocid1.image.oc1.me-jeddah-1.aaaaaaaazbttaitjxnhmmwuulc4f2gkd4eutwdfkxcknxkxgkeoidpm2cp2a",
        "Oracle-Linux-8.10-Gen2-GPU-2025.08.31-0-OKE-1.32.1-1191": "ocid1.image.oc1.me-jeddah-1.aaaaaaaavbeobhj2likrir5odn27cvfg4c5674tri6xedjxufchdhgxvctkq",
        "Oracle-Linux-8.10-Gen2-GPU-2025.08.31-0-OKE-1.33.1-1191": "ocid1.image.oc1.me-jeddah-1.aaaaaaaaz6rz5qdbvdkhn7oqhiiundwq2c5u6g67zlfjvxscdgu3rdsea5ja",
        "Oracle-Linux-8.10-Gen2-GPU-2025.08.31-0-OKE-1.34.1-1191": "ocid1.image.oc1.me-jeddah-1.aaaaaaaapxhxpclpwdeyn53e7vb6jqmfw2nf3pwlv6cduxzquhxtqlcygmla",
        "Oracle-Linux-8.10-Gen2-GPU-2025.09.16-0": "ocid1.image.oc1.me-jeddah-1.aaaaaaaaqeyfijomdgbltti5pycmaapnj3wc4mk75dqksaskszkib3qsqdka",
        "Oracle-Linux-8.10-Gen2-GPU-2025.09.16-0-OKE-1.31.10-1330": "ocid1.image.oc1.me-jeddah-1.aaaaaaaasw3odm26gyomurmlvdk3ewiunvzabkgbx6bypy3qo2qkpe7ir3ca",
        "Oracle-Linux-8.10-Gen2-GPU-2025.09.16-0-OKE-1.32.1-1330": "ocid1.image.oc1.me-jeddah-1.aaaaaaaaejoahljmqurfywt7ucv3r4ooslpnfhlkotgkh4wgnvtdtrtyjpta",
        "Oracle-Linux-8.10-Gen2-GPU-2025.09.16-0-OKE-1.33.1-1330": "ocid1.image.oc1.me-jeddah-1.aaaaaaaau5jbcnhtya2xzpawtg5pft6qr7ews5a4dgs2aasasqcz335vopsa",
        "Oracle-Linux-8.10-Gen2-GPU-2025.09.16-0-OKE-1.34.1-1330": "ocid1.image.oc1.me-jeddah-1.aaaaaaaa3gxq42ykrmfni2vyhff3letk22y6inbcayr3eynpr7zgph6hzskq",
        "Oracle-Linux-8.10-aarch64-2025.02.28-0-OKE-1.31.1-760": "ocid1.image.oc1.me-jeddah-1.aaaaaaaajh23ahybj4zlefzbcgldh5frelseqzsge36sdv5oz2umdlfofpwa",
        "Oracle-Linux-8.10-aarch64-2025.05.19-0-OKE-1.31.1-764": "ocid1.image.oc1.me-jeddah-1.aaaaaaaapbvavkyoa6zwbjwihblstk3yjh6tjaunjulehlle5hok55ybgebq",
        "Oracle-Linux-8.10-aarch64-2025.05.19-0-OKE-1.31.1-804": "ocid1.image.oc1.me-jeddah-1.aaaaaaaaksgo2yzdb7vk6364vy3jxli57mi5g56htku3yjj4sjtnedlanwvq",
        "Oracle-Linux-8.10-aarch64-2025.07.21-0-OKE-1.31.10-967": "ocid1.image.oc1.me-jeddah-1.aaaaaaaa7tnmp5oh3wkjvzqwkozwl6je5jtz4zgpwbau3rtin2h24f5odsra",
        "Oracle-Linux-8.10-aarch64-2025.07.21-0-OKE-1.32.1-967": "ocid1.image.oc1.me-jeddah-1.aaaaaaaa2iuvyuamncof46ycm7n22hxq7wns7yp3aly4x42sy5uk7a3xvmfa",
        "Oracle-Linux-8.10-aarch64-2025.07.21-0-OKE-1.33.1-967": "ocid1.image.oc1.me-jeddah-1.aaaaaaaaywgfmlw4veyeahux7yyhuql5qrdxiqkiuwzbcjd2besxxgxk5plq",
        "Oracle-Linux-8.10-aarch64-2025.07.31-0": "ocid1.image.oc1.me-jeddah-1.aaaaaaaakiuyuro5e4pskneausibezymnjcpngsdkoq47szdh4kot2vtjdtq",
        "Oracle-Linux-8.10-aarch64-2025.08.31-0": "ocid1.image.oc1.me-jeddah-1.aaaaaaaa4w5ecthkttpcw4bxyf4gijokmnm3t3q53gd2frmqr45j4ink5x5q",
        "Oracle-Linux-8.10-aarch64-2025.08.31-0-OKE-1.31.10-1191": "ocid1.image.oc1.me-jeddah-1.aaaaaaaakj6j3fn2swmr7jwj7ecnf7kblmaedmtnlf5ywofmsudt66wzkp3q",
        "Oracle-Linux-8.10-aarch64-2025.08.31-0-OKE-1.32.1-1191": "ocid1.image.oc1.me-jeddah-1.aaaaaaaawzdx6gtpd6gkw52llfjis7x43atflqc3zcmjt76km6kxhrokwwfq",
        "Oracle-Linux-8.10-aarch64-2025.08.31-0-OKE-1.33.1-1191": "ocid1.image.oc1.me-jeddah-1.aaaaaaaai55isb5xzjq5vpuqxc66lyuxlrmlwjjtnyviahqnw5jrlrjjdk5q",
        "Oracle-Linux-8.10-aarch64-2025.08.31-0-OKE-1.34.1-1191": "ocid1.image.oc1.me-jeddah-1.aaaaaaaalx6hgpmooty2k2xzdqy7xxe3lxigfn5cnobvzjtintvk2bmjhkaa",
        "Oracle-Linux-8.10-aarch64-2025.09.16-0": "ocid1.image.oc1.me-jeddah-1.aaaaaaaamy36klzw5o27db6zdetzyriq4shbvfhhrsl7dptj5vg6jvblva4q",
        "Oracle-Linux-8.10-aarch64-2025.09.16-0-OKE-1.31.10-1330": "ocid1.image.oc1.me-jeddah-1.aaaaaaaahix6pgmrjrgmgsrjqgagofxuwyxczkzcqycap3exm4qwkbmf4xta",
        "Oracle-Linux-8.10-aarch64-2025.09.16-0-OKE-1.32.1-1330": "ocid1.image.oc1.me-jeddah-1.aaaaaaaadxxq4r56auk6rlecadbn3xw32nxour7fpsunveaut4xzaufvueha",
        "Oracle-Linux-8.10-aarch64-2025.09.16-0-OKE-1.33.1-1330": "ocid1.image.oc1.me-jeddah-1.aaaaaaaajo2bai7ald42fkfmcozinfwwkmg2eqaofi5mmkpzymsg4hqjjl3q",
        "Oracle-Linux-8.10-aarch64-2025.09.16-0-OKE-1.34.1-1330": "ocid1.image.oc1.me-jeddah-1.aaaaaaaad2biym4ihd5hxkcuowypp65q7jties5gxybabeuu2cu344ctaneq"
      },
      "type": [
        "object",
        {
          "Oracle-Linux-8.10-2025.02.28-0-OKE-1.31.1-760": "string",
          "Oracle-Linux-8.10-2025.05.19-0-OKE-1.31.1-764": "string",
          "Oracle-Linux-8.10-2025.05.19-0-OKE-1.31.1-804": "string",
          "Oracle-Linux-8.10-2025.07.21-0-OKE-1.31.10-967": "string",
          "Oracle-Linux-8.10-2025.07.21-0-OKE-1.32.1-967": "string",
          "Oracle-Linux-8.10-2025.07.21-0-OKE-1.33.1-967": "string",
          "Oracle-Linux-8.10-2025.07.31-0": "string",
          "Oracle-Linux-8.10-2025.08.31-0": "string",
          "Oracle-Linux-8.10-2025.08.31-0-OKE-1.31.10-1191": "string",
          "Oracle-Linux-8.10-2025.08.31-0-OKE-1.32.1-1191": "string",
          "Oracle-Linux-8.10-2025.08.31-0-OKE-1.33.1-1191": "string",
          "Oracle-Linux-8.10-2025.08.31-0-OKE-1.34.1-1191": "string",
          "Oracle-Linux-8.10-2025.09.16-0": "string",
          "Oracle-Linux-8.10-2025.09.16-0-OKE-1.31.10-1330": "string",
          "Oracle-Linux-8.10-2025.09.16-0-OKE-1.32.1-1330": "string",
          "Oracle-Linux-8.10-2025.09.16-0-OKE-1.33.1-1330": "string",
          "Oracle-Linux-8.10-2025.09.16-0-OKE-1.34.1-1330": "string",
          "Oracle-Linux-8.10-Gen2-AMD-GPU-2024.08.31-0": "string",
          "Oracle-Linux-8.10-Gen2-AMD-GPU-2025.08.31-0": "string",
          "Oracle-Linux-8.10-Gen2-GPU-2025.02.28-0-OKE-1.31.1-760": "string",
          "Oracle-Linux-8.10-Gen2-GPU-2025.05.19-0-OKE-1.31.1-764": "string",
          "Oracle-Linux-8.10-Gen2-GPU-2025.05.19-0-OKE-1.31.1-804": "string",
          "Oracle-Linux-8.10-Gen2-GPU-2025.07.21-0-OKE-1.31.10-967": "string",
          "Oracle-Linux-8.10-Gen2-GPU-2025.07.21-0-OKE-1.32.1-967": "string",
          "Oracle-Linux-8.10-Gen2-GPU-2025.07.21-0-OKE-1.33.1-967": "string",
          "Oracle-Linux-8.10-Gen2-GPU-2025.07.31-0": "string",
          "Oracle-Linux-8.10-Gen2-GPU-2025.08.31-0": "string",
          "Oracle-Linux-8.10-Gen2-GPU-2025.08.31-0-OKE-1.31.10-1191": "string",
          "Oracle-Linux-8.10-Gen2-GPU-2025.08.31-0-OKE-1.32.1-1191": "string",
          "Oracle-Linux-8.10-Gen2-GPU-2025.08.31-0-OKE-1.33.1-1191": "string",
          "Oracle-Linux-8.10-Gen2-GPU-2025.08.31-0-OKE-1.34.1-1191": "string",
          "Oracle-Linux-8.10-Gen2-GPU-2025.09.16-0": "string",
          "Oracle-Linux-8.10-Gen2-GPU-2025.09.16-0-OKE-1.31.10-1330": "string",
          "Oracle-Linux-8.10-Gen2-GPU-2025.09.16-0-OKE-1.32.1-1330": "string",
          "Oracle-Linux-8.10-Gen2-GPU-2025.09.16-0-OKE-1.33.1-1330": "string",
          "Oracle-Linux-8.10-Gen2-GPU-2025.09.16-0-OKE-1.34.1-1330": "string",
          "Oracle-Linux-8.10-aarch64-2025.02.28-0-OKE-1.31.1-760": "string",
          "Oracle-Linux-8.10-aarch64-2025.05.19-0-OKE-1.31.1-764": "string",
          "Oracle-Linux-8.10-aarch64-2025.05.19-0-OKE-1.31.1-804": "string",
          "Oracle-Linux-8.10-aarch64-2025.07.21-0-OKE-1.31.10-967": "string",
          "Oracle-Linux-8.10-aarch64-2025.07.21-0-OKE-1.32.1-967": "string",
          "Oracle-Linux-8.10-aarch64-2025.07.21-0-OKE-1.33.1-967": "string",
          "Oracle-Linux-8.10-aarch64-2025.07.31-0": "string",
          "Oracle-Linux-8.10-aarch64-2025.08.31-0": "string",
          "Oracle-Linux-8.10-aarch64-2025.08.31-0-OKE-1.31.10-1191": "string",
          "Oracle-Linux-8.10-aarch64-2025.08.31-0-OKE-1.32.1-1191": "string",
          "Oracle-Linux-8.10-aarch64-2025.08.31-0-OKE-1.33.1-1191": "string",
          "Oracle-Linux-8.10-aarch64-2025.08.31-0-OKE-1.34.1-1191": "string",
          "Oracle-Linux-8.10-aarch64-2025.09.16-0": "string",
          "Oracle-Linux-8.10-aarch64-2025.09.16-0-OKE-1.31.10-1330": "string",
          "Oracle-Linux-8.10-aarch64-2025.09.16-0-OKE-1.32.1-1330": "string",
          "Oracle-Linux-8.10-aarch64-2025.09.16-0-OKE-1.33.1-1330": "string",
          "Oracle-Linux-8.10-aarch64-2025.09.16-0-OKE-1.34.1-1330": "string"
        }
      ]
    },
    "private-instance-ip": {
      "value": "10.0.3.65",
      "type": "string"
    },
    "public-instance-ip": {
      "value": "158.101.225.234",
      "type": "string"
    }
  },
  "resources": [
    {
      "mode": "data",
      "type": "oci_containerengine_cluster",
      "name": "oke_cluster",
      "provider": "provider[\"registry.terraform.io/oracle/oci\"]",
      "instances": [
        {
          "schema_version": 0,
          "attributes": {
            "available_kubernetes_upgrades": [
              "v1.31.10",
              "v1.32.1"
            ],
            "cluster_id": "ocid1.cluster.oc1.me-jeddah-1.aaaaaaaamwpwzqob3tyct3mjssmjqploylofcjkb5rke3ofudc3cm5kglgsa",
            "cluster_pod_network_options": [
              {
                "cni_type": "OCI_VCN_IP_NATIVE"
              }
            ],
            "compartment_id": "ocid1.compartment.oc1..aaaaaaaa5oduzs3j2lq6jlcgblqevzc4cc6floafcx2ba5gue5syqqjdjl5a",
            "defined_tags": {
              "Oracle-Tags.CreatedBy": "default/atif.ramzan89@gmail.com",
              "Oracle-Tags.CreatedOn": "2025-11-07T21:30:39.799Z"
            },
            "endpoint_config": [
              {
                "is_public_ip_enabled": false,
                "nsg_ids": [
                  "ocid1.networksecuritygroup.oc1.me-jeddah-1.aaaaaaaaqocgd2z7cil43dpeyq6hazay7wka5zwl2bg7dx47yyyihr2xxypa"
                ],
                "subnet_id": "ocid1.subnet.oc1.me-jeddah-1.aaaaaaaa2hhxck4dfxkazi4wbzawxh7blywcn73bx6nmtuieskjcnl476wja"
              }
            ],
            "endpoints": [
              {
                "ipv6endpoint": "",
                "kubernetes": "",
                "private_endpoint": "10.0.3.202:6443",
                "public_endpoint": "",
                "vcn_hostname_endpoint": "c3cm5kglgsa.private.hub.oraclevcn.com:6443"
              }
            ],
            "freeform_tags": {
              "Customer": "manafa",
              "Environment": "dev"
            },
            "id": "ocid1.cluster.oc1.me-jeddah-1.aaaaaaaamwpwzqob3tyct3mjssmjqploylofcjkb5rke3ofudc3cm5kglgsa",
            "image_policy_config": [
              {
                "is_policy_enabled": false,
                "key_details": []
              }
            ],
            "kms_key_id": null,
            "kubernetes_version": "v1.31.1",
            "lifecycle_details": null,
            "metadata": [
              {
                "created_by_user_id": "ocid1.user.oc1..aaaaaaaayvjtfwjyvh2zmgpg2pn2jvlrwg7utkslvu6a26swvs5hmkxxgqfq",
                "created_by_work_request_id": "ocid1.clustersworkrequest.oc1.me-jeddah-1.aaaaaaaaaby6rdfrvyhksnssomy6buta7dgljghrcb7ed5op5w6mdc4yv6ja",
                "deleted_by_user_id": "",
                "deleted_by_work_request_id": "",
                "time_created": "2025-11-07 21:30:40 +0000 UTC",
                "time_credential_expiration": "2030-11-07 21:31:13 +0000 UTC",
                "time_deleted": "",
                "time_updated": "",
                "updated_by_user_id": "",
                "updated_by_work_request_id": ""
              }
            ],
            "name": "manafa-oke-dev",
            "open_id_connect_discovery_endpoint": null,
            "open_id_connect_discovery_key": null,
            "options": [
              {
                "add_ons": [
                  {
                    "is_kubernetes_dashboard_enabled": false,
                    "is_tiller_enabled": false
                  }
                ],
                "admission_controller_options": [
                  {
                    "is_pod_security_policy_enabled": false
                  }
                ],
                "ip_families": [
                  "IPv4"
                ],
                "kubernetes_network_config": [
                  {
                    "pods_cidr": "10.244.0.0/16",
                    "services_cidr": "10.96.0.0/16"
                  }
                ],
                "open_id_connect_discovery": [],
                "open_id_connect_token_authentication_config": [],
                "persistent_volume_config": [
                  {
                    "defined_tags": {},
                    "freeform_tags": {}
                  }
                ],
                "service_lb_config": [
                  {
                    "defined_tags": {},
                    "freeform_tags": {}
                  }
                ],
                "service_lb_subnet_ids": [
                  "ocid1.subnet.oc1.me-jeddah-1.aaaaaaaawypt7kms2lapk43neidfegrj4cnhooosoyiww3kcxegk3jc5domq"
                ]
              }
            ],
            "should_include_oidc_config_file": null,
            "state": "ACTIVE",
            "type": "BASIC_CLUSTER",
            "vcn_id": "ocid1.vcn.oc1.me-jeddah-1.amaaaaaamos3i5aaq3dqtq6vp3i6ut27ein4ym3x7myqggrko53uxl563lqa"
          },
          "sensitive_attributes": []
        }
      ]
    },
    {
      "mode": "data",
      "type": "oci_containerengine_cluster_kube_config",
      "name": "oke_kubeconfig",
      "provider": "provider[\"registry.terraform.io/oracle/oci\"]",
      "instances": [
        {
          "schema_version": 0,
          "attributes": {
            "cluster_id": "ocid1.cluster.oc1.me-jeddah-1.aaaaaaaamwpwzqob3tyct3mjssmjqploylofcjkb5rke3ofudc3cm5kglgsa",
            "content": "---\napiVersion: v1\nkind: \"\"\nclusters:\n- name: cluster-c3cm5kglgsa\n  cluster:\n    server: https://10.0.3.202:6443\n    certificate-authority-data: LS0tLS1CRUdJTiBDRVJUSUZJQ0FURS0tLS0tCk1JSURpRENDQW5DZ0F3SUJBZ0lRSGlkTjZRRnEwdmw0ZEtRN2RDNDU5akFOQmdrcWhraUc5dzBCQVFzRkFEQmUKTVE4d0RRWURWUVFEREFaTE9ITWdRMEV4Q3pBSkJnTlZCQVlUQWxWVE1ROHdEUVlEVlFRSERBWkJkWE4wYVc0eApEekFOQmdOVkJBb01Cazl5WVdOc1pURU1NQW9HQTFVRUN3d0RUMk5wTVE0d0RBWURWUVFJREFWVVpYaGhjekFlCkZ3MHlOVEV4TURjeU1UTXdOVEJhRncwek1ERXhNRGN5TVRNd05UQmFNRjR4RHpBTkJnTlZCQU1NQmtzNGN5QkQKUVRFTE1Ba0dBMVVFQmhNQ1ZWTXhEekFOQmdOVkJBY01Ca0YxYzNScGJqRVBNQTBHQTFVRUNnd0dUM0poWTJ4bApNUXd3Q2dZRFZRUUxEQU5QWTJreERqQU1CZ05WQkFnTUJWUmxlR0Z6TUlJQklqQU5CZ2txaGtpRzl3MEJBUUVGCkFBT0NBUThBTUlJQkNnS0NBUUVBaVJmOUZ1N2dMNUR1ZEdtVFFnNUNvQWR6UGVBelVpbkMvNjUzSFZZZlQzTVMKcnlPa0tOV3JuNFNzUkhwQVBFTWlDelhZa0hBU2grbEcyU2pzN0Z5bVE2ei9LQjlrL0x0MGVtU3hxTE5pV0puZgpSekN5eFcwSWRQaWpzN0NMMlJMa1ZzVDJ0VFo4NTJRYWx0a1EvYThkaEl0T2QyLzR3cG4zY2FBYi8vKzZKRnY2ClNBSHlEN0dCZTBaY082NTN3N0Nka093OG9qVDBzZzB0YllJcFZQNHZYMjZHaldXMGUrYVAzRFRIbVpmejliTXQKWWkyN0Z3bTNkSHRhdmlJZ1FudmJnQWNDUzliczlrMlFwMjUzbzBnd20rVlRwOEo0d1lsWWwzamVWMG5hYktBOAovcjBudlpxTTJycnpqeXJNejgxQ1RIUGp3RURxaFR2ZXJMOW5jaDhPSFFJREFRQUJvMEl3UURBUEJnTlZIUk1CCkFmOEVCVEFEQVFIL01BNEdBMVVkRHdFQi93UUVBd0lCQmpBZEJnTlZIUTRFRmdRVWV6aGNCS2NlZEx2OGhrZGwKemZwV0hpNCt3cTR3RFFZSktvWklodmNOQVFFTEJRQURnZ0VCQURvZGpGYWdnRFlhaDlwOUd2Rm9QS1A4Vk5BcApHSmJaWjc4alcyV0NFVHJMRWxmUXVjbHNkazBJTkg0U2RVRFAvWFQ0L3J5QjlzNWl3NWE2UCsvaUhhU0FsVTBqCmRVejlSZFRrSG0yS1NSK3hGT01ndTZqeXZvOGFkMlpvMTlpOTFWSlpoUWhEZHF0Q3M1RGFPbUVRT0JPRVdUNFcKNVFiWS9PMEp5MzlSS21DMFI5RlpsT3dtWllqMi9tcGFRVG4zbklZRmFsWkFLUWRZV00zZzdsQUMzaUtFNmdpQQpQcFBYdmhaTUphekhZdWtXbExKUzlvY3NKekgzUXBhTkFKN1hEOU9FYUlzMkkvTnMza1NYa2czQjh2Vjh2bURqClpCMDMwQVVqb1BHSnkydmp5ZnU1TnRaYzJUOE5vUHZrQjdyZTc5ZkJCVUhxZjdVZnFweFpxREJIUnpBPQotLS0tLUVORCBDRVJUSUZJQ0FURS0tLS0tCg==\nusers:\n- name: user-c3cm5kglgsa\n  user:\n    exec:\n      apiVersion: client.authentication.k8s.io/v1beta1\n      command: oci\n      args:\n      - ce\n      - cluster\n      - generate-token\n      - --cluster-id\n      - ocid1.cluster.oc1.me-jeddah-1.aaaaaaaamwpwzqob3tyct3mjssmjqploylofcjkb5rke3ofudc3cm5kglgsa\n      - --region\n      - me-jeddah-1\n      env: []\ncontexts:\n- name: context-c3cm5kglgsa\n  context:\n    cluster: cluster-c3cm5kglgsa\n    user: user-c3cm5kglgsa\ncurrent-context: context-c3cm5kglgsa\n",
            "endpoint": "PRIVATE_ENDPOINT",
            "expiration": null,
            "id": "ContainerengineClusterKubeConfigDataSource-432331704",
            "token_version": null
          },
          "sensitive_attributes": []
        }
      ]
    },
    {
      "mode": "data",
      "type": "oci_containerengine_node_pool_option",
      "name": "oke_images",
      "provider": "provider[\"registry.terraform.io/oracle/oci\"]",
      "instances": [
        {
          "schema_version": 0,
          "attributes": {
            "compartment_id": "ocid1.compartment.oc1..aaaaaaaa5oduzs3j2lq6jlcgblqevzc4cc6floafcx2ba5gue5syqqjdjl5a",
            "id": "ContainerengineNodePoolOptionDataSource-49886189",
            "images": [
              "Oracle-Linux-7.7"
            ],
            "kubernetes_versions": [
              "v1.31.1",
              "v1.31.10",
              "v1.32.1",
              "v1.33.0",
              "v1.33.1",
              "v1.34.0",
              "v1.34.1"
            ],
            "node_pool_option_id": "all",
            "shapes": [
              "BM.DenseIO.E4.128",
              "BM.DenseIO.E5.128",
              "BM.DenseIO2.52",
              "BM.GPU.A10.4",
              "BM.Optimized3.36",
              "BM.Standard.A1.160",
              "BM.Standard.E2.64",
              "BM.Standard.E3.128",
              "BM.Standard.E4.128",
              "BM.Standard.E5.192",
              "BM.Standard.E6.256",
              "BM.Standard2.52",
              "BM.Standard3.64",
              "VM.DenseIO.E4.Flex",
              "VM.DenseIO.E5.Flex",
              "VM.DenseIO2.16",
              "VM.DenseIO2.24",
              "VM.DenseIO2.8",
              "VM.GPU.A10.1",
              "VM.GPU.A10.2",
              "VM.Optimized3.Flex",
              "VM.Standard.A1.Flex",
              "VM.Standard.E2.1",
              "VM.Standard.E2.2",
              "VM.Standard.E2.4",
              "VM.Standard.E2.8",
              "VM.Standard.E3.Flex",
              "VM.Standard.E4.Flex",
              "VM.Standard.E5.Flex",
              "VM.Standard.E6.Flex",
              "VM.Standard2.1",
              "VM.Standard2.16",
              "VM.Standard2.2",
              "VM.Standard2.24",
              "VM.Standard2.4",
              "VM.Standard2.8",
              "VM.Standard3.Flex"
            ],
            "sources": [
              {
                "image_id": "ocid1.image.oc1.me-jeddah-1.aaaaaaaad2biym4ihd5hxkcuowypp65q7jties5gxybabeuu2cu344ctaneq",
                "source_name": "Oracle-Linux-8.10-aarch64-2025.09.16-0-OKE-1.34.1-1330",
                "source_type": "IMAGE"
              },
              {
                "image_id": "ocid1.image.oc1.me-jeddah-1.aaaaaaaajo2bai7ald42fkfmcozinfwwkmg2eqaofi5mmkpzymsg4hqjjl3q",
                "source_name": "Oracle-Linux-8.10-aarch64-2025.09.16-0-OKE-1.33.1-1330",
                "source_type": "IMAGE"
              },
              {
                "image_id": "ocid1.image.oc1.me-jeddah-1.aaaaaaaadxxq4r56auk6rlecadbn3xw32nxour7fpsunveaut4xzaufvueha",
                "source_name": "Oracle-Linux-8.10-aarch64-2025.09.16-0-OKE-1.32.1-1330",
                "source_type": "IMAGE"
              },
              {
                "image_id": "ocid1.image.oc1.me-jeddah-1.aaaaaaaahix6pgmrjrgmgsrjqgagofxuwyxczkzcqycap3exm4qwkbmf4xta",
                "source_name": "Oracle-Linux-8.10-aarch64-2025.09.16-0-OKE-1.31.10-1330",
                "source_type": "IMAGE"
              },
              {
                "image_id": "ocid1.image.oc1.me-jeddah-1.aaaaaaaalx6hgpmooty2k2xzdqy7xxe3lxigfn5cnobvzjtintvk2bmjhkaa",
                "source_name": "Oracle-Linux-8.10-aarch64-2025.08.31-0-OKE-1.34.1-1191",
                "source_type": "IMAGE"
              },
              {
                "image_id": "ocid1.image.oc1.me-jeddah-1.aaaaaaaai55isb5xzjq5vpuqxc66lyuxlrmlwjjtnyviahqnw5jrlrjjdk5q",
                "source_name": "Oracle-Linux-8.10-aarch64-2025.08.31-0-OKE-1.33.1-1191",
                "source_type": "IMAGE"
              },
              {
                "image_id": "ocid1.image.oc1.me-jeddah-1.aaaaaaaawzdx6gtpd6gkw52llfjis7x43atflqc3zcmjt76km6kxhrokwwfq",
                "source_name": "Oracle-Linux-8.10-aarch64-2025.08.31-0-OKE-1.32.1-1191",
                "source_type": "IMAGE"
              },
              {
                "image_id": "ocid1.image.oc1.me-jeddah-1.aaaaaaaakj6j3fn2swmr7jwj7ecnf7kblmaedmtnlf5ywofmsudt66wzkp3q",
                "source_name": "Oracle-Linux-8.10-aarch64-2025.08.31-0-OKE-1.31.10-1191",
                "source_type": "IMAGE"
              },
              {
                "image_id": "ocid1.image.oc1.me-jeddah-1.aaaaaaaaywgfmlw4veyeahux7yyhuql5qrdxiqkiuwzbcjd2besxxgxk5plq",
                "source_name": "Oracle-Linux-8.10-aarch64-2025.07.21-0-OKE-1.33.1-967",
                "source_type": "IMAGE"
              },
              {
                "image_id": "ocid1.image.oc1.me-jeddah-1.aaaaaaaa2iuvyuamncof46ycm7n22hxq7wns7yp3aly4x42sy5uk7a3xvmfa",
                "source_name": "Oracle-Linux-8.10-aarch64-2025.07.21-0-OKE-1.32.1-967",
                "source_type": "IMAGE"
              },
              {
                "image_id": "ocid1.image.oc1.me-jeddah-1.aaaaaaaa7tnmp5oh3wkjvzqwkozwl6je5jtz4zgpwbau3rtin2h24f5odsra",
                "source_name": "Oracle-Linux-8.10-aarch64-2025.07.21-0-OKE-1.31.10-967",
                "source_type": "IMAGE"
              },
              {
                "image_id": "ocid1.image.oc1.me-jeddah-1.aaaaaaaaksgo2yzdb7vk6364vy3jxli57mi5g56htku3yjj4sjtnedlanwvq",
                "source_name": "Oracle-Linux-8.10-aarch64-2025.05.19-0-OKE-1.31.1-804",
                "source_type": "IMAGE"
              },
              {
                "image_id": "ocid1.image.oc1.me-jeddah-1.aaaaaaaapbvavkyoa6zwbjwihblstk3yjh6tjaunjulehlle5hok55ybgebq",
                "source_name": "Oracle-Linux-8.10-aarch64-2025.05.19-0-OKE-1.31.1-764",
                "source_type": "IMAGE"
              },
              {
                "image_id": "ocid1.image.oc1.me-jeddah-1.aaaaaaaajh23ahybj4zlefzbcgldh5frelseqzsge36sdv5oz2umdlfofpwa",
                "source_name": "Oracle-Linux-8.10-aarch64-2025.02.28-0-OKE-1.31.1-760",
                "source_type": "IMAGE"
              },
              {
                "image_id": "ocid1.image.oc1.me-jeddah-1.aaaaaaaa3gxq42ykrmfni2vyhff3letk22y6inbcayr3eynpr7zgph6hzskq",
                "source_name": "Oracle-Linux-8.10-Gen2-GPU-2025.09.16-0-OKE-1.34.1-1330",
                "source_type": "IMAGE"
              },
              {
                "image_id": "ocid1.image.oc1.me-jeddah-1.aaaaaaaau5jbcnhtya2xzpawtg5pft6qr7ews5a4dgs2aasasqcz335vopsa",
                "source_name": "Oracle-Linux-8.10-Gen2-GPU-2025.09.16-0-OKE-1.33.1-1330",
                "source_type": "IMAGE"
              },
              {
                "image_id": "ocid1.image.oc1.me-jeddah-1.aaaaaaaaejoahljmqurfywt7ucv3r4ooslpnfhlkotgkh4wgnvtdtrtyjpta",
                "source_name": "Oracle-Linux-8.10-Gen2-GPU-2025.09.16-0-OKE-1.32.1-1330",
                "source_type": "IMAGE"
              },
              {
                "image_id": "ocid1.image.oc1.me-jeddah-1.aaaaaaaasw3odm26gyomurmlvdk3ewiunvzabkgbx6bypy3qo2qkpe7ir3ca",
                "source_name": "Oracle-Linux-8.10-Gen2-GPU-2025.09.16-0-OKE-1.31.10-1330",
                "source_type": "IMAGE"
              },
              {
                "image_id": "ocid1.image.oc1.me-jeddah-1.aaaaaaaapxhxpclpwdeyn53e7vb6jqmfw2nf3pwlv6cduxzquhxtqlcygmla",
                "source_name": "Oracle-Linux-8.10-Gen2-GPU-2025.08.31-0-OKE-1.34.1-1191",
                "source_type": "IMAGE"
              },
              {
                "image_id": "ocid1.image.oc1.me-jeddah-1.aaaaaaaaz6rz5qdbvdkhn7oqhiiundwq2c5u6g67zlfjvxscdgu3rdsea5ja",
                "source_name": "Oracle-Linux-8.10-Gen2-GPU-2025.08.31-0-OKE-1.33.1-1191",
                "source_type": "IMAGE"
              },
              {
                "image_id": "ocid1.image.oc1.me-jeddah-1.aaaaaaaavbeobhj2likrir5odn27cvfg4c5674tri6xedjxufchdhgxvctkq",
                "source_name": "Oracle-Linux-8.10-Gen2-GPU-2025.08.31-0-OKE-1.32.1-1191",
                "source_type": "IMAGE"
              },
              {
                "image_id": "ocid1.image.oc1.me-jeddah-1.aaaaaaaazbttaitjxnhmmwuulc4f2gkd4eutwdfkxcknxkxgkeoidpm2cp2a",
                "source_name": "Oracle-Linux-8.10-Gen2-GPU-2025.08.31-0-OKE-1.31.10-1191",
                "source_type": "IMAGE"
              },
              {
                "image_id": "ocid1.image.oc1.me-jeddah-1.aaaaaaaa62fviz6enlutcyll5gsfdpyfd73t6nztixrjliqzswmhlk4lzy2q",
                "source_name": "Oracle-Linux-8.10-Gen2-GPU-2025.07.21-0-OKE-1.33.1-967",
                "source_type": "IMAGE"
              },
              {
                "image_id": "ocid1.image.oc1.me-jeddah-1.aaaaaaaantzivvls46h3gc4dbwm5hp3tphfvgutvkxwhidjfhhkozlrdi7vq",
                "source_name": "Oracle-Linux-8.10-Gen2-GPU-2025.07.21-0-OKE-1.32.1-967",
                "source_type": "IMAGE"
              },
              {
                "image_id": "ocid1.image.oc1.me-jeddah-1.aaaaaaaa45v4fioxdo2ltxtbx5nnonnndedvzub332valv53s3p4x7366nta",
                "source_name": "Oracle-Linux-8.10-Gen2-GPU-2025.07.21-0-OKE-1.31.10-967",
                "source_type": "IMAGE"
              },
              {
                "image_id": "ocid1.image.oc1.me-jeddah-1.aaaaaaaah2kthp6l2kjquo2hhdw5aktkjamuq67etnoha6walwma6ownttuq",
                "source_name": "Oracle-Linux-8.10-Gen2-GPU-2025.05.19-0-OKE-1.31.1-804",
                "source_type": "IMAGE"
              },
              {
                "image_id": "ocid1.image.oc1.me-jeddah-1.aaaaaaaasx3eiq2f27qfevz4bibdsgadqjmz7cj3h473z2wmlnotqdxjaxoa",
                "source_name": "Oracle-Linux-8.10-Gen2-GPU-2025.05.19-0-OKE-1.31.1-764",
                "source_type": "IMAGE"
              },
              {
                "image_id": "ocid1.image.oc1.me-jeddah-1.aaaaaaaauekfeeceshjyal5qge4aiurotpz7pqua2mrfzlzrqkwobtlhcvba",
                "source_name": "Oracle-Linux-8.10-Gen2-GPU-2025.02.28-0-OKE-1.31.1-760",
                "source_type": "IMAGE"
              },
              {
                "image_id": "ocid1.image.oc1.me-jeddah-1.aaaaaaaatljg6qo6cdshs7aoofz2swc7d2eduyarv3fdqgqrwktekjymtfta",
                "source_name": "Oracle-Linux-8.10-2025.09.16-0-OKE-1.34.1-1330",
                "source_type": "IMAGE"
              },
              {
                "image_id": "ocid1.image.oc1.me-jeddah-1.aaaaaaaa52j7d3tymhks4asfshxgbt33qxti2mrzavpcbnqwwucay4nvubka",
                "source_name": "Oracle-Linux-8.10-2025.09.16-0-OKE-1.33.1-1330",
                "source_type": "IMAGE"
              },
              {
                "image_id": "ocid1.image.oc1.me-jeddah-1.aaaaaaaal6r5n3lhkhfejsbq2iwpvdomabkpa2ra7jycnguprk3qq5rnrgma",
                "source_name": "Oracle-Linux-8.10-2025.09.16-0-OKE-1.32.1-1330",
                "source_type": "IMAGE"
              },
              {
                "image_id": "ocid1.image.oc1.me-jeddah-1.aaaaaaaakcq4x5by3mgnm4nq3xcik6jg2mfwurbp7ouqwuaxcubskmqjjnda",
                "source_name": "Oracle-Linux-8.10-2025.09.16-0-OKE-1.31.10-1330",
                "source_type": "IMAGE"
              },
              {
                "image_id": "ocid1.image.oc1.me-jeddah-1.aaaaaaaaqyjmtjx7qy5wdytblutpyf4ue43ored4bckkpedk7o3kfp735gqq",
                "source_name": "Oracle-Linux-8.10-2025.08.31-0-OKE-1.34.1-1191",
                "source_type": "IMAGE"
              },
              {
                "image_id": "ocid1.image.oc1.me-jeddah-1.aaaaaaaawf7cwcbudypcgzdqi2ip4z36b7ryyukifiqcegddvrv22uvh6dxq",
                "source_name": "Oracle-Linux-8.10-2025.08.31-0-OKE-1.33.1-1191",
                "source_type": "IMAGE"
              },
              {
                "image_id": "ocid1.image.oc1.me-jeddah-1.aaaaaaaa7q5ifgy6rknh2vceesfu6me6w43wc7g3t3lldrwvzxeelrjhvq4q",
                "source_name": "Oracle-Linux-8.10-2025.08.31-0-OKE-1.32.1-1191",
                "source_type": "IMAGE"
              },
              {
                "image_id": "ocid1.image.oc1.me-jeddah-1.aaaaaaaax6i3thorn266mzzj7pyx7i6poknh46h7dgewcrqq56ubahgh5ipa",
                "source_name": "Oracle-Linux-8.10-2025.08.31-0-OKE-1.31.10-1191",
                "source_type": "IMAGE"
              },
              {
                "image_id": "ocid1.image.oc1.me-jeddah-1.aaaaaaaacwg4r3lkvqrbeoktcejnaaiyhxvv4nmntqupy4v47zwamanzzhxq",
                "source_name": "Oracle-Linux-8.10-2025.07.21-0-OKE-1.33.1-967",
                "source_type": "IMAGE"
              },
              {
                "image_id": "ocid1.image.oc1.me-jeddah-1.aaaaaaaakdhhxdf7lgkuen3sy6f2o44l4exe5fsuapous4p5nd2cczedietq",
                "source_name": "Oracle-Linux-8.10-2025.07.21-0-OKE-1.32.1-967",
                "source_type": "IMAGE"
              },
              {
                "image_id": "ocid1.image.oc1.me-jeddah-1.aaaaaaaabhrotuin4fl5rmohjsatpifni5fcuv6xcjdyadf2ms7c6vyycizq",
                "source_name": "Oracle-Linux-8.10-2025.07.21-0-OKE-1.31.10-967",
                "source_type": "IMAGE"
              },
              {
                "image_id": "ocid1.image.oc1.me-jeddah-1.aaaaaaaa642ioza6ksledab5wxpif7rdu55qvrsdyjaqlkfilum64wdkkoda",
                "source_name": "Oracle-Linux-8.10-2025.05.19-0-OKE-1.31.1-804",
                "source_type": "IMAGE"
              },
              {
                "image_id": "ocid1.image.oc1.me-jeddah-1.aaaaaaaast5tv22nr3phksknow5ovr6ydpyaoaj4uatmaxgl6yno4thhotmq",
                "source_name": "Oracle-Linux-8.10-2025.05.19-0-OKE-1.31.1-764",
                "source_type": "IMAGE"
              },
              {
                "image_id": "ocid1.image.oc1.me-jeddah-1.aaaaaaaaegtkqvaei3mudj3cuvvrenmia6xt75oaudlsc4u7upioy7n24goq",
                "source_name": "Oracle-Linux-8.10-2025.02.28-0-OKE-1.31.1-760",
                "source_type": "IMAGE"
              },
              {
                "image_id": "ocid1.image.oc1.me-jeddah-1.aaaaaaaautj6wemo7tskbgusdyihvhlvdhed6khvn73ewlaayfzpphwc7t6a",
                "source_name": "Oracle-Linux-7.9-aarch64-2024.11.30-0-OKE-1.34.1-1330",
                "source_type": "IMAGE"
              },
              {
                "image_id": "ocid1.image.oc1.me-jeddah-1.aaaaaaaas5tbtxo523h47kew75fgkaf5y4at5qmddzky2cft3qfua33gc3qq",
                "source_name": "Oracle-Linux-7.9-aarch64-2024.11.30-0-OKE-1.34.1-1191",
                "source_type": "IMAGE"
              },
              {
                "image_id": "ocid1.image.oc1.me-jeddah-1.aaaaaaaalo2ekefmdc4rhb3gzjhv7xge5tjoij4zul7tnzwvyg6crvowt6iq",
                "source_name": "Oracle-Linux-7.9-aarch64-2024.11.30-0-OKE-1.33.1-967",
                "source_type": "IMAGE"
              },
              {
                "image_id": "ocid1.image.oc1.me-jeddah-1.aaaaaaaajwav6p52g6g53n35k4snvz4phg2llmoullemwljbse5ajqjs2awa",
                "source_name": "Oracle-Linux-7.9-aarch64-2024.11.30-0-OKE-1.33.1-1330",
                "source_type": "IMAGE"
              },
              {
                "image_id": "ocid1.image.oc1.me-jeddah-1.aaaaaaaaegfkb6emylmwflthhvlzpxm3p7lmgesdfmvhwlltpan5lsbioqpa",
                "source_name": "Oracle-Linux-7.9-aarch64-2024.11.30-0-OKE-1.33.1-1191",
                "source_type": "IMAGE"
              },
              {
                "image_id": "ocid1.image.oc1.me-jeddah-1.aaaaaaaayvmhvrsandw3qryklngogqfacqhfpz3jayenfy55ddo2bffe3jga",
                "source_name": "Oracle-Linux-7.9-aarch64-2024.11.30-0-OKE-1.32.1-967",
                "source_type": "IMAGE"
              },
              {
                "image_id": "ocid1.image.oc1.me-jeddah-1.aaaaaaaayzkjo2wc3ic6zvtzqnpc4vxvnlhcqlctgubc473j7dhb3aysu2pq",
                "source_name": "Oracle-Linux-7.9-aarch64-2024.11.30-0-OKE-1.32.1-1330",
                "source_type": "IMAGE"
              },
              {
                "image_id": "ocid1.image.oc1.me-jeddah-1.aaaaaaaagu3isc5m2ikrdmgonpp2iw77cd3dzoshnzwcjcxoapgiej3ilxdq",
                "source_name": "Oracle-Linux-7.9-aarch64-2024.11.30-0-OKE-1.32.1-1191",
                "source_type": "IMAGE"
              },
              {
                "image_id": "ocid1.image.oc1.me-jeddah-1.aaaaaaaac4t4dgy5dxod5gotar7y2zdzfaxdnjct3r5s6siz3fuehy4qsgdq",
                "source_name": "Oracle-Linux-7.9-aarch64-2024.11.30-0-OKE-1.31.10-967",
                "source_type": "IMAGE"
              },
              {
                "image_id": "ocid1.image.oc1.me-jeddah-1.aaaaaaaai3qvezahqthiu5vg74xk7hegxpr3mwtf6s54vku2hez77smfrcnq",
                "source_name": "Oracle-Linux-7.9-aarch64-2024.11.30-0-OKE-1.31.10-1330",
                "source_type": "IMAGE"
              },
              {
                "image_id": "ocid1.image.oc1.me-jeddah-1.aaaaaaaapzup3es6culk3hsnbdqqtnprrgcqrccdw5ltbr7v4rjqhdg5btza",
                "source_name": "Oracle-Linux-7.9-aarch64-2024.11.30-0-OKE-1.31.10-1191",
                "source_type": "IMAGE"
              },
              {
                "image_id": "ocid1.image.oc1.me-jeddah-1.aaaaaaaal673luqlfahpevs7jthyz65sqo2e4af3yz3erwyzfgmbbkxkqhza",
                "source_name": "Oracle-Linux-7.9-aarch64-2024.11.30-0-OKE-1.31.1-804",
                "source_type": "IMAGE"
              },
              {
                "image_id": "ocid1.image.oc1.me-jeddah-1.aaaaaaaavukijw5txdeojqctil6pbc2eu6c5eekm5zd7w3cew3sbjwrn3mmq",
                "source_name": "Oracle-Linux-7.9-aarch64-2024.11.30-0-OKE-1.31.1-764",
                "source_type": "IMAGE"
              },
              {
                "image_id": "ocid1.image.oc1.me-jeddah-1.aaaaaaaa23zb76uu7f4ng7roo7pr7efbjreg53i4f6w6bpervg42kgvyzhuq",
                "source_name": "Oracle-Linux-7.9-aarch64-2024.11.30-0-OKE-1.31.1-760",
                "source_type": "IMAGE"
              },
              {
                "image_id": "ocid1.image.oc1.me-jeddah-1.aaaaaaaavdldrvdompu65pa3tgwff7kijgzscr4u743te34xmgncxkuvd35a",
                "source_name": "Oracle-Linux-7.9-Gen2-GPU-2025.07.21-0-OKE-1.34.1-1330",
                "source_type": "IMAGE"
              },
              {
                "image_id": "ocid1.image.oc1.me-jeddah-1.aaaaaaaalfpuwpz3k7ayxcdwyadpgfzlbbtqz3slw37srz6k6ynb44r4vqka",
                "source_name": "Oracle-Linux-7.9-Gen2-GPU-2025.07.21-0-OKE-1.34.1-1191",
                "source_type": "IMAGE"
              },
              {
                "image_id": "ocid1.image.oc1.me-jeddah-1.aaaaaaaapk6jtsrt2nahnnajqs7yya66sq5r2keagbslvpq55bwl3snsgyqq",
                "source_name": "Oracle-Linux-7.9-Gen2-GPU-2025.07.21-0-OKE-1.33.1-967",
                "source_type": "IMAGE"
              },
              {
                "image_id": "ocid1.image.oc1.me-jeddah-1.aaaaaaaa5y2i2gdmggcahsh5tx5ncwtama26x3dgvmgjdi35jidnxdr6extq",
                "source_name": "Oracle-Linux-7.9-Gen2-GPU-2025.07.21-0-OKE-1.33.1-1330",
                "source_type": "IMAGE"
              },
              {
                "image_id": "ocid1.image.oc1.me-jeddah-1.aaaaaaaazrxgqbftgifj4vgoy6efpfhtp6vf6wnxr7qssb74n6ranoafb6wq",
                "source_name": "Oracle-Linux-7.9-Gen2-GPU-2025.07.21-0-OKE-1.33.1-1191",
                "source_type": "IMAGE"
              },
              {
                "image_id": "ocid1.image.oc1.me-jeddah-1.aaaaaaaad46huepy56ga2dwi5u55a4v5i6aqn5eqygelhyqvjnpww2vfzs6a",
                "source_name": "Oracle-Linux-7.9-Gen2-GPU-2025.07.21-0-OKE-1.32.1-967",
                "source_type": "IMAGE"
              },
              {
                "image_id": "ocid1.image.oc1.me-jeddah-1.aaaaaaaabamdodjjyda6icwx36ixvva322wdtrwwaa54isfqdao4fbsodsva",
                "source_name": "Oracle-Linux-7.9-Gen2-GPU-2025.07.21-0-OKE-1.32.1-1330",
                "source_type": "IMAGE"
              },
              {
                "image_id": "ocid1.image.oc1.me-jeddah-1.aaaaaaaa3aooz5pj6a2rlrcgwoaqdkoauoe2bgdy5km5z23vyxpezgj2pibq",
                "source_name": "Oracle-Linux-7.9-Gen2-GPU-2025.07.21-0-OKE-1.32.1-1191",
                "source_type": "IMAGE"
              },
              {
                "image_id": "ocid1.image.oc1.me-jeddah-1.aaaaaaaa6z53xgjpyoj22f365qsweqvesh7vvtsj35y3mrvgxktowi3db5da",
                "source_name": "Oracle-Linux-7.9-Gen2-GPU-2025.07.21-0-OKE-1.31.10-967",
                "source_type": "IMAGE"
              },
              {
                "image_id": "ocid1.image.oc1.me-jeddah-1.aaaaaaaa5rx3isdoyrtauonqa4q2bm7rja6pbnl37zkjvx24swx3qb7tqwqa",
                "source_name": "Oracle-Linux-7.9-Gen2-GPU-2025.07.21-0-OKE-1.31.10-1330",
                "source_type": "IMAGE"
              },
              {
                "image_id": "ocid1.image.oc1.me-jeddah-1.aaaaaaaag2ig35a3camow3qu4pj4yizrt46pyvkcqabkowbhude6wgnjmwhq",
                "source_name": "Oracle-Linux-7.9-Gen2-GPU-2025.07.21-0-OKE-1.31.10-1191",
                "source_type": "IMAGE"
              },
              {
                "image_id": "ocid1.image.oc1.me-jeddah-1.aaaaaaaaxgp54tm2icvpsiftwgolpl53l4sj3lf2jyogx3e4qqofmsmnflva",
                "source_name": "Oracle-Linux-7.9-Gen2-GPU-2025.01.31-0-OKE-1.31.1-804",
                "source_type": "IMAGE"
              },
              {
                "image_id": "ocid1.image.oc1.me-jeddah-1.aaaaaaaayxtx6tjwxwf3cmkwchvtby63oiauwuuzn3g52had5yndpo2p4mna",
                "source_name": "Oracle-Linux-7.9-Gen2-GPU-2025.01.31-0-OKE-1.31.1-764",
                "source_type": "IMAGE"
              },
              {
                "image_id": "ocid1.image.oc1.me-jeddah-1.aaaaaaaaivs46pfszgpkvfo4uywrd43rjzykb2v5kpomp24oct6e4lw45zna",
                "source_name": "Oracle-Linux-7.9-Gen2-GPU-2025.01.31-0-OKE-1.31.1-760",
                "source_type": "IMAGE"
              },
              {
                "image_id": "ocid1.image.oc1.me-jeddah-1.aaaaaaaa3sqwnndl3m3d43ocjynvqdd4nc7kl4mnvvrmfzko4hkz6k3chuwq",
                "source_name": "Oracle-Linux-7.9-2025.07.21-0-OKE-1.34.1-1330",
                "source_type": "IMAGE"
              },
              {
                "image_id": "ocid1.image.oc1.me-jeddah-1.aaaaaaaacjmxh2xsvolrfwiwnjxa5fzgin3bp5u5n5hzjsmrdlfzd2glllra",
                "source_name": "Oracle-Linux-7.9-2025.07.21-0-OKE-1.34.1-1191",
                "source_type": "IMAGE"
              },
              {
                "image_id": "ocid1.image.oc1.me-jeddah-1.aaaaaaaapu4u5b5vj6obl43ubhihgfkc45dy4d33scstj5odwv42mseyqztq",
                "source_name": "Oracle-Linux-7.9-2025.07.21-0-OKE-1.33.1-967",
                "source_type": "IMAGE"
              },
              {
                "image_id": "ocid1.image.oc1.me-jeddah-1.aaaaaaaasp6i5guhkuobw4wrvlwbmbf2m5ew4rfkz7xu36osqz2ketw3ycyq",
                "source_name": "Oracle-Linux-7.9-2025.07.21-0-OKE-1.33.1-1330",
                "source_type": "IMAGE"
              },
              {
                "image_id": "ocid1.image.oc1.me-jeddah-1.aaaaaaaan4pxbanum5za5hzntzx5chvezeirupogc74kceyj65y7dpkeou4a",
                "source_name": "Oracle-Linux-7.9-2025.07.21-0-OKE-1.33.1-1191",
                "source_type": "IMAGE"
              },
              {
                "image_id": "ocid1.image.oc1.me-jeddah-1.aaaaaaaa6pfbrdmokjuijf3uhrnprikieufmkrabr7pdxoxyxwtd3auysy6q",
                "source_name": "Oracle-Linux-7.9-2025.07.21-0-OKE-1.32.1-967",
                "source_type": "IMAGE"
              },
              {
                "image_id": "ocid1.image.oc1.me-jeddah-1.aaaaaaaakptbqdpwfiyilpkpzpgrb75k2md6cql6b6g2cn2oo5sjs7fb72oa",
                "source_name": "Oracle-Linux-7.9-2025.07.21-0-OKE-1.32.1-1330",
                "source_type": "IMAGE"
              },
              {
                "image_id": "ocid1.image.oc1.me-jeddah-1.aaaaaaaa2jpmq77tcnlz2kuzxhcbfjvx7jq3vt2fjolhb7wvhtlkiazyy5eq",
                "source_name": "Oracle-Linux-7.9-2025.07.21-0-OKE-1.32.1-1191",
                "source_type": "IMAGE"
              },
              {
                "image_id": "ocid1.image.oc1.me-jeddah-1.aaaaaaaaexdunz46yrfvwelnc7pfjycqhiqdnl2jq5376btezx6jfva7oqoq",
                "source_name": "Oracle-Linux-7.9-2025.07.21-0-OKE-1.31.10-967",
                "source_type": "IMAGE"
              },
              {
                "image_id": "ocid1.image.oc1.me-jeddah-1.aaaaaaaae6d7ltbi2xggrn4x5lgj3kaxyid6clkjhzxfvv24dmhmtezqxjtq",
                "source_name": "Oracle-Linux-7.9-2025.07.21-0-OKE-1.31.10-1330",
                "source_type": "IMAGE"
              },
              {
                "image_id": "ocid1.image.oc1.me-jeddah-1.aaaaaaaaba3buxczfaj3uyjnf3fetbnsqjkuh6lz46w7owfpax7u2la4wrdq",
                "source_name": "Oracle-Linux-7.9-2025.07.21-0-OKE-1.31.10-1191",
                "source_type": "IMAGE"
              },
              {
                "image_id": "ocid1.image.oc1.me-jeddah-1.aaaaaaaa6rkhu37jydwervfbvm2k2rfve5kdseqj2pqr5ggkr7dlsipmbqea",
                "source_name": "Oracle-Linux-7.9-2025.04.16-0-OKE-1.31.1-804",
                "source_type": "IMAGE"
              },
              {
                "image_id": "ocid1.image.oc1.me-jeddah-1.aaaaaaaao3foaozq4gpnjkol7g6fcsmgl7nanzcro2zoznvng7vjlesk6miq",
                "source_name": "Oracle-Linux-7.9-2025.04.16-0-OKE-1.31.1-764",
                "source_type": "IMAGE"
              },
              {
                "image_id": "ocid1.image.oc1.me-jeddah-1.aaaaaaaau6b23fm2l5cqedm2suke372x36jdjouttbq5uwy2y32ajkh7fctq",
                "source_name": "Oracle-Linux-7.9-2025.01.31-0-OKE-1.31.1-760",
                "source_type": "IMAGE"
              },
              {
                "image_id": "ocid1.image.oc1.me-jeddah-1.aaaaaaaamy36klzw5o27db6zdetzyriq4shbvfhhrsl7dptj5vg6jvblva4q",
                "source_name": "Oracle-Linux-8.10-aarch64-2025.09.16-0",
                "source_type": "IMAGE"
              },
              {
                "image_id": "ocid1.image.oc1.me-jeddah-1.aaaaaaaa4w5ecthkttpcw4bxyf4gijokmnm3t3q53gd2frmqr45j4ink5x5q",
                "source_name": "Oracle-Linux-8.10-aarch64-2025.08.31-0",
                "source_type": "IMAGE"
              },
              {
                "image_id": "ocid1.image.oc1.me-jeddah-1.aaaaaaaakiuyuro5e4pskneausibezymnjcpngsdkoq47szdh4kot2vtjdtq",
                "source_name": "Oracle-Linux-8.10-aarch64-2025.07.31-0",
                "source_type": "IMAGE"
              },
              {
                "image_id": "ocid1.image.oc1.me-jeddah-1.aaaaaaaaqeyfijomdgbltti5pycmaapnj3wc4mk75dqksaskszkib3qsqdka",
                "source_name": "Oracle-Linux-8.10-Gen2-GPU-2025.09.16-0",
                "source_type": "IMAGE"
              },
              {
                "image_id": "ocid1.image.oc1.me-jeddah-1.aaaaaaaanavk6e265u3xn4477pzfjdwe6g6c5eqmcijkvmfwdn3frmg3fw3q",
                "source_name": "Oracle-Linux-8.10-Gen2-GPU-2025.08.31-0",
                "source_type": "IMAGE"
              },
              {
                "image_id": "ocid1.image.oc1.me-jeddah-1.aaaaaaaaqmze3yeqalu6ruegm2znjpc2pvvwn5c52nqpvw4nfovumxdhj7ha",
                "source_name": "Oracle-Linux-8.10-Gen2-GPU-2025.07.31-0",
                "source_type": "IMAGE"
              },
              {
                "image_id": "ocid1.image.oc1.me-jeddah-1.aaaaaaaabvc7xmh3vlrpsfupvhuhonfuxqtqyxq3xvlkfcyid2y7injzwssq",
                "source_name": "Oracle-Linux-8.10-Gen2-AMD-GPU-2025.08.31-0",
                "source_type": "IMAGE"
              },
              {
                "image_id": "ocid1.image.oc1.me-jeddah-1.aaaaaaaajjcopg3hrpj2wqcjobyptw4kwoagmaqtcwjh4vjybqoclhjfdkva",
                "source_name": "Oracle-Linux-8.10-Gen2-AMD-GPU-2024.08.31-0",
                "source_type": "IMAGE"
              },
              {
                "image_id": "ocid1.image.oc1.me-jeddah-1.aaaaaaaagbvvyepq3ke66jiyqff3bn4ojqtr2gxxqzwh4nqa3tbhfequ4sua",
                "source_name": "Oracle-Linux-8.10-2025.09.16-0",
                "source_type": "IMAGE"
              },
              {
                "image_id": "ocid1.image.oc1.me-jeddah-1.aaaaaaaamnbibwr3fibjov7gh7l3hw3xwenw7xo7xyvwcckii62jai6vv7yq",
                "source_name": "Oracle-Linux-8.10-2025.08.31-0",
                "source_type": "IMAGE"
              },
              {
                "image_id": "ocid1.image.oc1.me-jeddah-1.aaaaaaaanxp7xmeqyz5djaph5ge62xx7uykfccb5ldqck2dkxogksglh5ndq",
                "source_name": "Oracle-Linux-8.10-2025.07.31-0",
                "source_type": "IMAGE"
              },
              {
                "image_id": "ocid1.image.oc1.me-jeddah-1.aaaaaaaadixzr5civrvcl526siax22uwoxidvpsizggmstehobmrxnmjnceq",
                "source_name": "Oracle-Linux-7.9-aarch64-2024.11.30-0",
                "source_type": "IMAGE"
              },
              {
                "image_id": "ocid1.image.oc1.me-jeddah-1.aaaaaaaakaellm6u6vw2q7jtlt4eowvesfpoydjfsc3wkznoshncosaw44gq",
                "source_name": "Oracle-Linux-7.9-aarch64-2024.10.31-0",
                "source_type": "IMAGE"
              },
              {
                "image_id": "ocid1.image.oc1.me-jeddah-1.aaaaaaaadadirwaecfthigdhalsqg3asmsxsfywze4rrt6wwdsecve3rtmeq",
                "source_name": "Oracle-Linux-7.9-aarch64-2024.09.30-0",
                "source_type": "IMAGE"
              },
              {
                "image_id": "ocid1.image.oc1.me-jeddah-1.aaaaaaaahkuc7tpm3lm7m7yo6g36gyytxcattdulodriuqqu3ehalwx7dtgq",
                "source_name": "Oracle-Linux-7.9-Gen2-GPU-2025.07.21-0",
                "source_type": "IMAGE"
              },
              {
                "image_id": "ocid1.image.oc1.me-jeddah-1.aaaaaaaa7v2myirrzmb77t7qcspvg74w7vkyud4jppxzc2p5ssdbmnkawajq",
                "source_name": "Oracle-Linux-7.9-Gen2-GPU-2025.01.31-0",
                "source_type": "IMAGE"
              },
              {
                "image_id": "ocid1.image.oc1.me-jeddah-1.aaaaaaaadep5dlk6w2inqyqlvfn6dyowjg7sm7v3k65wmqs3woiugubzxuxq",
                "source_name": "Oracle-Linux-7.9-Gen2-GPU-2024.11.30-0",
                "source_type": "IMAGE"
              },
              {
                "image_id": "ocid1.image.oc1.me-jeddah-1.aaaaaaaavarjy3lbtqz2owbzifpnqonmbnkqyczv3ixlrdcv6ygj7zlbsl7a",
                "source_name": "Oracle-Linux-7.9-2025.07.21-0",
                "source_type": "IMAGE"
              },
              {
                "image_id": "ocid1.image.oc1.me-jeddah-1.aaaaaaaawve3wyz32jui4lbbbb6e3w24okpboknfesmiiuh3uvuwuz5ddp5a",
                "source_name": "Oracle-Linux-7.9-2025.04.16-0",
                "source_type": "IMAGE"
              },
              {
                "image_id": "ocid1.image.oc1.me-jeddah-1.aaaaaaaaor7hh5ab366iiju6mvdx7e63vyh2l2gr5l4betkueqibx7cieciq",
                "source_name": "Oracle-Linux-7.9-2025.01.31-0",
                "source_type": "IMAGE"
              },
              {
                "image_id": "ocid1.image.oc1.me-jeddah-1.aaaaaaaacfdsnnljjdhvuhwwujbiblf533frtn65gdr6r22mxmug2wov4lrq",
                "source_name": "Oracle-Linux-7.7",
                "source_type": "IMAGE"
              }
            ]
          },
          "sensitive_attributes": []
        }
      ]
    },
    {
      "mode": "data",
      "type": "oci_identity_availability_domains",
      "name": "ads",
      "provider": "provider[\"registry.terraform.io/oracle/oci\"]",
      "instances": [
        {
          "schema_version": 0,
          "attributes": {
            "availability_domains": [
              {
                "compartment_id": "ocid1.compartment.oc1..aaaaaaaa5oduzs3j2lq6jlcgblqevzc4cc6floafcx2ba5gue5syqqjdjl5a",
                "id": "ocid1.availabilitydomain.oc1..aaaaaaaa3lb2y6omrgvooqvuxvn5k3zco5pbaqnq7ei3b2qpkg4x2bq7kbcq",
                "name": "BPxF:ME-JEDDAH-1-AD-1"
              }
            ],
            "compartment_id": "ocid1.compartment.oc1..aaaaaaaa5oduzs3j2lq6jlcgblqevzc4cc6floafcx2ba5gue5syqqjdjl5a",
            "filter": null,
            "id": "IdentityAvailabilityDomainsDataSource-260668660"
          },
          "sensitive_attributes": []
        }
      ]
    },
    {
      "module": "module.oke",
      "mode": "data",
      "type": "oci_identity_availability_domains",
      "name": "ads",
      "provider": "provider[\"registry.terraform.io/hashicorp/oci\"]",
      "instances": [
        {
          "schema_version": 0,
          "attributes": {
            "availability_domains": [
              {
                "compartment_id": "ocid1.compartment.oc1..aaaaaaaa5oduzs3j2lq6jlcgblqevzc4cc6floafcx2ba5gue5syqqjdjl5a",
                "id": "ocid1.availabilitydomain.oc1..aaaaaaaa3lb2y6omrgvooqvuxvn5k3zco5pbaqnq7ei3b2qpkg4x2bq7kbcq",
                "name": "BPxF:ME-JEDDAH-1-AD-1"
              }
            ],
            "compartment_id": "ocid1.compartment.oc1..aaaaaaaa5oduzs3j2lq6jlcgblqevzc4cc6floafcx2ba5gue5syqqjdjl5a",
            "filter": null,
            "id": "IdentityAvailabilityDomainsDataSource-260668660"
          },
          "sensitive_attributes": []
        }
      ]
    },
    {
      "module": "module.oke",
      "mode": "data",
      "type": "oci_identity_compartment",
      "name": "oke_compartment",
      "provider": "provider[\"registry.terraform.io/hashicorp/oci\"]",
      "instances": [
        {
          "schema_version": 0,
          "attributes": {
            "compartment_id": "ocid1.tenancy.oc1..aaaaaaaa3q2yrid4y2kocdtumf5auzymeuutzkcqqcpx3wqkmmmfqfdxnx7q",
            "defined_tags": {
              "Oracle-Tags.CreatedBy": "default/admin@manafa.co",
              "Oracle-Tags.CreatedOn": "2023-07-12T06:20:20.483Z"
            },
            "description": "Temporary compartment for devops candidates",
            "freeform_tags": {},
            "id": "ocid1.compartment.oc1..aaaaaaaa5oduzs3j2lq6jlcgblqevzc4cc6floafcx2ba5gue5syqqjdjl5a",
            "inactive_state": null,
            "is_accessible": true,
            "name": "candidates",
            "state": "ACTIVE",
            "time_created": "2023-07-12 06:20:20.535 +0000 UTC"
          },
          "sensitive_attributes": []
        }
      ]
    },
    {
      "module": "module.oke",
      "mode": "managed",
      "type": "oci_containerengine_cluster",
      "name": "oke_cluster",
      "provider": "provider[\"registry.terraform.io/hashicorp/oci\"]",
      "instances": [
        {
          "schema_version": 0,
          "attributes": {
            "available_kubernetes_upgrades": [
              "v1.31.10",
              "v1.32.1"
            ],
            "cluster_pod_network_options": [
              {
                "cni_type": "OCI_VCN_IP_NATIVE"
              }
            ],
            "compartment_id": "ocid1.compartment.oc1..aaaaaaaa5oduzs3j2lq6jlcgblqevzc4cc6floafcx2ba5gue5syqqjdjl5a",
            "defined_tags": {
              "Oracle-Tags.CreatedBy": "default/atif.ramzan89@gmail.com",
              "Oracle-Tags.CreatedOn": "2025-11-07T21:30:39.799Z"
            },
            "endpoint_config": [
              {
                "is_public_ip_enabled": false,
                "nsg_ids": [
                  "ocid1.networksecuritygroup.oc1.me-jeddah-1.aaaaaaaaqocgd2z7cil43dpeyq6hazay7wka5zwl2bg7dx47yyyihr2xxypa"
                ],
                "subnet_id": "ocid1.subnet.oc1.me-jeddah-1.aaaaaaaa2hhxck4dfxkazi4wbzawxh7blywcn73bx6nmtuieskjcnl476wja"
              }
            ],
            "endpoints": [
              {
                "ipv6endpoint": "",
                "kubernetes": "",
                "private_endpoint": "10.0.3.202:6443",
                "public_endpoint": "",
                "vcn_hostname_endpoint": "c3cm5kglgsa.private.hub.oraclevcn.com:6443"
              }
            ],
            "freeform_tags": {
              "Customer": "manafa",
              "Environment": "dev"
            },
            "id": "ocid1.cluster.oc1.me-jeddah-1.aaaaaaaamwpwzqob3tyct3mjssmjqploylofcjkb5rke3ofudc3cm5kglgsa",
            "image_policy_config": [
              {
                "is_policy_enabled": false,
                "key_details": []
              }
            ],
            "kms_key_id": null,
            "kubernetes_version": "v1.31.1",
            "lifecycle_details": null,
            "metadata": [
              {
                "created_by_user_id": "ocid1.user.oc1..aaaaaaaayvjtfwjyvh2zmgpg2pn2jvlrwg7utkslvu6a26swvs5hmkxxgqfq",
                "created_by_work_request_id": "ocid1.clustersworkrequest.oc1.me-jeddah-1.aaaaaaaaaby6rdfrvyhksnssomy6buta7dgljghrcb7ed5op5w6mdc4yv6ja",
                "deleted_by_user_id": "",
                "deleted_by_work_request_id": "",
                "time_created": "2025-11-07 21:30:40 +0000 UTC",
                "time_credential_expiration": "2030-11-07 21:31:13 +0000 UTC",
                "time_deleted": "",
                "time_updated": "",
                "updated_by_user_id": "",
                "updated_by_work_request_id": ""
              }
            ],
            "name": "manafa-oke-dev",
            "open_id_connect_discovery_endpoint": null,
            "open_id_connect_discovery_key": null,
            "options": [
              {
                "add_ons": [
                  {
                    "is_kubernetes_dashboard_enabled": false,
                    "is_tiller_enabled": false
                  }
                ],
                "admission_controller_options": [
                  {
                    "is_pod_security_policy_enabled": false
                  }
                ],
                "ip_families": [
                  "IPv4"
                ],
                "kubernetes_network_config": [
                  {
                    "pods_cidr": "10.244.0.0/16",
                    "services_cidr": "10.96.0.0/16"
                  }
                ],
                "open_id_connect_discovery": [],
                "open_id_connect_token_authentication_config": [],
                "persistent_volume_config": [
                  {
                    "defined_tags": {},
                    "freeform_tags": {}
                  }
                ],
                "service_lb_config": [
                  {
                    "defined_tags": {},
                    "freeform_tags": {}
                  }
                ],
                "service_lb_subnet_ids": [
                  "ocid1.subnet.oc1.me-jeddah-1.aaaaaaaawypt7kms2lapk43neidfegrj4cnhooosoyiww3kcxegk3jc5domq"
                ]
              }
            ],
            "state": "ACTIVE",
            "timeouts": null,
            "type": "BASIC_CLUSTER",
            "vcn_id": "ocid1.vcn.oc1.me-jeddah-1.amaaaaaamos3i5aaq3dqtq6vp3i6ut27ein4ym3x7myqggrko53uxl563lqa"
          },
          "sensitive_attributes": [],
          "private": "eyJlMmJmYjczMC1lY2FhLTExZTYtOGY4OC0zNDM2M2JjN2M0YzAiOnsiY3JlYXRlIjozNjAwMDAwMDAwMDAwLCJkZWxldGUiOjM2MDAwMDAwMDAwMDAsInVwZGF0ZSI6MzYwMDAwMDAwMDAwMH19",
          "dependencies": [
            "module.oke.oci_core_network_security_group.oke-nsg",
            "module.vcn.oci_core_internet_gateway.internet-gateway",
            "module.vcn.oci_core_nat_gateway.nat-gateway",
            "module.vcn.oci_core_route_table.private-rt",
            "module.vcn.oci_core_route_table.public-rt",
            "module.vcn.oci_core_security_list.private-sl",
            "module.vcn.oci_core_subnet.private-subnet",
            "module.vcn.oci_core_subnet.public-subnet",
            "module.vcn.oci_core_vcn.customer-vcn"
          ]
        }
      ]
    },
    {
      "module": "module.oke",
      "mode": "managed",
      "type": "oci_containerengine_node_pool",
      "name": "oke_node_pool",
      "provider": "provider[\"registry.terraform.io/hashicorp/oci\"]",
      "instances": [
        {
          "schema_version": 0,
          "attributes": {
            "cluster_id": "ocid1.cluster.oc1.me-jeddah-1.aaaaaaaamwpwzqob3tyct3mjssmjqploylofcjkb5rke3ofudc3cm5kglgsa",
            "compartment_id": "ocid1.compartment.oc1..aaaaaaaa5oduzs3j2lq6jlcgblqevzc4cc6floafcx2ba5gue5syqqjdjl5a",
            "defined_tags": {
              "Oracle-Tags.CreatedBy": "default/atif.ramzan89@gmail.com",
              "Oracle-Tags.CreatedOn": "2025-11-08T10:13:42.734Z"
            },
            "freeform_tags": {},
            "id": "ocid1.nodepool.oc1.me-jeddah-1.aaaaaaaa5ut7ttjgke3cmu7juylxltchghyqk2cfxipifghapnj4cfp3erpq",
            "initial_node_labels": [],
            "kubernetes_version": "v1.31.1",
            "lifecycle_details": null,
            "name": "manafa-oke-nodepool-dev",
            "node_config_details": [
              {
                "defined_tags": {},
                "freeform_tags": {},
                "is_pv_encryption_in_transit_enabled": false,
                "kms_key_id": "",
                "node_pool_pod_network_option_details": [
                  {
                    "cni_type": "OCI_VCN_IP_NATIVE",
                    "max_pods_per_node": 31,
                    "pod_nsg_ids": [],
                    "pod_subnet_ids": [
                      "ocid1.subnet.oc1.me-jeddah-1.aaaaaaaa2hhxck4dfxkazi4wbzawxh7blywcn73bx6nmtuieskjcnl476wja"
                    ]
                  }
                ],
                "nsg_ids": [],
                "placement_configs": [
                  {
                    "availability_domain": "BPxF:ME-JEDDAH-1-AD-1",
                    "capacity_reservation_id": "",
                    "fault_domains": [],
                    "preemptible_node_config": [],
                    "subnet_id": "ocid1.subnet.oc1.me-jeddah-1.aaaaaaaa2hhxck4dfxkazi4wbzawxh7blywcn73bx6nmtuieskjcnl476wja"
                  }
                ],
                "size": 2
              }
            ],
            "node_eviction_node_pool_settings": [],
            "node_image_id": "ocid1.image.oc1.me-jeddah-1.aaaaaaaast5tv22nr3phksknow5ovr6ydpyaoaj4uatmaxgl6yno4thhotmq",
            "node_image_name": "Oracle-Linux-8.10-2025.05.19-0-OKE-1.31.1-764",
            "node_metadata": {},
            "node_pool_cycling_details": [],
            "node_shape": "VM.Standard.E4.Flex",
            "node_shape_config": [
              {
                "memory_in_gbs": 16,
                "ocpus": 2
              }
            ],
            "node_source": [
              {
                "image_id": "ocid1.image.oc1.me-jeddah-1.aaaaaaaast5tv22nr3phksknow5ovr6ydpyaoaj4uatmaxgl6yno4thhotmq",
                "source_name": "Oracle-Linux-8.10-2025.05.19-0-OKE-1.31.1-764",
                "source_type": "IMAGE"
              }
            ],
            "node_source_details": [
              {
                "boot_volume_size_in_gbs": "",
                "image_id": "ocid1.image.oc1.me-jeddah-1.aaaaaaaast5tv22nr3phksknow5ovr6ydpyaoaj4uatmaxgl6yno4thhotmq",
                "source_type": "IMAGE"
              }
            ],
            "nodes": [
              {
                "availability_domain": "BPxF:ME-JEDDAH-1-AD-1",
                "defined_tags": {},
                "error": [],
                "fault_domain": "FAULT-DOMAIN-1",
                "freeform_tags": {},
                "id": "ocid1.instance.oc1.me-jeddah-1.anvgkljrmos3i5accic57bmkvlbxygycj6et2z6lv2bamqw5rak6ao3yn3hq",
                "kubernetes_version": "v1.31.1",
                "lifecycle_details": "",
                "name": "oke-c3cm5kglgsa-nj4cfp3erpq-sjcnl476wja-0",
                "node_pool_id": "ocid1.nodepool.oc1.me-jeddah-1.aaaaaaaa5ut7ttjgke3cmu7juylxltchghyqk2cfxipifghapnj4cfp3erpq",
                "private_ip": "10.0.3.66",
                "public_ip": "",
                "state": "ACTIVE",
                "subnet_id": "ocid1.subnet.oc1.me-jeddah-1.aaaaaaaa2hhxck4dfxkazi4wbzawxh7blywcn73bx6nmtuieskjcnl476wja"
              },
              {
                "availability_domain": "BPxF:ME-JEDDAH-1-AD-1",
                "defined_tags": {},
                "error": [],
                "fault_domain": "FAULT-DOMAIN-2",
                "freeform_tags": {},
                "id": "ocid1.instance.oc1.me-jeddah-1.anvgkljrmos3i5acilfkd5gmmh5s5yrush4agr24pvwqo7oxurab7wp2rvpq",
                "kubernetes_version": "v1.31.1",
                "lifecycle_details": "",
                "name": "oke-c3cm5kglgsa-nj4cfp3erpq-sjcnl476wja-1",
                "node_pool_id": "ocid1.nodepool.oc1.me-jeddah-1.aaaaaaaa5ut7ttjgke3cmu7juylxltchghyqk2cfxipifghapnj4cfp3erpq",
                "private_ip": "10.0.3.197",
                "public_ip": "",
                "state": "ACTIVE",
                "subnet_id": "ocid1.subnet.oc1.me-jeddah-1.aaaaaaaa2hhxck4dfxkazi4wbzawxh7blywcn73bx6nmtuieskjcnl476wja"
              }
            ],
            "quantity_per_subnet": 0,
            "ssh_public_key": null,
            "state": "ACTIVE",
            "subnet_ids": [
              "ocid1.subnet.oc1.me-jeddah-1.aaaaaaaa2hhxck4dfxkazi4wbzawxh7blywcn73bx6nmtuieskjcnl476wja"
            ],
            "timeouts": null
          },
          "sensitive_attributes": [],
          "private": "eyJlMmJmYjczMC1lY2FhLTExZTYtOGY4OC0zNDM2M2JjN2M0YzAiOnsiY3JlYXRlIjozMDAwMDAwMDAwMDAwLCJkZWxldGUiOjMwMDAwMDAwMDAwMDAsInVwZGF0ZSI6MzAwMDAwMDAwMDAwMH19",
          "dependencies": [
            "module.oke.data.oci_identity_availability_domains.ads",
            "module.oke.oci_containerengine_cluster.oke_cluster",
            "module.oke.oci_core_network_security_group.oke-nsg",
            "module.vcn.oci_core_internet_gateway.internet-gateway",
            "module.vcn.oci_core_nat_gateway.nat-gateway",
            "module.vcn.oci_core_route_table.private-rt",
            "module.vcn.oci_core_route_table.public-rt",
            "module.vcn.oci_core_security_list.private-sl",
            "module.vcn.oci_core_subnet.private-subnet",
            "module.vcn.oci_core_subnet.public-subnet",
            "module.vcn.oci_core_vcn.customer-vcn"
          ]
        }
      ]
    },
    {
      "module": "module.oke",
      "mode": "managed",
      "type": "oci_core_network_security_group",
      "name": "oke-nsg",
      "provider": "provider[\"registry.terraform.io/hashicorp/oci\"]",
      "instances": [
        {
          "schema_version": 0,
          "attributes": {
            "compartment_id": "ocid1.compartment.oc1..aaaaaaaa5oduzs3j2lq6jlcgblqevzc4cc6floafcx2ba5gue5syqqjdjl5a",
            "defined_tags": {
              "Oracle-Tags.CreatedBy": "default/atif.ramzan89@gmail.com",
              "Oracle-Tags.CreatedOn": "2025-11-06T19:48:53.703Z"
            },
            "display_name": "manafa-oke-nsg-dev",
            "freeform_tags": {},
            "id": "ocid1.networksecuritygroup.oc1.me-jeddah-1.aaaaaaaaqocgd2z7cil43dpeyq6hazay7wka5zwl2bg7dx47yyyihr2xxypa",
            "state": "AVAILABLE",
            "time_created": "2025-11-06 19:48:53.774 +0000 UTC",
            "timeouts": null,
            "vcn_id": "ocid1.vcn.oc1.me-jeddah-1.amaaaaaamos3i5aaq3dqtq6vp3i6ut27ein4ym3x7myqggrko53uxl563lqa"
          },
          "sensitive_attributes": [],
          "private": "eyJlMmJmYjczMC1lY2FhLTExZTYtOGY4OC0zNDM2M2JjN2M0YzAiOnsiY3JlYXRlIjoxMjAwMDAwMDAwMDAwLCJkZWxldGUiOjEyMDAwMDAwMDAwMDAsInVwZGF0ZSI6MTIwMDAwMDAwMDAwMH19",
          "dependencies": [
            "module.vcn.oci_core_vcn.customer-vcn"
          ]
        }
      ]
    },
    {
      "module": "module.oke",
      "mode": "managed",
      "type": "oci_core_network_security_group_security_rule",
      "name": "oke-nsg-egress",
      "provider": "provider[\"registry.terraform.io/hashicorp/oci\"]",
      "instances": [
        {
          "schema_version": 0,
          "attributes": {
            "description": "Allow outbound access",
            "destination": "0.0.0.0/0",
            "destination_type": "CIDR_BLOCK",
            "direction": "EGRESS",
            "icmp_options": [],
            "id": "E94179",
            "is_valid": true,
            "network_security_group_id": "ocid1.networksecuritygroup.oc1.me-jeddah-1.aaaaaaaaqocgd2z7cil43dpeyq6hazay7wka5zwl2bg7dx47yyyihr2xxypa",
            "protocol": "all",
            "source": null,
            "source_type": "",
            "stateless": false,
            "tcp_options": [],
            "time_created": "2025-11-06 19:48:54.242 +0000 UTC",
            "timeouts": null,
            "udp_options": []
          },
          "sensitive_attributes": [],
          "private": "eyJlMmJmYjczMC1lY2FhLTExZTYtOGY4OC0zNDM2M2JjN2M0YzAiOnsiY3JlYXRlIjoxMjAwMDAwMDAwMDAwLCJkZWxldGUiOjEyMDAwMDAwMDAwMDAsInVwZGF0ZSI6MTIwMDAwMDAwMDAwMH19",
          "dependencies": [
            "module.oke.oci_core_network_security_group.oke-nsg",
            "module.vcn.oci_core_vcn.customer-vcn"
          ]
        }
      ]
    },
    {
      "module": "module.oke",
      "mode": "managed",
      "type": "oci_core_network_security_group_security_rule",
      "name": "oke-nsg-ingress",
      "provider": "provider[\"registry.terraform.io/hashicorp/oci\"]",
      "instances": [
        {
          "schema_version": 0,
          "attributes": {
            "description": "Allow all inbound traffic",
            "destination": null,
            "destination_type": "",
            "direction": "INGRESS",
            "icmp_options": [],
            "id": "134AFE",
            "is_valid": true,
            "network_security_group_id": "ocid1.networksecuritygroup.oc1.me-jeddah-1.aaaaaaaaqocgd2z7cil43dpeyq6hazay7wka5zwl2bg7dx47yyyihr2xxypa",
            "protocol": "all",
            "source": "0.0.0.0/0",
            "source_type": "CIDR_BLOCK",
            "stateless": false,
            "tcp_options": [],
            "time_created": "2025-11-06 19:48:54.337 +0000 UTC",
            "timeouts": null,
            "udp_options": []
          },
          "sensitive_attributes": [],
          "private": "eyJlMmJmYjczMC1lY2FhLTExZTYtOGY4OC0zNDM2M2JjN2M0YzAiOnsiY3JlYXRlIjoxMjAwMDAwMDAwMDAwLCJkZWxldGUiOjEyMDAwMDAwMDAwMDAsInVwZGF0ZSI6MTIwMDAwMDAwMDAwMH19",
          "dependencies": [
            "module.oke.oci_core_network_security_group.oke-nsg",
            "module.vcn.oci_core_vcn.customer-vcn"
          ]
        }
      ]
    },
    {
      "module": "module.rds",
      "mode": "managed",
      "type": "oci_mysql_mysql_db_system",
      "name": "mysql-db-system",
      "provider": "provider[\"registry.terraform.io/hashicorp/oci\"]",
      "instances": [
        {
          "schema_version": 0,
          "attributes": {
            "access_mode": "UNRESTRICTED",
            "admin_password": "p@zrCCcV4tHfEKeN",
            "admin_username": "adminuser",
            "availability_domain": "BPxF:ME-JEDDAH-1-AD-1",
            "backup_policy": [
              {
                "copy_policies": [],
                "defined_tags": {},
                "freeform_tags": {},
                "is_enabled": true,
                "pitr_policy": [
                  {
                    "is_enabled": true
                  }
                ],
                "retention_in_days": 7,
                "soft_delete": "ENABLED",
                "window_start_time": "03:40"
              }
            ],
            "channels": [],
            "compartment_id": "ocid1.compartment.oc1..aaaaaaaa5oduzs3j2lq6jlcgblqevzc4cc6floafcx2ba5gue5syqqjdjl5a",
            "configuration_id": "ocid1.mysqlconfiguration.oc1..aaaaaaaalwzc2a22xqm56fwjwfymixnulmbq3v77p5v4lcbb6qhkftxf2trq",
            "crash_recovery": "ENABLED",
            "current_placement": [
              {
                "availability_domain": "BPxF:ME-JEDDAH-1-AD-1",
                "fault_domain": "FAULT-DOMAIN-2"
              }
            ],
            "customer_contacts": [],
            "data_storage": [
              {
                "allocated_storage_size_in_gbs": 50,
                "data_storage_size_in_gb": 50,
                "data_storage_size_limit_in_gbs": 32768,
                "is_auto_expand_storage_enabled": false,
                "max_storage_size_in_gbs": 0
              }
            ],
            "data_storage_size_in_gb": 50,
            "database_management": "DISABLED",
            "database_mode": "READ_WRITE",
            "defined_tags": {
              "Oracle-Tags.CreatedBy": "default/atif.ramzan89@gmail.com",
              "Oracle-Tags.CreatedOn": "2025-11-06T17:33:32.484Z"
            },
            "deletion_policy": [
              {
                "automatic_backup_retention": "RETAIN",
                "final_backup": "SKIP_FINAL_BACKUP",
                "is_delete_protected": false
              }
            ],
            "description": null,
            "display_name": "manafa-mysql-dev",
            "encrypt_data": [
              {
                "key_generation_type": "SYSTEM",
                "key_id": ""
              }
            ],
            "endpoints": [
              {
                "hostname": "",
                "ip_address": "10.0.3.205",
                "modes": [
                  "READ",
                  "WRITE"
                ],
                "port": 3306,
                "port_x": 33060,
                "resource_id": "ocid1.mysqldbsystem.oc1.me-jeddah-1.aaaaaaaa36labwrycahi36mqr467jfgwdyt3a3a2htxxtz424nzoj6hwinsa",
                "resource_type": "DBSYSTEM",
                "status": "ACTIVE",
                "status_details": ""
              }
            ],
            "fault_domain": "FAULT-DOMAIN-2",
            "freeform_tags": {},
            "heat_wave_cluster": [],
            "hostname_label": null,
            "id": "ocid1.mysqldbsystem.oc1.me-jeddah-1.aaaaaaaa36labwrycahi36mqr467jfgwdyt3a3a2htxxtz424nzoj6hwinsa",
            "ip_address": "10.0.3.205",
            "is_heat_wave_cluster_attached": false,
            "is_highly_available": false,
            "lifecycle_details": "",
            "maintenance": [
              {
                "maintenance_schedule_type": "REGULAR",
                "target_version": "8.4.7",
                "time_scheduled": "2025-12-01 20:09:00 +0000 UTC",
                "version_preference": "OLDEST",
                "version_track_preference": "FOLLOW",
                "window_start_time": "MONDAY 20:09"
              }
            ],
            "mysql_version": "8.4.7",
            "nsg_ids": [],
            "point_in_time_recovery_details": [
              {
                "time_earliest_recovery_point": "2025-11-06 17:49:10 +0000 UTC",
                "time_latest_recovery_point": "2025-11-08 10:58:19 +0000 UTC"
              }
            ],
            "port": 3306,
            "port_x": 33060,
            "read_endpoint": [
              {
                "exclude_ips": [],
                "is_enabled": false,
                "read_endpoint_hostname_label": "",
                "read_endpoint_ip_address": ""
              }
            ],
            "rest": [],
            "secure_connections": [
              {
                "certificate_generation_type": "SYSTEM",
                "certificate_id": ""
              }
            ],
            "security_attributes": {},
            "shape_name": "MySQL.VM.Standard.E3.1.8GB",
            "shutdown_type": null,
            "source": [
              {
                "backup_id": "",
                "db_system_id": "",
                "recovery_point": "",
                "source_type": "NONE",
                "source_url": ""
              }
            ],
            "state": "ACTIVE",
            "subnet_id": "ocid1.subnet.oc1.me-jeddah-1.aaaaaaaa2hhxck4dfxkazi4wbzawxh7blywcn73bx6nmtuieskjcnl476wja",
            "system_tags": {},
            "time_created": "2025-11-06 17:33:33.419 +0000 UTC",
            "time_updated": "2025-11-08 03:42:38.369 +0000 UTC",
            "timeouts": null
          },
          "sensitive_attributes": [
            [
              {
                "type": "get_attr",
                "value": "source"
              },
              {
                "type": "index",
                "value": {
                  "value": 0,
                  "type": "number"
                }
              },
              {
                "type": "get_attr",
                "value": "source_url"
              }
            ],
            [
              {
                "type": "get_attr",
                "value": "admin_password"
              }
            ]
          ],
          "private": "eyJlMmJmYjczMC1lY2FhLTExZTYtOGY4OC0zNDM2M2JjN2M0YzAiOnsiY3JlYXRlIjozNjAwMDAwMDAwMDAwLCJkZWxldGUiOjM2MDAwMDAwMDAwMDAsInVwZGF0ZSI6MzYwMDAwMDAwMDAwMH19",
          "dependencies": [
            "data.oci_identity_availability_domains.ads",
            "module.rds.random_password.mysql-admin-password",
            "module.vcn.oci_core_nat_gateway.nat-gateway",
            "module.vcn.oci_core_route_table.private-rt",
            "module.vcn.oci_core_security_list.private-sl",
            "module.vcn.oci_core_subnet.private-subnet",
            "module.vcn.oci_core_vcn.customer-vcn"
          ]
        }
      ]
    },
    {
      "module": "module.rds",
      "mode": "managed",
      "type": "random_password",
      "name": "mysql-admin-password",
      "provider": "provider[\"registry.terraform.io/hashicorp/random\"]",
      "instances": [
        {
          "schema_version": 3,
          "attributes": {
            "bcrypt_hash": "$2a$10$Nk/eRAPl1pp/ZKeCQHsQheqfJC6Svqyd.7lG1I4iPnyyBQALEzqJC",
            "id": "none",
            "keepers": null,
            "length": 16,
            "lower": true,
            "min_lower": 0,
            "min_numeric": 0,
            "min_special": 0,
            "min_upper": 0,
            "number": true,
            "numeric": true,
            "override_special": "!@#-_",
            "result": "p@zrCCcV4tHfEKeN",
            "special": true,
            "upper": true
          },
          "sensitive_attributes": [
            [
              {
                "type": "get_attr",
                "value": "bcrypt_hash"
              }
            ],
            [
              {
                "type": "get_attr",
                "value": "result"
              }
            ]
          ]
        }
      ]
    },
    {
      "module": "module.vcn",
      "mode": "data",
      "type": "oci_core_images",
      "name": "ubuntu",
      "provider": "provider[\"registry.terraform.io/hashicorp/oci\"]",
      "instances": [
        {
          "schema_version": 0,
          "attributes": {
            "compartment_id": "ocid1.compartment.oc1..aaaaaaaa5oduzs3j2lq6jlcgblqevzc4cc6floafcx2ba5gue5syqqjdjl5a",
            "display_name": null,
            "filter": null,
            "id": "CoreImagesDataSource-926525600",
            "images": [
              {
                "agent_features": [],
                "base_image_id": "",
                "billable_size_in_gbs": "3",
                "compartment_id": "",
                "create_image_allowed": true,
                "defined_tags": {},
                "display_name": "Canonical-Ubuntu-20.04-2025.07.23-0",
                "freeform_tags": {},
                "id": "ocid1.image.oc1.me-jeddah-1.aaaaaaaamyrrhzslsckbabcfnzmoav7yjpg4b3v2tw4cu4a56afppko4lc7a",
                "image_source_details": [],
                "instance_id": "",
                "launch_mode": "NATIVE",
                "launch_options": [
                  {
                    "boot_volume_type": "PARAVIRTUALIZED",
                    "firmware": "UEFI_64",
                    "is_consistent_volume_naming_enabled": true,
                    "is_pv_encryption_in_transit_enabled": true,
                    "network_type": "PARAVIRTUALIZED",
                    "remote_data_volume_type": "PARAVIRTUALIZED"
                  }
                ],
                "listing_type": "",
                "operating_system": "Canonical Ubuntu",
                "operating_system_version": "20.04",
                "size_in_mbs": "47694",
                "state": "AVAILABLE",
                "time_created": "2025-08-01 09:04:33.061 +0000 UTC"
              },
              {
                "agent_features": [],
                "base_image_id": "",
                "billable_size_in_gbs": "3",
                "compartment_id": "",
                "create_image_allowed": true,
                "defined_tags": {},
                "display_name": "Canonical-Ubuntu-20.04-aarch64-2025.07.23-0",
                "freeform_tags": {},
                "id": "ocid1.image.oc1.me-jeddah-1.aaaaaaaagzlqbcbsjt3a46khd3flwjs2cffjjv67rysvej3fujz5e37lhtrq",
                "image_source_details": [],
                "instance_id": "",
                "launch_mode": "NATIVE",
                "launch_options": [
                  {
                    "boot_volume_type": "PARAVIRTUALIZED",
                    "firmware": "UEFI_64",
                    "is_consistent_volume_naming_enabled": true,
                    "is_pv_encryption_in_transit_enabled": true,
                    "network_type": "PARAVIRTUALIZED",
                    "remote_data_volume_type": "PARAVIRTUALIZED"
                  }
                ],
                "listing_type": "",
                "operating_system": "Canonical Ubuntu",
                "operating_system_version": "20.04",
                "size_in_mbs": "47694",
                "state": "AVAILABLE",
                "time_created": "2025-08-01 09:04:12.453 +0000 UTC"
              },
              {
                "agent_features": [],
                "base_image_id": "",
                "billable_size_in_gbs": "3",
                "compartment_id": "",
                "create_image_allowed": true,
                "defined_tags": {},
                "display_name": "Canonical-Ubuntu-20.04-2025.05.20-0",
                "freeform_tags": {},
                "id": "ocid1.image.oc1.me-jeddah-1.aaaaaaaattgjzr3qr53p62ttokxgjdxhizlt6tegnswbi5tyjrq7ifp7qg7a",
                "image_source_details": [],
                "instance_id": "",
                "launch_mode": "NATIVE",
                "launch_options": [
                  {
                    "boot_volume_type": "PARAVIRTUALIZED",
                    "firmware": "UEFI_64",
                    "is_consistent_volume_naming_enabled": true,
                    "is_pv_encryption_in_transit_enabled": true,
                    "network_type": "PARAVIRTUALIZED",
                    "remote_data_volume_type": "PARAVIRTUALIZED"
                  }
                ],
                "listing_type": "",
                "operating_system": "Canonical Ubuntu",
                "operating_system_version": "20.04",
                "size_in_mbs": "47694",
                "state": "AVAILABLE",
                "time_created": "2025-05-22 02:03:28.644 +0000 UTC"
              },
              {
                "agent_features": [],
                "base_image_id": "",
                "billable_size_in_gbs": "3",
                "compartment_id": "",
                "create_image_allowed": true,
                "defined_tags": {},
                "display_name": "Canonical-Ubuntu-20.04-aarch64-2025.05.20-0",
                "freeform_tags": {},
                "id": "ocid1.image.oc1.me-jeddah-1.aaaaaaaagncha74dnsf252b34owqfuxvg7fzb3glb2gffdgtbvn5jfypxvma",
                "image_source_details": [],
                "instance_id": "",
                "launch_mode": "NATIVE",
                "launch_options": [
                  {
                    "boot_volume_type": "PARAVIRTUALIZED",
                    "firmware": "UEFI_64",
                    "is_consistent_volume_naming_enabled": true,
                    "is_pv_encryption_in_transit_enabled": true,
                    "network_type": "PARAVIRTUALIZED",
                    "remote_data_volume_type": "PARAVIRTUALIZED"
                  }
                ],
                "listing_type": "",
                "operating_system": "Canonical Ubuntu",
                "operating_system_version": "20.04",
                "size_in_mbs": "47694",
                "state": "AVAILABLE",
                "time_created": "2025-05-22 02:02:45.67 +0000 UTC"
              },
              {
                "agent_features": [],
                "base_image_id": "",
                "billable_size_in_gbs": "3",
                "compartment_id": "",
                "create_image_allowed": true,
                "defined_tags": {},
                "display_name": "Canonical-Ubuntu-20.04-aarch64-2025.03.28-0",
                "freeform_tags": {},
                "id": "ocid1.image.oc1.me-jeddah-1.aaaaaaaag4eqwlvez7cg6ahrwcouykp22ixh274jtdzsedmevzfm3llik4jq",
                "image_source_details": [],
                "instance_id": "",
                "launch_mode": "NATIVE",
                "launch_options": [
                  {
                    "boot_volume_type": "PARAVIRTUALIZED",
                    "firmware": "UEFI_64",
                    "is_consistent_volume_naming_enabled": true,
                    "is_pv_encryption_in_transit_enabled": true,
                    "network_type": "PARAVIRTUALIZED",
                    "remote_data_volume_type": "PARAVIRTUALIZED"
                  }
                ],
                "listing_type": "",
                "operating_system": "Canonical Ubuntu",
                "operating_system_version": "20.04",
                "size_in_mbs": "47694",
                "state": "AVAILABLE",
                "time_created": "2025-03-30 16:51:27.361 +0000 UTC"
              },
              {
                "agent_features": [],
                "base_image_id": "",
                "billable_size_in_gbs": "3",
                "compartment_id": "",
                "create_image_allowed": true,
                "defined_tags": {},
                "display_name": "Canonical-Ubuntu-20.04-2025.03.28-0",
                "freeform_tags": {},
                "id": "ocid1.image.oc1.me-jeddah-1.aaaaaaaat73scns5g2ccdbojvk4ix76hf4kaxxaegd364gmhps4gtnleu5ka",
                "image_source_details": [],
                "instance_id": "",
                "launch_mode": "NATIVE",
                "launch_options": [
                  {
                    "boot_volume_type": "PARAVIRTUALIZED",
                    "firmware": "UEFI_64",
                    "is_consistent_volume_naming_enabled": true,
                    "is_pv_encryption_in_transit_enabled": true,
                    "network_type": "PARAVIRTUALIZED",
                    "remote_data_volume_type": "PARAVIRTUALIZED"
                  }
                ],
                "listing_type": "",
                "operating_system": "Canonical Ubuntu",
                "operating_system_version": "20.04",
                "size_in_mbs": "47694",
                "state": "AVAILABLE",
                "time_created": "2025-03-30 16:12:32.158 +0000 UTC"
              }
            ],
            "operating_system": "Canonical Ubuntu",
            "operating_system_version": "20.04",
            "shape": null,
            "sort_by": "TIMECREATED",
            "sort_order": "DESC",
            "state": null
          },
          "sensitive_attributes": []
        }
      ]
    },
    {
      "module": "module.vcn",
      "mode": "data",
      "type": "oci_identity_availability_domains",
      "name": "ads",
      "provider": "provider[\"registry.terraform.io/hashicorp/oci\"]",
      "instances": [
        {
          "schema_version": 0,
          "attributes": {
            "availability_domains": [
              {
                "compartment_id": "ocid1.compartment.oc1..aaaaaaaa5oduzs3j2lq6jlcgblqevzc4cc6floafcx2ba5gue5syqqjdjl5a",
                "id": "ocid1.availabilitydomain.oc1..aaaaaaaa3lb2y6omrgvooqvuxvn5k3zco5pbaqnq7ei3b2qpkg4x2bq7kbcq",
                "name": "BPxF:ME-JEDDAH-1-AD-1"
              }
            ],
            "compartment_id": "ocid1.compartment.oc1..aaaaaaaa5oduzs3j2lq6jlcgblqevzc4cc6floafcx2ba5gue5syqqjdjl5a",
            "filter": null,
            "id": "IdentityAvailabilityDomainsDataSource-260668660"
          },
          "sensitive_attributes": []
        }
      ]
    },
    {
      "module": "module.vcn",
      "mode": "managed",
      "type": "oci_core_instance",
      "name": "private-instance",
      "provider": "provider[\"registry.terraform.io/hashicorp/oci\"]",
      "instances": [
        {
          "schema_version": 0,
          "attributes": {
            "agent_config": [
              {
                "are_all_plugins_disabled": false,
                "is_management_disabled": false,
                "is_monitoring_disabled": false,
                "plugins_config": []
              }
            ],
            "async": null,
            "availability_config": [
              {
                "is_live_migration_preferred": false,
                "recovery_action": "RESTORE_INSTANCE"
              }
            ],
            "availability_domain": "BPxF:ME-JEDDAH-1-AD-1",
            "boot_volume_id": "ocid1.bootvolume.oc1.me-jeddah-1.abvgkljrxigsm2zoaq5e65ez4udve2jidwct5r6pq66a5vks6ox5hcmltdza",
            "capacity_reservation_id": null,
            "cluster_placement_group_id": null,
            "compartment_id": "ocid1.compartment.oc1..aaaaaaaa5oduzs3j2lq6jlcgblqevzc4cc6floafcx2ba5gue5syqqjdjl5a",
            "compute_cluster_id": null,
            "create_vnic_details": [
              {
                "assign_ipv6ip": false,
                "assign_private_dns_record": false,
                "assign_public_ip": "false",
                "defined_tags": {
                  "Oracle-Tags.CreatedBy": "default/atif.ramzan89@gmail.com",
                  "Oracle-Tags.CreatedOn": "2025-11-08T11:03:08.660Z"
                },
                "display_name": "manafa-private-instance-dev",
                "freeform_tags": {},
                "hostname_label": "manafa-private-instance-dev",
                "ipv6address_ipv6subnet_cidr_pair_details": [],
                "nsg_ids": [],
                "private_ip": "10.0.3.65",
                "security_attributes": {},
                "skip_source_dest_check": false,
                "subnet_cidr": "",
                "subnet_id": "ocid1.subnet.oc1.me-jeddah-1.aaaaaaaa2hhxck4dfxkazi4wbzawxh7blywcn73bx6nmtuieskjcnl476wja",
                "vlan_id": ""
              }
            ],
            "dedicated_vm_host_id": null,
            "defined_tags": {
              "Oracle-Tags.CreatedBy": "default/atif.ramzan89@gmail.com",
              "Oracle-Tags.CreatedOn": "2025-11-08T11:03:08.504Z"
            },
            "display_name": "manafa-private-instance-dev",
            "extended_metadata": {},
            "fault_domain": "FAULT-DOMAIN-1",
            "freeform_tags": {},
            "hostname_label": "manafa-private-instance-dev",
            "id": "ocid1.instance.oc1.me-jeddah-1.anvgkljrmos3i5acuehsrucxbquhbgybxehkkxfpts2boh6zbcjk5ksq75fa",
            "image": "ocid1.image.oc1.me-jeddah-1.aaaaaaaamyrrhzslsckbabcfnzmoav7yjpg4b3v2tw4cu4a56afppko4lc7a",
            "instance_configuration_id": null,
            "instance_options": [
              {
                "are_legacy_imds_endpoints_disabled": false
              }
            ],
            "ipxe_script": null,
            "is_ai_enterprise_enabled": null,
            "is_cross_numa_node": false,
            "is_pv_encryption_in_transit_enabled": null,
            "launch_mode": "PARAVIRTUALIZED",
            "launch_options": [
              {
                "boot_volume_type": "PARAVIRTUALIZED",
                "firmware": "UEFI_64",
                "is_consistent_volume_naming_enabled": true,
                "is_pv_encryption_in_transit_enabled": false,
                "network_type": "PARAVIRTUALIZED",
                "remote_data_volume_type": "PARAVIRTUALIZED"
              }
            ],
            "launch_volume_attachments": null,
            "licensing_configs": [],
            "metadata": {
              "ssh_authorized_keys": "ssh-ed25519 AAAAC3NzaC1lZDI1NTE5AAAAIExVrMt60c1hxXbLAe3KPG4zqLNA8TNhecw6iJ8LFkQs aramzan@rog",
              "user_data": "IyEvYmluL2Jhc2gKc2V0IC14CiMgLS0tIFRISVMgSVMgVEhFIE5FVyBMSU5FIC0tLQojIFJlZGlyZWN0IGFsbCBzdGRvdXQgKD4pIGFuZCBzdGRlcnIgKDI+JjEpIGZyb20gdGhpcyBzY3JpcHQgCiMgdG8gYSBsb2cgZmlsZSBpbiB0aGUgcm9vdCB1c2VyJ3MgaG9tZSBkaXJlY3RvcnkuCmV4ZWMgPiAvcm9vdC91c2VyZGF0YS5sb2cgMj4mMQplY2hvICJpbnN0YWxsaW5nIG9jaSBjbGkgLi4uIgpiYXNoIC1jICIkKGN1cmwgLUwgaHR0cHM6Ly9yYXcuZ2l0aHVidXNlcmNvbnRlbnQuY29tL29yYWNsZS9vY2ktY2xpL21hc3Rlci9zY3JpcHRzL2luc3RhbGwvaW5zdGFsbC5zaCkiIC0tIC0tYWNjZXB0LWFsbC1kZWZhdWx0cwojIEluc3RhbGxpbmcgYW5kIENvbmZpZ3VyYXRpb24ga3ViZWN0bCBhbmQgT0NJCmVjaG8gImluc3RhbGxpbmcga3ViZWN0bCAuLi4iCnN1ZG8gYXB0IHVwZGF0ZSAmJiBzdWRvIGFwdCBpbnN0YWxsIC15IGN1cmwgYXB0LXRyYW5zcG9ydC1odHRwcwpzbmFwIGluc3RhbGwga3ViZWN0bCAtLWNsYXNzaWMKZWNobyAiY29uZmlndXJpbmcga3ViZWN0bCAuLi4iCm1rZGlyIC1wICRIT01FLy5rdWJlCm12IGt1YmVjdGwgL3Vzci9sb2NhbC9iaW4KCmVjaG8gImluc3RhbGxpbmcgaGVsbSIKY3VybCAtTyBodHRwczovL2dldC5oZWxtLnNoL2hlbG0tdjMuMTYuMi1saW51eC1hbWQ2NC50YXIuZ3oKdGFyIC14dmYgaGVsbS12My4xNi4yLWxpbnV4LWFtZDY0LnRhci5negpzdWRvIG12IGxpbnV4LWFtZDY0L2hlbG0gL3Vzci9sb2NhbC9iaW4KCmVjaG8gImNvbmZpZ3VyaW5nIG9jaS1pbmdyZXNzLWNvbnRyb2xsZXIiCmdpdCBjbG9uZSBodHRwczovL2dpdGh1Yi5jb20vb3JhY2xlL29jaS1uYXRpdmUtaW5ncmVzcy1jb250cm9sbGVyCgpvY2kgY2UgY2x1c3RlciBjcmVhdGUta3ViZWNvbmZpZyAtLWNsdXN0ZXItaWQgb2NpZDEuY2x1c3Rlci5vYzEubWUtamVkZGFoLTEuYWFhYWFhYWFtd3B3enFvYjN0eWN0M21qc3NtanFwbG95bG9mY2prYjVya2Uzb2Z1ZGMzY201a2dsZ3NhIC0tZmlsZSAkSE9NRS8ua3ViZS9jb25maWcgLS1yZWdpb24gbWUtamVkZGFoLTEgLS10b2tlbi12ZXJzaW9uIDIuMC4wIC0ta3ViZS1lbmRwb2ludCBQUklWQVRFX0VORFBPSU5UCgoK"
            },
            "placement_constraint_details": [],
            "platform_config": [],
            "preemptible_instance_config": [],
            "preserve_boot_volume": null,
            "preserve_data_volumes_created_at_launch": null,
            "private_ip": "10.0.3.65",
            "public_ip": "",
            "region": "me-jeddah-1",
            "security_attributes": {},
            "security_attributes_state": "STABLE",
            "shape": "VM.Standard.E2.1.Micro",
            "shape_config": [
              {
                "baseline_ocpu_utilization": "",
                "gpu_description": "",
                "gpus": 0,
                "local_disk_description": "",
                "local_disks": 0,
                "local_disks_total_size_in_gbs": 0,
                "max_vnic_attachments": 1,
                "memory_in_gbs": 1,
                "networking_bandwidth_in_gbps": 0.47999998927116394,
                "nvmes": 0,
                "ocpus": 1,
                "processor_description": "2.0 GHz AMD EPYC™ 7551 (Naples)",
                "resource_management": "",
                "vcpus": 2
              }
            ],
            "source_details": [
              {
                "boot_volume_size_in_gbs": "47",
                "boot_volume_vpus_per_gb": "10",
                "instance_source_image_filter_details": [],
                "is_preserve_boot_volume_enabled": false,
                "kms_key_id": "",
                "source_id": "ocid1.image.oc1.me-jeddah-1.aaaaaaaamyrrhzslsckbabcfnzmoav7yjpg4b3v2tw4cu4a56afppko4lc7a",
                "source_type": "image"
              }
            ],
            "state": "RUNNING",
            "subnet_id": "ocid1.subnet.oc1.me-jeddah-1.aaaaaaaa2hhxck4dfxkazi4wbzawxh7blywcn73bx6nmtuieskjcnl476wja",
            "system_tags": {
              "orcl-cloud.free-tier-retained": "true"
            },
            "time_created": "2025-11-08 11:03:09.011 +0000 UTC",
            "time_maintenance_reboot_due": "",
            "timeouts": null,
            "update_operation_constraint": null
          },
          "sensitive_attributes": [],
          "private": "eyJlMmJmYjczMC1lY2FhLTExZTYtOGY4OC0zNDM2M2JjN2M0YzAiOnsiY3JlYXRlIjoyNzAwMDAwMDAwMDAwLCJkZWxldGUiOjQ1MDAwMDAwMDAwMDAsInVwZGF0ZSI6MjcwMDAwMDAwMDAwMH19",
          "dependencies": [
            "module.oke.oci_containerengine_cluster.oke_cluster",
            "module.oke.oci_core_network_security_group.oke-nsg",
            "module.vcn.data.oci_core_images.ubuntu",
            "module.vcn.data.oci_identity_availability_domains.ads",
            "module.vcn.oci_core_internet_gateway.internet-gateway",
            "module.vcn.oci_core_nat_gateway.nat-gateway",
            "module.vcn.oci_core_route_table.private-rt",
            "module.vcn.oci_core_route_table.public-rt",
            "module.vcn.oci_core_security_list.private-sl",
            "module.vcn.oci_core_subnet.private-subnet",
            "module.vcn.oci_core_subnet.public-subnet",
            "module.vcn.oci_core_vcn.customer-vcn"
          ]
        }
      ]
    },
    {
      "module": "module.vcn",
      "mode": "managed",
      "type": "oci_core_instance",
      "name": "public-instance",
      "provider": "provider[\"registry.terraform.io/hashicorp/oci\"]",
      "instances": [
        {
          "schema_version": 0,
          "attributes": {
            "agent_config": [
              {
                "are_all_plugins_disabled": false,
                "is_management_disabled": false,
                "is_monitoring_disabled": false,
                "plugins_config": []
              }
            ],
            "async": null,
            "availability_config": [
              {
                "is_live_migration_preferred": false,
                "recovery_action": "RESTORE_INSTANCE"
              }
            ],
            "availability_domain": "BPxF:ME-JEDDAH-1-AD-1",
            "boot_volume_id": "ocid1.bootvolume.oc1.me-jeddah-1.abvgkljrrisulxi7333gropuuoeurv2oemfky2hgxqf5jiyo7fgmhvruxcxq",
            "capacity_reservation_id": null,
            "cluster_placement_group_id": null,
            "compartment_id": "ocid1.compartment.oc1..aaaaaaaa5oduzs3j2lq6jlcgblqevzc4cc6floafcx2ba5gue5syqqjdjl5a",
            "compute_cluster_id": null,
            "create_vnic_details": [
              {
                "assign_ipv6ip": false,
                "assign_private_dns_record": false,
                "assign_public_ip": "true",
                "defined_tags": {
                  "Oracle-Tags.CreatedBy": "default/atif.ramzan89@gmail.com",
                  "Oracle-Tags.CreatedOn": "2025-11-05T12:53:36.392Z"
                },
                "display_name": "manafa-public-instance-dev",
                "freeform_tags": {},
                "hostname_label": "manafa-public-instance-dev",
                "ipv6address_ipv6subnet_cidr_pair_details": [],
                "nsg_ids": [],
                "private_ip": "10.0.1.165",
                "security_attributes": {},
                "skip_source_dest_check": false,
                "subnet_cidr": "",
                "subnet_id": "ocid1.subnet.oc1.me-jeddah-1.aaaaaaaawypt7kms2lapk43neidfegrj4cnhooosoyiww3kcxegk3jc5domq",
                "vlan_id": ""
              }
            ],
            "dedicated_vm_host_id": null,
            "defined_tags": {
              "Oracle-Tags.CreatedBy": "default/atif.ramzan89@gmail.com",
              "Oracle-Tags.CreatedOn": "2025-11-05T12:53:36.316Z"
            },
            "display_name": "manafa-public-instance-dev",
            "extended_metadata": {},
            "fault_domain": "FAULT-DOMAIN-1",
            "freeform_tags": {},
            "hostname_label": "manafa-public-instance-dev",
            "id": "ocid1.instance.oc1.me-jeddah-1.anvgkljrmos3i5aclm6rz4ae3klrpmjn7t4kdmp3wydf7buzripkqdwihsyq",
            "image": "ocid1.image.oc1.me-jeddah-1.aaaaaaaamyrrhzslsckbabcfnzmoav7yjpg4b3v2tw4cu4a56afppko4lc7a",
            "instance_configuration_id": null,
            "instance_options": [
              {
                "are_legacy_imds_endpoints_disabled": false
              }
            ],
            "ipxe_script": null,
            "is_ai_enterprise_enabled": null,
            "is_cross_numa_node": false,
            "is_pv_encryption_in_transit_enabled": null,
            "launch_mode": "PARAVIRTUALIZED",
            "launch_options": [
              {
                "boot_volume_type": "PARAVIRTUALIZED",
                "firmware": "UEFI_64",
                "is_consistent_volume_naming_enabled": true,
                "is_pv_encryption_in_transit_enabled": false,
                "network_type": "PARAVIRTUALIZED",
                "remote_data_volume_type": "PARAVIRTUALIZED"
              }
            ],
            "launch_volume_attachments": [],
            "licensing_configs": [],
            "metadata": {
              "ssh_authorized_keys": "ssh-ed25519 AAAAC3NzaC1lZDI1NTE5AAAAIExVrMt60c1hxXbLAe3KPG4zqLNA8TNhecw6iJ8LFkQs aramzan@rog"
            },
            "placement_constraint_details": [],
            "platform_config": [],
            "preemptible_instance_config": [],
            "preserve_boot_volume": null,
            "preserve_data_volumes_created_at_launch": null,
            "private_ip": "10.0.1.165",
            "public_ip": "158.101.225.234",
            "region": "me-jeddah-1",
            "security_attributes": {},
            "security_attributes_state": "STABLE",
            "shape": "VM.Standard.E2.1.Micro",
            "shape_config": [
              {
                "baseline_ocpu_utilization": "",
                "gpu_description": "",
                "gpus": 0,
                "local_disk_description": "",
                "local_disks": 0,
                "local_disks_total_size_in_gbs": 0,
                "max_vnic_attachments": 1,
                "memory_in_gbs": 1,
                "networking_bandwidth_in_gbps": 0.47999998927116394,
                "nvmes": 0,
                "ocpus": 1,
                "processor_description": "2.0 GHz AMD EPYC™ 7551 (Naples)",
                "resource_management": "",
                "vcpus": 2
              }
            ],
            "source_details": [
              {
                "boot_volume_size_in_gbs": "47",
                "boot_volume_vpus_per_gb": "10",
                "instance_source_image_filter_details": [],
                "is_preserve_boot_volume_enabled": false,
                "kms_key_id": "",
                "source_id": "ocid1.image.oc1.me-jeddah-1.aaaaaaaamyrrhzslsckbabcfnzmoav7yjpg4b3v2tw4cu4a56afppko4lc7a",
                "source_type": "image"
              }
            ],
            "state": "RUNNING",
            "subnet_id": "ocid1.subnet.oc1.me-jeddah-1.aaaaaaaawypt7kms2lapk43neidfegrj4cnhooosoyiww3kcxegk3jc5domq",
            "system_tags": {
              "orcl-cloud.free-tier-retained": "true"
            },
            "time_created": "2025-11-05 12:53:36.678 +0000 UTC",
            "time_maintenance_reboot_due": "",
            "timeouts": null,
            "update_operation_constraint": null
          },
          "sensitive_attributes": [],
          "private": "eyJlMmJmYjczMC1lY2FhLTExZTYtOGY4OC0zNDM2M2JjN2M0YzAiOnsiY3JlYXRlIjoyNzAwMDAwMDAwMDAwLCJkZWxldGUiOjQ1MDAwMDAwMDAwMDAsInVwZGF0ZSI6MjcwMDAwMDAwMDAwMH19",
          "dependencies": [
            "module.vcn.data.oci_core_images.ubuntu",
            "module.vcn.data.oci_identity_availability_domains.ads",
            "module.vcn.oci_core_internet_gateway.internet-gateway",
            "module.vcn.oci_core_route_table.public-rt",
            "module.vcn.oci_core_subnet.public-subnet",
            "module.vcn.oci_core_vcn.customer-vcn"
          ]
        }
      ]
    },
    {
      "module": "module.vcn",
      "mode": "managed",
      "type": "oci_core_internet_gateway",
      "name": "internet-gateway",
      "provider": "provider[\"registry.terraform.io/hashicorp/oci\"]",
      "instances": [
        {
          "schema_version": 0,
          "attributes": {
            "compartment_id": "ocid1.compartment.oc1..aaaaaaaa5oduzs3j2lq6jlcgblqevzc4cc6floafcx2ba5gue5syqqjdjl5a",
            "defined_tags": {
              "Oracle-Tags.CreatedBy": "default/atif.ramzan89@gmail.com",
              "Oracle-Tags.CreatedOn": "2025-11-05T10:12:40.822Z"
            },
            "display_name": "manafa-igw-dev",
            "enabled": true,
            "freeform_tags": {},
            "id": "ocid1.internetgateway.oc1.me-jeddah-1.aaaaaaaa7q4u34jvzuab2mhooshqxvaucwj7m4iftxntgch2j3z7k6y2zglq",
            "route_table_id": null,
            "state": "AVAILABLE",
            "time_created": "2025-11-05 10:12:40.863 +0000 UTC",
            "timeouts": null,
            "vcn_id": "ocid1.vcn.oc1.me-jeddah-1.amaaaaaamos3i5aaq3dqtq6vp3i6ut27ein4ym3x7myqggrko53uxl563lqa"
          },
          "sensitive_attributes": [],
          "private": "eyJlMmJmYjczMC1lY2FhLTExZTYtOGY4OC0zNDM2M2JjN2M0YzAiOnsiY3JlYXRlIjoxMjAwMDAwMDAwMDAwLCJkZWxldGUiOjEyMDAwMDAwMDAwMDAsInVwZGF0ZSI6MTIwMDAwMDAwMDAwMH19",
          "dependencies": [
            "module.vcn.oci_core_vcn.customer-vcn"
          ]
        }
      ]
    },
    {
      "module": "module.vcn",
      "mode": "managed",
      "type": "oci_core_nat_gateway",
      "name": "nat-gateway",
      "provider": "provider[\"registry.terraform.io/hashicorp/oci\"]",
      "instances": [
        {
          "schema_version": 0,
          "attributes": {
            "block_traffic": false,
            "compartment_id": "ocid1.compartment.oc1..aaaaaaaa5oduzs3j2lq6jlcgblqevzc4cc6floafcx2ba5gue5syqqjdjl5a",
            "defined_tags": {
              "Oracle-Tags.CreatedBy": "default/atif.ramzan89@gmail.com",
              "Oracle-Tags.CreatedOn": "2025-11-05T11:39:44.391Z"
            },
            "display_name": "manafa-nat-gw-dev",
            "freeform_tags": {},
            "id": "ocid1.natgateway.oc1.me-jeddah-1.aaaaaaaal5hffx7do4r65wl6r3puixlxgu6k6q3ny2w7fjrb3rncbjz6osga",
            "nat_ip": "130.110.98.179",
            "public_ip_id": "ocid1.publicip.oc1.me-jeddah-1.aaaaaaaaze6udksyhgb2rr3kkl7omgn2wsdnftffpgglquwgfq6bsfrpavpq",
            "route_table_id": null,
            "state": "AVAILABLE",
            "time_created": "2025-11-05 11:39:44.558 +0000 UTC",
            "timeouts": null,
            "vcn_id": "ocid1.vcn.oc1.me-jeddah-1.amaaaaaamos3i5aaq3dqtq6vp3i6ut27ein4ym3x7myqggrko53uxl563lqa"
          },
          "sensitive_attributes": [],
          "private": "eyJlMmJmYjczMC1lY2FhLTExZTYtOGY4OC0zNDM2M2JjN2M0YzAiOnsiY3JlYXRlIjoxMjAwMDAwMDAwMDAwLCJkZWxldGUiOjEyMDAwMDAwMDAwMDAsInVwZGF0ZSI6MTIwMDAwMDAwMDAwMH19",
          "dependencies": [
            "module.vcn.oci_core_vcn.customer-vcn"
          ]
        }
      ]
    },
    {
      "module": "module.vcn",
      "mode": "managed",
      "type": "oci_core_network_security_group",
      "name": "instance-sg",
      "provider": "provider[\"registry.terraform.io/hashicorp/oci\"]",
      "instances": [
        {
          "schema_version": 0,
          "attributes": {
            "compartment_id": "ocid1.compartment.oc1..aaaaaaaa5oduzs3j2lq6jlcgblqevzc4cc6floafcx2ba5gue5syqqjdjl5a",
            "defined_tags": {
              "Oracle-Tags.CreatedBy": "default/atif.ramzan89@gmail.com",
              "Oracle-Tags.CreatedOn": "2025-11-05T13:04:32.521Z"
            },
            "display_name": "manafa-instance-sg-dev",
            "freeform_tags": {},
            "id": "ocid1.networksecuritygroup.oc1.me-jeddah-1.aaaaaaaaxds5glfv4dlpeqgymyv4t4migfkhdqelras6ypjgf7rf5gdmoh2q",
            "state": "AVAILABLE",
            "time_created": "2025-11-05 13:04:32.698 +0000 UTC",
            "timeouts": null,
            "vcn_id": "ocid1.vcn.oc1.me-jeddah-1.amaaaaaamos3i5aaq3dqtq6vp3i6ut27ein4ym3x7myqggrko53uxl563lqa"
          },
          "sensitive_attributes": [],
          "private": "eyJlMmJmYjczMC1lY2FhLTExZTYtOGY4OC0zNDM2M2JjN2M0YzAiOnsiY3JlYXRlIjoxMjAwMDAwMDAwMDAwLCJkZWxldGUiOjEyMDAwMDAwMDAwMDAsInVwZGF0ZSI6MTIwMDAwMDAwMDAwMH19",
          "dependencies": [
            "module.vcn.oci_core_vcn.customer-vcn"
          ]
        }
      ]
    },
    {
      "module": "module.vcn",
      "mode": "managed",
      "type": "oci_core_network_security_group_security_rule",
      "name": "egress-all",
      "provider": "provider[\"registry.terraform.io/hashicorp/oci\"]",
      "instances": [
        {
          "schema_version": 0,
          "attributes": {
            "description": "Allow all outbound traffic",
            "destination": "0.0.0.0/0",
            "destination_type": "CIDR_BLOCK",
            "direction": "EGRESS",
            "icmp_options": [],
            "id": "4A670F",
            "is_valid": true,
            "network_security_group_id": "ocid1.networksecuritygroup.oc1.me-jeddah-1.aaaaaaaaxds5glfv4dlpeqgymyv4t4migfkhdqelras6ypjgf7rf5gdmoh2q",
            "protocol": "all",
            "source": null,
            "source_type": "",
            "stateless": false,
            "tcp_options": [],
            "time_created": "2025-11-05 13:04:33.414 +0000 UTC",
            "timeouts": null,
            "udp_options": []
          },
          "sensitive_attributes": [],
          "private": "eyJlMmJmYjczMC1lY2FhLTExZTYtOGY4OC0zNDM2M2JjN2M0YzAiOnsiY3JlYXRlIjoxMjAwMDAwMDAwMDAwLCJkZWxldGUiOjEyMDAwMDAwMDAwMDAsInVwZGF0ZSI6MTIwMDAwMDAwMDAwMH19",
          "dependencies": [
            "module.vcn.oci_core_network_security_group.instance-sg",
            "module.vcn.oci_core_vcn.customer-vcn"
          ]
        }
      ]
    },
    {
      "module": "module.vcn",
      "mode": "managed",
      "type": "oci_core_network_security_group_security_rule",
      "name": "ingress-all",
      "provider": "provider[\"registry.terraform.io/hashicorp/oci\"]",
      "instances": [
        {
          "schema_version": 0,
          "attributes": {
            "description": null,
            "destination": null,
            "destination_type": "",
            "direction": "INGRESS",
            "icmp_options": [],
            "id": "67A2A9",
            "is_valid": true,
            "network_security_group_id": "ocid1.networksecuritygroup.oc1.me-jeddah-1.aaaaaaaaxds5glfv4dlpeqgymyv4t4migfkhdqelras6ypjgf7rf5gdmoh2q",
            "protocol": "all",
            "source": "0.0.0.0/0",
            "source_type": "CIDR_BLOCK",
            "stateless": false,
            "tcp_options": [],
            "time_created": "2025-11-05 13:04:33.579 +0000 UTC",
            "timeouts": null,
            "udp_options": []
          },
          "sensitive_attributes": [],
          "private": "eyJlMmJmYjczMC1lY2FhLTExZTYtOGY4OC0zNDM2M2JjN2M0YzAiOnsiY3JlYXRlIjoxMjAwMDAwMDAwMDAwLCJkZWxldGUiOjEyMDAwMDAwMDAwMDAsInVwZGF0ZSI6MTIwMDAwMDAwMDAwMH19",
          "dependencies": [
            "module.vcn.oci_core_network_security_group.instance-sg",
            "module.vcn.oci_core_vcn.customer-vcn"
          ]
        }
      ]
    },
    {
      "module": "module.vcn",
      "mode": "managed",
      "type": "oci_core_route_table",
      "name": "private-rt",
      "provider": "provider[\"registry.terraform.io/hashicorp/oci\"]",
      "instances": [
        {
          "schema_version": 0,
          "attributes": {
            "compartment_id": "ocid1.compartment.oc1..aaaaaaaa5oduzs3j2lq6jlcgblqevzc4cc6floafcx2ba5gue5syqqjdjl5a",
            "defined_tags": {
              "Oracle-Tags.CreatedBy": "default/atif.ramzan89@gmail.com",
              "Oracle-Tags.CreatedOn": "2025-11-05T11:39:46.332Z"
            },
            "display_name": "manafa-private-rt-1-dev",
            "freeform_tags": {},
            "id": "ocid1.routetable.oc1.me-jeddah-1.aaaaaaaaurlmdtu5eyqeskt5ynhmubaoz6nxi4lescatdesca3dxxs3mshva",
            "route_rules": [
              {
                "cidr_block": "",
                "description": "",
                "destination": "0.0.0.0/0",
                "destination_type": "CIDR_BLOCK",
                "network_entity_id": "ocid1.natgateway.oc1.me-jeddah-1.aaaaaaaal5hffx7do4r65wl6r3puixlxgu6k6q3ny2w7fjrb3rncbjz6osga",
                "route_type": "STATIC"
              }
            ],
            "state": "AVAILABLE",
            "time_created": "2025-11-05 11:39:46.36 +0000 UTC",
            "timeouts": null,
            "vcn_id": "ocid1.vcn.oc1.me-jeddah-1.amaaaaaamos3i5aaq3dqtq6vp3i6ut27ein4ym3x7myqggrko53uxl563lqa"
          },
          "sensitive_attributes": [],
          "private": "eyJlMmJmYjczMC1lY2FhLTExZTYtOGY4OC0zNDM2M2JjN2M0YzAiOnsiY3JlYXRlIjoxMjAwMDAwMDAwMDAwLCJkZWxldGUiOjEyMDAwMDAwMDAwMDAsInVwZGF0ZSI6MTIwMDAwMDAwMDAwMH19",
          "dependencies": [
            "module.vcn.oci_core_nat_gateway.nat-gateway",
            "module.vcn.oci_core_vcn.customer-vcn"
          ]
        }
      ]
    },
    {
      "module": "module.vcn",
      "mode": "managed",
      "type": "oci_core_route_table",
      "name": "public-rt",
      "provider": "provider[\"registry.terraform.io/hashicorp/oci\"]",
      "instances": [
        {
          "schema_version": 0,
          "attributes": {
            "compartment_id": "ocid1.compartment.oc1..aaaaaaaa5oduzs3j2lq6jlcgblqevzc4cc6floafcx2ba5gue5syqqjdjl5a",
            "defined_tags": {
              "Oracle-Tags.CreatedBy": "default/atif.ramzan89@gmail.com",
              "Oracle-Tags.CreatedOn": "2025-11-05T11:39:46.337Z"
            },
            "display_name": "manafa-public-rt-1-dev",
            "freeform_tags": {},
            "id": "ocid1.routetable.oc1.me-jeddah-1.aaaaaaaatii266wwxekqdsvdbukrcdck4lnacfx75rewkdz7otrqmtuicqpa",
            "route_rules": [
              {
                "cidr_block": "",
                "description": "",
                "destination": "0.0.0.0/0",
                "destination_type": "CIDR_BLOCK",
                "network_entity_id": "ocid1.internetgateway.oc1.me-jeddah-1.aaaaaaaa7q4u34jvzuab2mhooshqxvaucwj7m4iftxntgch2j3z7k6y2zglq",
                "route_type": "STATIC"
              }
            ],
            "state": "AVAILABLE",
            "time_created": "2025-11-05 11:39:46.355 +0000 UTC",
            "timeouts": null,
            "vcn_id": "ocid1.vcn.oc1.me-jeddah-1.amaaaaaamos3i5aaq3dqtq6vp3i6ut27ein4ym3x7myqggrko53uxl563lqa"
          },
          "sensitive_attributes": [],
          "private": "eyJlMmJmYjczMC1lY2FhLTExZTYtOGY4OC0zNDM2M2JjN2M0YzAiOnsiY3JlYXRlIjoxMjAwMDAwMDAwMDAwLCJkZWxldGUiOjEyMDAwMDAwMDAwMDAsInVwZGF0ZSI6MTIwMDAwMDAwMDAwMH19",
          "dependencies": [
            "module.vcn.oci_core_internet_gateway.internet-gateway",
            "module.vcn.oci_core_vcn.customer-vcn"
          ]
        }
      ]
    },
    {
      "module": "module.vcn",
      "mode": "managed",
      "type": "oci_core_security_list",
      "name": "private-sl",
      "provider": "provider[\"registry.terraform.io/hashicorp/oci\"]",
      "instances": [
        {
          "schema_version": 0,
          "attributes": {
            "compartment_id": "ocid1.compartment.oc1..aaaaaaaa5oduzs3j2lq6jlcgblqevzc4cc6floafcx2ba5gue5syqqjdjl5a",
            "defined_tags": {
              "Oracle-Tags.CreatedBy": "default/atif.ramzan89@gmail.com",
              "Oracle-Tags.CreatedOn": "2025-11-06T15:56:02.177Z"
            },
            "display_name": "manafa-security-list-dev",
            "egress_security_rules": [
              {
                "description": "Allow all outbound traffic",
                "destination": "0.0.0.0/0",
                "destination_type": "CIDR_BLOCK",
                "icmp_options": [],
                "protocol": "all",
                "stateless": false,
                "tcp_options": [],
                "udp_options": []
              }
            ],
            "freeform_tags": {},
            "id": "ocid1.securitylist.oc1.me-jeddah-1.aaaaaaaaq5tf2zvpyo34tjy3noxrffgfu3idvr5cadqg6jl2nwwpg2z5kc2q",
            "ingress_security_rules": [
              {
                "description": "Allow SSH from within the VCN",
                "icmp_options": [],
                "protocol": "6",
                "source": "10.0.0.0/16",
                "source_type": "CIDR_BLOCK",
                "stateless": false,
                "tcp_options": [
                  {
                    "max": 22,
                    "min": 22,
                    "source_port_range": []
                  }
                ],
                "udp_options": []
              },
              {
                "description": "Allow SSH from within the VCN",
                "icmp_options": [],
                "protocol": "6",
                "source": "10.0.0.0/16",
                "source_type": "CIDR_BLOCK",
                "stateless": false,
                "tcp_options": [
                  {
                    "max": 3306,
                    "min": 3306,
                    "source_port_range": []
                  }
                ],
                "udp_options": []
              },
              {
                "description": "Allow all outbound traffic",
                "icmp_options": [],
                "protocol": "all",
                "source": "0.0.0.0/0",
                "source_type": "CIDR_BLOCK",
                "stateless": false,
                "tcp_options": [],
                "udp_options": []
              }
            ],
            "state": "AVAILABLE",
            "time_created": "2025-11-06 15:56:02.201 +0000 UTC",
            "timeouts": null,
            "vcn_id": "ocid1.vcn.oc1.me-jeddah-1.amaaaaaamos3i5aaq3dqtq6vp3i6ut27ein4ym3x7myqggrko53uxl563lqa"
          },
          "sensitive_attributes": [],
          "private": "eyJlMmJmYjczMC1lY2FhLTExZTYtOGY4OC0zNDM2M2JjN2M0YzAiOnsiY3JlYXRlIjoxMjAwMDAwMDAwMDAwLCJkZWxldGUiOjEyMDAwMDAwMDAwMDAsInVwZGF0ZSI6MTIwMDAwMDAwMDAwMH19",
          "dependencies": [
            "module.vcn.oci_core_vcn.customer-vcn"
          ]
        }
      ]
    },
    {
      "module": "module.vcn",
      "mode": "managed",
      "type": "oci_core_subnet",
      "name": "private-subnet",
      "provider": "provider[\"registry.terraform.io/hashicorp/oci\"]",
      "instances": [
        {
          "schema_version": 0,
          "attributes": {
            "availability_domain": null,
            "cidr_block": "10.0.3.0/24",
            "compartment_id": "ocid1.compartment.oc1..aaaaaaaa5oduzs3j2lq6jlcgblqevzc4cc6floafcx2ba5gue5syqqjdjl5a",
            "defined_tags": {
              "Oracle-Tags.CreatedBy": "default/atif.ramzan89@gmail.com",
              "Oracle-Tags.CreatedOn": "2025-11-05T12:58:33.664Z"
            },
            "dhcp_options_id": "ocid1.dhcpoptions.oc1.me-jeddah-1.aaaaaaaashoqwwpliggku7yagdlokbtjddm2b6ynfdgn3bcfteze767dw7cq",
            "display_name": "manafa-private-subnet-1-dev",
            "dns_label": "private",
            "freeform_tags": {},
            "id": "ocid1.subnet.oc1.me-jeddah-1.aaaaaaaa2hhxck4dfxkazi4wbzawxh7blywcn73bx6nmtuieskjcnl476wja",
            "ipv4cidr_blocks": [
              "10.0.3.0/24"
            ],
            "ipv6cidr_block": null,
            "ipv6cidr_blocks": [],
            "ipv6virtual_router_ip": null,
            "prohibit_internet_ingress": true,
            "prohibit_public_ip_on_vnic": true,
            "route_table_id": "ocid1.routetable.oc1.me-jeddah-1.aaaaaaaaurlmdtu5eyqeskt5ynhmubaoz6nxi4lescatdesca3dxxs3mshva",
            "security_list_ids": [
              "ocid1.securitylist.oc1.me-jeddah-1.aaaaaaaaq5tf2zvpyo34tjy3noxrffgfu3idvr5cadqg6jl2nwwpg2z5kc2q"
            ],
            "state": "AVAILABLE",
            "subnet_domain_name": "private.hub.oraclevcn.com",
            "time_created": "2025-11-05 12:58:33.697 +0000 UTC",
            "timeouts": null,
            "vcn_id": "ocid1.vcn.oc1.me-jeddah-1.amaaaaaamos3i5aaq3dqtq6vp3i6ut27ein4ym3x7myqggrko53uxl563lqa",
            "virtual_router_ip": "10.0.3.1",
            "virtual_router_mac": "00:00:17:60:24:27"
          },
          "sensitive_attributes": [],
          "private": "eyJlMmJmYjczMC1lY2FhLTExZTYtOGY4OC0zNDM2M2JjN2M0YzAiOnsiY3JlYXRlIjoxMjAwMDAwMDAwMDAwLCJkZWxldGUiOjEyMDAwMDAwMDAwMDAsInVwZGF0ZSI6MTIwMDAwMDAwMDAwMH19",
          "dependencies": [
            "module.vcn.oci_core_nat_gateway.nat-gateway",
            "module.vcn.oci_core_route_table.private-rt",
            "module.vcn.oci_core_security_list.private-sl",
            "module.vcn.oci_core_vcn.customer-vcn"
          ]
        }
      ]
    },
    {
      "module": "module.vcn",
      "mode": "managed",
      "type": "oci_core_subnet",
      "name": "public-subnet",
      "provider": "provider[\"registry.terraform.io/hashicorp/oci\"]",
      "instances": [
        {
          "schema_version": 0,
          "attributes": {
            "availability_domain": null,
            "cidr_block": "10.0.1.0/24",
            "compartment_id": "ocid1.compartment.oc1..aaaaaaaa5oduzs3j2lq6jlcgblqevzc4cc6floafcx2ba5gue5syqqjdjl5a",
            "defined_tags": {
              "Oracle-Tags.CreatedBy": "default/atif.ramzan89@gmail.com",
              "Oracle-Tags.CreatedOn": "2025-11-05T11:39:47.648Z"
            },
            "dhcp_options_id": "ocid1.dhcpoptions.oc1.me-jeddah-1.aaaaaaaashoqwwpliggku7yagdlokbtjddm2b6ynfdgn3bcfteze767dw7cq",
            "display_name": "manafa-public-subnet-1-dev",
            "dns_label": "public",
            "freeform_tags": {},
            "id": "ocid1.subnet.oc1.me-jeddah-1.aaaaaaaawypt7kms2lapk43neidfegrj4cnhooosoyiww3kcxegk3jc5domq",
            "ipv4cidr_blocks": [
              "10.0.1.0/24"
            ],
            "ipv6cidr_block": null,
            "ipv6cidr_blocks": [],
            "ipv6virtual_router_ip": null,
            "prohibit_internet_ingress": false,
            "prohibit_public_ip_on_vnic": false,
            "route_table_id": "ocid1.routetable.oc1.me-jeddah-1.aaaaaaaatii266wwxekqdsvdbukrcdck4lnacfx75rewkdz7otrqmtuicqpa",
            "security_list_ids": [
              "ocid1.securitylist.oc1.me-jeddah-1.aaaaaaaaigxs3u6bvw557nxzzxnp74442njagrp3ztpzidwmav6pbmv36luq"
            ],
            "state": "AVAILABLE",
            "subnet_domain_name": "public.hub.oraclevcn.com",
            "time_created": "2025-11-05 11:39:47.695 +0000 UTC",
            "timeouts": null,
            "vcn_id": "ocid1.vcn.oc1.me-jeddah-1.amaaaaaamos3i5aaq3dqtq6vp3i6ut27ein4ym3x7myqggrko53uxl563lqa",
            "virtual_router_ip": "10.0.1.1",
            "virtual_router_mac": "00:00:17:60:24:27"
          },
          "sensitive_attributes": [],
          "private": "eyJlMmJmYjczMC1lY2FhLTExZTYtOGY4OC0zNDM2M2JjN2M0YzAiOnsiY3JlYXRlIjoxMjAwMDAwMDAwMDAwLCJkZWxldGUiOjEyMDAwMDAwMDAwMDAsInVwZGF0ZSI6MTIwMDAwMDAwMDAwMH19",
          "dependencies": [
            "module.vcn.oci_core_internet_gateway.internet-gateway",
            "module.vcn.oci_core_route_table.public-rt",
            "module.vcn.oci_core_vcn.customer-vcn"
          ]
        }
      ]
    },
    {
      "module": "module.vcn",
      "mode": "managed",
      "type": "oci_core_vcn",
      "name": "customer-vcn",
      "provider": "provider[\"registry.terraform.io/hashicorp/oci\"]",
      "instances": [
        {
          "schema_version": 0,
          "attributes": {
            "byoipv6cidr_blocks": [],
            "byoipv6cidr_details": [],
            "cidr_block": "10.0.0.0/16",
            "cidr_blocks": [
              "10.0.0.0/16"
            ],
            "compartment_id": "ocid1.compartment.oc1..aaaaaaaa5oduzs3j2lq6jlcgblqevzc4cc6floafcx2ba5gue5syqqjdjl5a",
            "default_dhcp_options_id": "ocid1.dhcpoptions.oc1.me-jeddah-1.aaaaaaaashoqwwpliggku7yagdlokbtjddm2b6ynfdgn3bcfteze767dw7cq",
            "default_route_table_id": "ocid1.routetable.oc1.me-jeddah-1.aaaaaaaabgseqyz4hnh7ztkak2kmrrewxbwakzuv2ywkleqkftszyvutxjma",
            "default_security_list_id": "ocid1.securitylist.oc1.me-jeddah-1.aaaaaaaaigxs3u6bvw557nxzzxnp74442njagrp3ztpzidwmav6pbmv36luq",
            "defined_tags": {
              "Oracle-Tags.CreatedBy": "default/atif.ramzan89@gmail.com",
              "Oracle-Tags.CreatedOn": "2025-11-05T10:11:36.632Z"
            },
            "display_name": "manafa-vcn-dev",
            "dns_label": "hub",
            "freeform_tags": {},
            "id": "ocid1.vcn.oc1.me-jeddah-1.amaaaaaamos3i5aaq3dqtq6vp3i6ut27ein4ym3x7myqggrko53uxl563lqa",
            "ipv6cidr_blocks": [],
            "ipv6private_cidr_blocks": [],
            "is_ipv6enabled": false,
            "is_oracle_gua_allocation_enabled": null,
            "security_attributes": {},
            "state": "AVAILABLE",
            "time_created": "2025-11-05 10:11:36.67 +0000 UTC",
            "timeouts": null,
            "vcn_domain_name": "hub.oraclevcn.com"
          },
          "sensitive_attributes": [],
          "private": "eyJlMmJmYjczMC1lY2FhLTExZTYtOGY4OC0zNDM2M2JjN2M0YzAiOnsiY3JlYXRlIjoxMjAwMDAwMDAwMDAwLCJkZWxldGUiOjEyMDAwMDAwMDAwMDAsInVwZGF0ZSI6MTIwMDAwMDAwMDAwMH19"
        }
      ]
    }
  ],
  "check_results": null
}
