{
  "version": 4,
  "terraform_version": "1.10.5",
  "serial": 56,
  "lineage": "91d9c37e-04e1-4040-fab4-58bbd41022f1",
  "outputs": {
    "bastion-public-ip": {
      "value": "44.220.95.220",
      "type": "string"
    },
    "mysql-admin-password": {
      "value": "0m6GK0YWZc",
      "type": "string",
      "sensitive": true
    },
    "mysql-endpoint": {
      "value": "console-mysql-dev.cpcum0yasbi3.us-east-1.rds.amazonaws.com:3306",
      "type": "string"
    }
  },
  "resources": [
    {
      "mode": "data",
      "type": "aws_ami",
      "name": "amazon-linux-2",
      "provider": "provider[\"registry.terraform.io/hashicorp/aws\"]",
      "instances": [
        {
          "schema_version": 0,
          "attributes": {
            "architecture": "x86_64",
            "arn": "arn:aws:ec2:us-east-1::image/ami-06dd5c911c0d8dcdc",
            "block_device_mappings": [
              {
                "device_name": "/dev/xvda",
                "ebs": {
                  "delete_on_termination": "true",
                  "encrypted": "false",
                  "iops": "0",
                  "snapshot_id": "snap-06ff35e134cdd7137",
                  "throughput": "0",
                  "volume_size": "8",
                  "volume_type": "gp2"
                },
                "no_device": "",
                "virtual_name": ""
              }
            ],
            "boot_mode": "",
            "creation_date": "2025-11-04T21:26:43.000Z",
            "deprecation_time": "2026-02-02T00:00:00.000Z",
            "description": "Amazon Linux 2 AMI 2.0.20251105.0 x86_64 HVM gp2",
            "ena_support": true,
            "executable_users": null,
            "filter": [
              {
                "name": "name",
                "values": [
                  "amzn2-ami-hvm-*-x86_64-gp2"
                ]
              },
              {
                "name": "owner-alias",
                "values": [
                  "amazon"
                ]
              }
            ],
            "hypervisor": "xen",
            "id": "ami-06dd5c911c0d8dcdc",
            "image_id": "ami-06dd5c911c0d8dcdc",
            "image_location": "amazon/amzn2-ami-hvm-2.0.20251105.0-x86_64-gp2",
            "image_owner_alias": "amazon",
            "image_type": "machine",
            "imds_support": "",
            "include_deprecated": false,
            "kernel_id": "",
            "most_recent": true,
            "name": "amzn2-ami-hvm-2.0.20251105.0-x86_64-gp2",
            "name_regex": null,
            "owner_id": "137112412989",
            "owners": [
              "amazon"
            ],
            "platform": "",
            "platform_details": "Linux/UNIX",
            "product_codes": [],
            "public": true,
            "ramdisk_id": "",
            "root_device_name": "/dev/xvda",
            "root_device_type": "ebs",
            "root_snapshot_id": "snap-06ff35e134cdd7137",
            "sriov_net_support": "simple",
            "state": "available",
            "state_reason": {
              "code": "UNSET",
              "message": "UNSET"
            },
            "tags": {},
            "timeouts": null,
            "tpm_support": "",
            "usage_operation": "RunInstances",
            "virtualization_type": "hvm"
          },
          "sensitive_attributes": []
        }
      ]
    },
    {
      "mode": "data",
      "type": "aws_availability_zones",
      "name": "available",
      "provider": "provider[\"registry.terraform.io/hashicorp/aws\"]",
      "instances": [
        {
          "schema_version": 0,
          "attributes": {
            "all_availability_zones": null,
            "exclude_names": null,
            "exclude_zone_ids": null,
            "filter": null,
            "group_names": [
              "us-east-1-zg-1"
            ],
            "id": "us-east-1",
            "names": [
              "us-east-1a",
              "us-east-1b",
              "us-east-1c",
              "us-east-1d",
              "us-east-1e",
              "us-east-1f"
            ],
            "state": null,
            "timeouts": null,
            "zone_ids": [
              "use1-az4",
              "use1-az6",
              "use1-az1",
              "use1-az2",
              "use1-az3",
              "use1-az5"
            ]
          },
          "sensitive_attributes": []
        }
      ]
    },
    {
      "module": "module.rds",
      "mode": "managed",
      "type": "aws_db_instance",
      "name": "rds-mysql-instance",
      "provider": "provider[\"registry.terraform.io/hashicorp/aws\"]",
      "instances": [
        {
          "schema_version": 2,
          "attributes": {
            "address": "console-mysql-dev.cpcum0yasbi3.us-east-1.rds.amazonaws.com",
            "allocated_storage": 20,
            "allow_major_version_upgrade": null,
            "apply_immediately": false,
            "arn": "arn:aws:rds:us-east-1:741448961150:db:console-mysql-dev",
            "auto_minor_version_upgrade": true,
            "availability_zone": "us-east-1b",
            "backup_retention_period": 0,
            "backup_window": "04:09-04:39",
            "blue_green_update": [],
            "ca_cert_identifier": "rds-ca-rsa2048-g1",
            "character_set_name": "",
            "copy_tags_to_snapshot": false,
            "custom_iam_instance_profile": "",
            "customer_owned_ip_enabled": false,
            "db_name": "console_dev",
            "db_subnet_group_name": "console-subnet-group-dev",
            "delete_automated_backups": true,
            "deletion_protection": false,
            "domain": "",
            "domain_iam_role_name": "",
            "enabled_cloudwatch_logs_exports": [],
            "endpoint": "console-mysql-dev.cpcum0yasbi3.us-east-1.rds.amazonaws.com:3306",
            "engine": "mysql",
            "engine_version": "8.0.42",
            "engine_version_actual": "8.0.42",
            "final_snapshot_identifier": null,
            "hosted_zone_id": "Z2R2ITUGPM61AM",
            "iam_database_authentication_enabled": false,
            "id": "db-QOLKVL7RHF654ZOXKTVD33EOUM",
            "identifier": "console-mysql-dev",
            "identifier_prefix": "",
            "instance_class": "db.t3.micro",
            "iops": 0,
            "kms_key_id": "",
            "latest_restorable_time": "",
            "license_model": "general-public-license",
            "listener_endpoint": [],
            "maintenance_window": "sun:09:36-sun:10:06",
            "manage_master_user_password": null,
            "master_user_secret": [],
            "master_user_secret_kms_key_id": null,
            "max_allocated_storage": 0,
            "monitoring_interval": 0,
            "monitoring_role_arn": "",
            "multi_az": false,
            "nchar_character_set_name": "",
            "network_type": "IPV4",
            "option_group_name": "default:mysql-8-0",
            "parameter_group_name": "default.mysql8.0",
            "password": "0m6GK0YWZc",
            "performance_insights_enabled": false,
            "performance_insights_kms_key_id": "",
            "performance_insights_retention_period": 0,
            "port": 3306,
            "publicly_accessible": false,
            "replica_mode": "",
            "replicas": [],
            "replicate_source_db": "",
            "resource_id": "db-QOLKVL7RHF654ZOXKTVD33EOUM",
            "restore_to_point_in_time": [],
            "s3_import": [],
            "skip_final_snapshot": true,
            "snapshot_identifier": null,
            "status": "available",
            "storage_encrypted": false,
            "storage_throughput": 0,
            "storage_type": "gp2",
            "tags": {
              "Customer": "console",
              "Environment": "dev",
              "Name": "console-rds-sg-dev",
              "Terraform": "True"
            },
            "tags_all": {
              "Customer": "console",
              "Environment": "dev",
              "Name": "console-rds-sg-dev",
              "Terraform": "True"
            },
            "timeouts": null,
            "timezone": "",
            "username": "admin",
            "vpc_security_group_ids": [
              "sg-000a75535f9090d89"
            ]
          },
          "sensitive_attributes": [
            [
              {
                "type": "get_attr",
                "value": "password"
              }
            ]
          ],
          "private": "eyJlMmJmYjczMC1lY2FhLTExZTYtOGY4OC0zNDM2M2JjN2M0YzAiOnsiY3JlYXRlIjoyNDAwMDAwMDAwMDAwLCJkZWxldGUiOjM2MDAwMDAwMDAwMDAsInVwZGF0ZSI6NDgwMDAwMDAwMDAwMH0sInNjaGVtYV92ZXJzaW9uIjoiMiJ9",
          "dependencies": [
            "data.aws_availability_zones.available",
            "module.rds.aws_security_group.rds-sg",
            "module.rds.random_password.mysql-admin-password",
            "module.vpc.aws_db_subnet_group.customer-subnet-group",
            "module.vpc.aws_eip.customer-eip",
            "module.vpc.aws_internet_gateway.customer-igw",
            "module.vpc.aws_nat_gateway.customer-nat-gw",
            "module.vpc.aws_route_table.private_rt_1",
            "module.vpc.aws_route_table.public_rt_1",
            "module.vpc.aws_subnet.private_subnet",
            "module.vpc.aws_subnet.public_subnet",
            "module.vpc.aws_vpc.customer-vpc"
          ]
        }
      ]
    },
    {
      "module": "module.rds",
      "mode": "managed",
      "type": "aws_security_group",
      "name": "rds-sg",
      "provider": "provider[\"registry.terraform.io/hashicorp/aws\"]",
      "instances": [
        {
          "schema_version": 1,
          "attributes": {
            "arn": "arn:aws:ec2:us-east-1:741448961150:security-group/sg-000a75535f9090d89",
            "description": "Allow MySQL inbound traffic",
            "egress": [
              {
                "cidr_blocks": [
                  "0.0.0.0/0"
                ],
                "description": "",
                "from_port": 0,
                "ipv6_cidr_blocks": [],
                "prefix_list_ids": [],
                "protocol": "-1",
                "security_groups": [],
                "self": false,
                "to_port": 0
              }
            ],
            "id": "sg-000a75535f9090d89",
            "ingress": [
              {
                "cidr_blocks": [
                  "0.0.0.0/0"
                ],
                "description": "MySQL",
                "from_port": 3306,
                "ipv6_cidr_blocks": [],
                "prefix_list_ids": [],
                "protocol": "tcp",
                "security_groups": [],
                "self": false,
                "to_port": 3306
              }
            ],
            "name": "console-mysql-sg-dev",
            "name_prefix": "",
            "owner_id": "741448961150",
            "revoke_rules_on_delete": false,
            "tags": {
              "Customer": "console",
              "Environment": "dev",
              "Name": "console-rds-sg-dev",
              "Terraform": "True"
            },
            "tags_all": {
              "Customer": "console",
              "Environment": "dev",
              "Name": "console-rds-sg-dev",
              "Terraform": "True"
            },
            "timeouts": null,
            "vpc_id": "vpc-01637ae994f83a5c6"
          },
          "sensitive_attributes": [],
          "private": "eyJlMmJmYjczMC1lY2FhLTExZTYtOGY4OC0zNDM2M2JjN2M0YzAiOnsiY3JlYXRlIjo2MDAwMDAwMDAwMDAsImRlbGV0ZSI6OTAwMDAwMDAwMDAwfSwic2NoZW1hX3ZlcnNpb24iOiIxIn0=",
          "dependencies": [
            "module.vpc.aws_vpc.customer-vpc"
          ]
        }
      ]
    },
    {
      "module": "module.rds",
      "mode": "managed",
      "type": "random_password",
      "name": "mysql-admin-password",
      "provider": "provider[\"registry.terraform.io/hashicorp/random\"]",
      "instances": [
        {
          "schema_version": 3,
          "attributes": {
            "bcrypt_hash": "$2a$10$/XYtmHj72ZKXJL8lp3F2vuwxMkRZimA3xCOI7ID0pjohxnoGfWrN2",
            "id": "none",
            "keepers": null,
            "length": 10,
            "lower": true,
            "min_lower": 0,
            "min_numeric": 0,
            "min_special": 0,
            "min_upper": 0,
            "number": true,
            "numeric": true,
            "override_special": null,
            "result": "0m6GK0YWZc",
            "special": false,
            "upper": true
          },
          "sensitive_attributes": [
            [
              {
                "type": "get_attr",
                "value": "result"
              }
            ],
            [
              {
                "type": "get_attr",
                "value": "bcrypt_hash"
              }
            ]
          ]
        }
      ]
    },
    {
      "module": "module.vpc",
      "mode": "data",
      "type": "template_file",
      "name": "userdata",
      "provider": "provider[\"registry.terraform.io/hashicorp/template\"]",
      "instances": [
        {
          "schema_version": 0,
          "attributes": {
            "filename": null,
            "id": "ec30832aec265eef9db4fa5fcc5568cdfde7b69473fd9cc86fabec6bcf09a19a",
            "rendered": "#!/bin/bash\nset -x\n# --- THIS IS THE NEW LINE ---\n# Redirect all stdout (\u003e) and stderr (2\u003e\u00261) from this script \n# to a log file in the root user's home directory.\nexec \u003e /root/userdata.log 2\u003e\u00261\n\nyum update -y\nyum install mariadb -y",
            "template": "#!/bin/bash\nset -x\n# --- THIS IS THE NEW LINE ---\n# Redirect all stdout (\u003e) and stderr (2\u003e\u00261) from this script \n# to a log file in the root user's home directory.\nexec \u003e /root/userdata.log 2\u003e\u00261\n\nyum update -y\nyum install mariadb -y",
            "vars": null
          },
          "sensitive_attributes": []
        }
      ]
    },
    {
      "module": "module.vpc",
      "mode": "managed",
      "type": "aws_db_subnet_group",
      "name": "customer-subnet-group",
      "provider": "provider[\"registry.terraform.io/hashicorp/aws\"]",
      "instances": [
        {
          "schema_version": 0,
          "attributes": {
            "arn": "arn:aws:rds:us-east-1:741448961150:subgrp:console-subnet-group-dev",
            "description": "Managed by Terraform",
            "id": "console-subnet-group-dev",
            "name": "console-subnet-group-dev",
            "name_prefix": "",
            "subnet_ids": [
              "subnet-0479d8829583d5f66",
              "subnet-0cd25805fee9fd33a"
            ],
            "supported_network_types": [
              "IPV4"
            ],
            "tags": {
              "Customer": "console",
              "Environment": "dev",
              "Name": "console-subnet-group-dev",
              "Terraform": "True"
            },
            "tags_all": {
              "Customer": "console",
              "Environment": "dev",
              "Name": "console-subnet-group-dev",
              "Terraform": "True"
            },
            "vpc_id": "vpc-01637ae994f83a5c6"
          },
          "sensitive_attributes": [],
          "private": "bnVsbA==",
          "dependencies": [
            "data.aws_availability_zones.available",
            "module.vpc.aws_eip.customer-eip",
            "module.vpc.aws_internet_gateway.customer-igw",
            "module.vpc.aws_nat_gateway.customer-nat-gw",
            "module.vpc.aws_route_table.private_rt_1",
            "module.vpc.aws_route_table.public_rt_1",
            "module.vpc.aws_subnet.private_subnet",
            "module.vpc.aws_subnet.public_subnet",
            "module.vpc.aws_vpc.customer-vpc"
          ]
        }
      ]
    },
    {
      "module": "module.vpc",
      "mode": "managed",
      "type": "aws_eip",
      "name": "customer-eip",
      "provider": "provider[\"registry.terraform.io/hashicorp/aws\"]",
      "instances": [
        {
          "schema_version": 0,
          "attributes": {
            "address": null,
            "allocation_id": "eipalloc-0ac14f3b43befb55c",
            "associate_with_private_ip": null,
            "association_id": "eipassoc-0ce9fe9401e2f8a28",
            "carrier_ip": "",
            "customer_owned_ip": "",
            "customer_owned_ipv4_pool": "",
            "domain": "vpc",
            "id": "eipalloc-0ac14f3b43befb55c",
            "instance": "",
            "network_border_group": "us-east-1",
            "network_interface": "eni-0398f5e0a833b58c2",
            "private_dns": "ip-13-20-1-145.ec2.internal",
            "private_ip": "13.20.1.145",
            "public_dns": "ec2-100-25-183-143.compute-1.amazonaws.com",
            "public_ip": "100.25.183.143",
            "public_ipv4_pool": "amazon",
            "tags": {
              "Customer": "console",
              "Environment": "dev",
              "Name": "console-eip-dev",
              "Terraform": "True"
            },
            "tags_all": {
              "Customer": "console",
              "Environment": "dev",
              "Name": "console-eip-dev",
              "Terraform": "True"
            },
            "timeouts": null,
            "vpc": true
          },
          "sensitive_attributes": [],
          "private": "eyJlMmJmYjczMC1lY2FhLTExZTYtOGY4OC0zNDM2M2JjN2M0YzAiOnsiZGVsZXRlIjoxODAwMDAwMDAwMDAsInJlYWQiOjkwMDAwMDAwMDAwMCwidXBkYXRlIjozMDAwMDAwMDAwMDB9fQ=="
        }
      ]
    },
    {
      "module": "module.vpc",
      "mode": "managed",
      "type": "aws_instance",
      "name": "customer-bastion",
      "provider": "provider[\"registry.terraform.io/hashicorp/aws\"]",
      "instances": [
        {
          "schema_version": 1,
          "attributes": {
            "ami": "ami-06dd5c911c0d8dcdc",
            "arn": "arn:aws:ec2:us-east-1:741448961150:instance/i-0723ecfc958537ecf",
            "associate_public_ip_address": true,
            "availability_zone": "us-east-1a",
            "capacity_reservation_specification": [
              {
                "capacity_reservation_preference": "open",
                "capacity_reservation_target": []
              }
            ],
            "cpu_core_count": 1,
            "cpu_options": [
              {
                "amd_sev_snp": "",
                "core_count": 1,
                "threads_per_core": 1
              }
            ],
            "cpu_threads_per_core": 1,
            "credit_specification": [
              {
                "cpu_credits": "standard"
              }
            ],
            "disable_api_stop": false,
            "disable_api_termination": false,
            "ebs_block_device": [],
            "ebs_optimized": false,
            "enclave_options": [
              {
                "enabled": false
              }
            ],
            "ephemeral_block_device": [],
            "get_password_data": false,
            "hibernation": false,
            "host_id": "",
            "host_resource_group_arn": null,
            "iam_instance_profile": "",
            "id": "i-0723ecfc958537ecf",
            "instance_initiated_shutdown_behavior": "stop",
            "instance_lifecycle": "",
            "instance_market_options": [],
            "instance_state": "running",
            "instance_type": "t2.micro",
            "ipv6_address_count": 0,
            "ipv6_addresses": [],
            "key_name": "citnow-dev-us-east-1",
            "launch_template": [],
            "maintenance_options": [
              {
                "auto_recovery": "default"
              }
            ],
            "metadata_options": [
              {
                "http_endpoint": "enabled",
                "http_put_response_hop_limit": 1,
                "http_tokens": "optional",
                "instance_metadata_tags": "disabled"
              }
            ],
            "monitoring": false,
            "network_interface": [],
            "outpost_arn": "",
            "password_data": "",
            "placement_group": "",
            "placement_partition_number": 0,
            "primary_network_interface_id": "eni-0ea5cfd2b935503bf",
            "private_dns": "ip-13-20-1-238.ec2.internal",
            "private_dns_name_options": [
              {
                "enable_resource_name_dns_a_record": false,
                "enable_resource_name_dns_aaaa_record": false,
                "hostname_type": "ip-name"
              }
            ],
            "private_ip": "13.20.1.238",
            "public_dns": "",
            "public_ip": "44.220.95.220",
            "root_block_device": [
              {
                "delete_on_termination": true,
                "device_name": "/dev/xvda",
                "encrypted": false,
                "iops": 100,
                "kms_key_id": "",
                "tags": {},
                "throughput": 0,
                "volume_id": "vol-081a719be2669b8f1",
                "volume_size": 8,
                "volume_type": "gp2"
              }
            ],
            "secondary_private_ips": [],
            "security_groups": [],
            "source_dest_check": true,
            "spot_instance_request_id": "",
            "subnet_id": "subnet-0d13d6cb2cfcc7dd8",
            "tags": {
              "Customer": "console",
              "Environment": "dev",
              "Name": "console-bastion-dev",
              "Terraform": "True"
            },
            "tags_all": {
              "Customer": "console",
              "Environment": "dev",
              "Name": "console-bastion-dev",
              "Terraform": "True"
            },
            "tenancy": "default",
            "timeouts": null,
            "user_data": "059c8a45e0c5e4e5f816fa36c08b022ec1fe24da",
            "user_data_base64": null,
            "user_data_replace_on_change": false,
            "volume_tags": null,
            "vpc_security_group_ids": [
              "sg-070be468212778365"
            ]
          },
          "sensitive_attributes": [],
          "private": "eyJlMmJmYjczMC1lY2FhLTExZTYtOGY4OC0zNDM2M2JjN2M0YzAiOnsiY3JlYXRlIjo2MDAwMDAwMDAwMDAsImRlbGV0ZSI6MTIwMDAwMDAwMDAwMCwidXBkYXRlIjo2MDAwMDAwMDAwMDB9LCJzY2hlbWFfdmVyc2lvbiI6IjEifQ==",
          "dependencies": [
            "data.aws_ami.amazon-linux-2",
            "data.aws_availability_zones.available",
            "module.vpc.aws_internet_gateway.customer-igw",
            "module.vpc.aws_route_table.public_rt_1",
            "module.vpc.aws_security_group.ec2-sg",
            "module.vpc.aws_subnet.public_subnet",
            "module.vpc.aws_vpc.customer-vpc",
            "module.vpc.data.template_file.userdata"
          ]
        }
      ]
    },
    {
      "module": "module.vpc",
      "mode": "managed",
      "type": "aws_internet_gateway",
      "name": "customer-igw",
      "provider": "provider[\"registry.terraform.io/hashicorp/aws\"]",
      "instances": [
        {
          "schema_version": 0,
          "attributes": {
            "arn": "arn:aws:ec2:us-east-1:741448961150:internet-gateway/igw-04e6c55a51a807296",
            "id": "igw-04e6c55a51a807296",
            "owner_id": "741448961150",
            "tags": {
              "Customer": "console",
              "Environment": "dev",
              "Name": "console-igw-dev",
              "Terraform": "True"
            },
            "tags_all": {
              "Customer": "console",
              "Environment": "dev",
              "Name": "console-igw-dev",
              "Terraform": "True"
            },
            "timeouts": null,
            "vpc_id": "vpc-01637ae994f83a5c6"
          },
          "sensitive_attributes": [],
          "private": "eyJlMmJmYjczMC1lY2FhLTExZTYtOGY4OC0zNDM2M2JjN2M0YzAiOnsiY3JlYXRlIjoxMjAwMDAwMDAwMDAwLCJkZWxldGUiOjEyMDAwMDAwMDAwMDAsInVwZGF0ZSI6MTIwMDAwMDAwMDAwMH19",
          "dependencies": [
            "module.vpc.aws_vpc.customer-vpc"
          ]
        }
      ]
    },
    {
      "module": "module.vpc",
      "mode": "managed",
      "type": "aws_nat_gateway",
      "name": "customer-nat-gw",
      "provider": "provider[\"registry.terraform.io/hashicorp/aws\"]",
      "instances": [
        {
          "schema_version": 0,
          "attributes": {
            "allocation_id": "eipalloc-0ac14f3b43befb55c",
            "association_id": "eipassoc-0ce9fe9401e2f8a28",
            "connectivity_type": "public",
            "id": "nat-0d2d4fd97c7f3869f",
            "network_interface_id": "eni-0398f5e0a833b58c2",
            "private_ip": "13.20.1.145",
            "public_ip": "100.25.183.143",
            "subnet_id": "subnet-0d13d6cb2cfcc7dd8",
            "tags": {
              "Customer": "console",
              "Environment": "dev",
              "Name": "console-igw-dev",
              "Terraform": "True"
            },
            "tags_all": {
              "Customer": "console",
              "Environment": "dev",
              "Name": "console-igw-dev",
              "Terraform": "True"
            }
          },
          "sensitive_attributes": [],
          "private": "bnVsbA==",
          "dependencies": [
            "data.aws_availability_zones.available",
            "module.vpc.aws_eip.customer-eip",
            "module.vpc.aws_internet_gateway.customer-igw",
            "module.vpc.aws_route_table.public_rt_1",
            "module.vpc.aws_subnet.public_subnet",
            "module.vpc.aws_vpc.customer-vpc"
          ]
        }
      ]
    },
    {
      "module": "module.vpc",
      "mode": "managed",
      "type": "aws_route_table",
      "name": "private_rt_1",
      "provider": "provider[\"registry.terraform.io/hashicorp/aws\"]",
      "instances": [
        {
          "schema_version": 0,
          "attributes": {
            "arn": "arn:aws:ec2:us-east-1:741448961150:route-table/rtb-0794f6377e04912c1",
            "id": "rtb-0794f6377e04912c1",
            "owner_id": "741448961150",
            "propagating_vgws": [],
            "route": [
              {
                "carrier_gateway_id": "",
                "cidr_block": "0.0.0.0/0",
                "core_network_arn": "",
                "destination_prefix_list_id": "",
                "egress_only_gateway_id": "",
                "gateway_id": "",
                "ipv6_cidr_block": "",
                "local_gateway_id": "",
                "nat_gateway_id": "nat-0d2d4fd97c7f3869f",
                "network_interface_id": "",
                "transit_gateway_id": "",
                "vpc_endpoint_id": "",
                "vpc_peering_connection_id": ""
              }
            ],
            "tags": {
              "Customer": "console",
              "Environment": "dev",
              "Name": "console-private-rt-dev-1",
              "Terraform": "True"
            },
            "tags_all": {
              "Customer": "console",
              "Environment": "dev",
              "Name": "console-private-rt-dev-1",
              "Terraform": "True"
            },
            "timeouts": null,
            "vpc_id": "vpc-01637ae994f83a5c6"
          },
          "sensitive_attributes": [],
          "private": "eyJlMmJmYjczMC1lY2FhLTExZTYtOGY4OC0zNDM2M2JjN2M0YzAiOnsiY3JlYXRlIjozMDAwMDAwMDAwMDAsImRlbGV0ZSI6MzAwMDAwMDAwMDAwLCJ1cGRhdGUiOjEyMDAwMDAwMDAwMH19",
          "dependencies": [
            "data.aws_availability_zones.available",
            "module.vpc.aws_eip.customer-eip",
            "module.vpc.aws_internet_gateway.customer-igw",
            "module.vpc.aws_nat_gateway.customer-nat-gw",
            "module.vpc.aws_route_table.public_rt_1",
            "module.vpc.aws_subnet.public_subnet",
            "module.vpc.aws_vpc.customer-vpc"
          ]
        }
      ]
    },
    {
      "module": "module.vpc",
      "mode": "managed",
      "type": "aws_route_table",
      "name": "public_rt_1",
      "provider": "provider[\"registry.terraform.io/hashicorp/aws\"]",
      "instances": [
        {
          "schema_version": 0,
          "attributes": {
            "arn": "arn:aws:ec2:us-east-1:741448961150:route-table/rtb-0f2c8c5dd4f0008f3",
            "id": "rtb-0f2c8c5dd4f0008f3",
            "owner_id": "741448961150",
            "propagating_vgws": [],
            "route": [
              {
                "carrier_gateway_id": "",
                "cidr_block": "0.0.0.0/0",
                "core_network_arn": "",
                "destination_prefix_list_id": "",
                "egress_only_gateway_id": "",
                "gateway_id": "igw-04e6c55a51a807296",
                "ipv6_cidr_block": "",
                "local_gateway_id": "",
                "nat_gateway_id": "",
                "network_interface_id": "",
                "transit_gateway_id": "",
                "vpc_endpoint_id": "",
                "vpc_peering_connection_id": ""
              }
            ],
            "tags": {
              "Customer": "console",
              "Environment": "dev",
              "Name": "console-public-rt-dev-1",
              "Terraform": "True"
            },
            "tags_all": {
              "Customer": "console",
              "Environment": "dev",
              "Name": "console-public-rt-dev-1",
              "Terraform": "True"
            },
            "timeouts": null,
            "vpc_id": "vpc-01637ae994f83a5c6"
          },
          "sensitive_attributes": [],
          "private": "eyJlMmJmYjczMC1lY2FhLTExZTYtOGY4OC0zNDM2M2JjN2M0YzAiOnsiY3JlYXRlIjozMDAwMDAwMDAwMDAsImRlbGV0ZSI6MzAwMDAwMDAwMDAwLCJ1cGRhdGUiOjEyMDAwMDAwMDAwMH19",
          "dependencies": [
            "module.vpc.aws_internet_gateway.customer-igw",
            "module.vpc.aws_vpc.customer-vpc"
          ]
        }
      ]
    },
    {
      "module": "module.vpc",
      "mode": "managed",
      "type": "aws_route_table_association",
      "name": "private_rt_1_association",
      "provider": "provider[\"registry.terraform.io/hashicorp/aws\"]",
      "instances": [
        {
          "index_key": 0,
          "schema_version": 0,
          "attributes": {
            "gateway_id": "",
            "id": "rtbassoc-0aab75346bef7d4d8",
            "route_table_id": "rtb-0794f6377e04912c1",
            "subnet_id": "subnet-0cd25805fee9fd33a",
            "timeouts": null
          },
          "sensitive_attributes": [],
          "private": "eyJlMmJmYjczMC1lY2FhLTExZTYtOGY4OC0zNDM2M2JjN2M0YzAiOnsiY3JlYXRlIjozMDAwMDAwMDAwMDAsImRlbGV0ZSI6MzAwMDAwMDAwMDAwLCJ1cGRhdGUiOjEyMDAwMDAwMDAwMH19",
          "dependencies": [
            "data.aws_availability_zones.available",
            "module.vpc.aws_eip.customer-eip",
            "module.vpc.aws_internet_gateway.customer-igw",
            "module.vpc.aws_nat_gateway.customer-nat-gw",
            "module.vpc.aws_route_table.private_rt_1",
            "module.vpc.aws_route_table.public_rt_1",
            "module.vpc.aws_subnet.private_subnet",
            "module.vpc.aws_subnet.public_subnet",
            "module.vpc.aws_vpc.customer-vpc"
          ]
        },
        {
          "index_key": 1,
          "schema_version": 0,
          "attributes": {
            "gateway_id": "",
            "id": "rtbassoc-07f2c6a089e271607",
            "route_table_id": "rtb-0794f6377e04912c1",
            "subnet_id": "subnet-0479d8829583d5f66",
            "timeouts": null
          },
          "sensitive_attributes": [],
          "private": "eyJlMmJmYjczMC1lY2FhLTExZTYtOGY4OC0zNDM2M2JjN2M0YzAiOnsiY3JlYXRlIjozMDAwMDAwMDAwMDAsImRlbGV0ZSI6MzAwMDAwMDAwMDAwLCJ1cGRhdGUiOjEyMDAwMDAwMDAwMH19",
          "dependencies": [
            "data.aws_availability_zones.available",
            "module.vpc.aws_eip.customer-eip",
            "module.vpc.aws_internet_gateway.customer-igw",
            "module.vpc.aws_nat_gateway.customer-nat-gw",
            "module.vpc.aws_route_table.private_rt_1",
            "module.vpc.aws_route_table.public_rt_1",
            "module.vpc.aws_subnet.private_subnet",
            "module.vpc.aws_subnet.public_subnet",
            "module.vpc.aws_vpc.customer-vpc"
          ]
        },
        {
          "index_key": 2,
          "schema_version": 0,
          "attributes": {
            "gateway_id": "",
            "id": "rtbassoc-0764d6f8549839b60",
            "route_table_id": "rtb-0794f6377e04912c1",
            "subnet_id": "subnet-05bc7347bc6536334",
            "timeouts": null
          },
          "sensitive_attributes": [],
          "private": "eyJlMmJmYjczMC1lY2FhLTExZTYtOGY4OC0zNDM2M2JjN2M0YzAiOnsiY3JlYXRlIjozMDAwMDAwMDAwMDAsImRlbGV0ZSI6MzAwMDAwMDAwMDAwLCJ1cGRhdGUiOjEyMDAwMDAwMDAwMH19",
          "dependencies": [
            "data.aws_availability_zones.available",
            "module.vpc.aws_eip.customer-eip",
            "module.vpc.aws_internet_gateway.customer-igw",
            "module.vpc.aws_nat_gateway.customer-nat-gw",
            "module.vpc.aws_route_table.private_rt_1",
            "module.vpc.aws_route_table.public_rt_1",
            "module.vpc.aws_subnet.private_subnet",
            "module.vpc.aws_subnet.public_subnet",
            "module.vpc.aws_vpc.customer-vpc"
          ]
        }
      ]
    },
    {
      "module": "module.vpc",
      "mode": "managed",
      "type": "aws_route_table_association",
      "name": "public_rt_1_association",
      "provider": "provider[\"registry.terraform.io/hashicorp/aws\"]",
      "instances": [
        {
          "index_key": 0,
          "schema_version": 0,
          "attributes": {
            "gateway_id": "",
            "id": "rtbassoc-04860fec996a3af92",
            "route_table_id": "rtb-0f2c8c5dd4f0008f3",
            "subnet_id": "subnet-0d13d6cb2cfcc7dd8",
            "timeouts": null
          },
          "sensitive_attributes": [],
          "private": "eyJlMmJmYjczMC1lY2FhLTExZTYtOGY4OC0zNDM2M2JjN2M0YzAiOnsiY3JlYXRlIjozMDAwMDAwMDAwMDAsImRlbGV0ZSI6MzAwMDAwMDAwMDAwLCJ1cGRhdGUiOjEyMDAwMDAwMDAwMH19",
          "dependencies": [
            "data.aws_availability_zones.available",
            "module.vpc.aws_internet_gateway.customer-igw",
            "module.vpc.aws_route_table.public_rt_1",
            "module.vpc.aws_subnet.public_subnet",
            "module.vpc.aws_vpc.customer-vpc"
          ]
        },
        {
          "index_key": 1,
          "schema_version": 0,
          "attributes": {
            "gateway_id": "",
            "id": "rtbassoc-04d7eae09882bf52f",
            "route_table_id": "rtb-0f2c8c5dd4f0008f3",
            "subnet_id": "subnet-016ce088433384ac0",
            "timeouts": null
          },
          "sensitive_attributes": [],
          "private": "eyJlMmJmYjczMC1lY2FhLTExZTYtOGY4OC0zNDM2M2JjN2M0YzAiOnsiY3JlYXRlIjozMDAwMDAwMDAwMDAsImRlbGV0ZSI6MzAwMDAwMDAwMDAwLCJ1cGRhdGUiOjEyMDAwMDAwMDAwMH19",
          "dependencies": [
            "data.aws_availability_zones.available",
            "module.vpc.aws_internet_gateway.customer-igw",
            "module.vpc.aws_route_table.public_rt_1",
            "module.vpc.aws_subnet.public_subnet",
            "module.vpc.aws_vpc.customer-vpc"
          ]
        },
        {
          "index_key": 2,
          "schema_version": 0,
          "attributes": {
            "gateway_id": "",
            "id": "rtbassoc-00b016b8ddb96bb3b",
            "route_table_id": "rtb-0f2c8c5dd4f0008f3",
            "subnet_id": "subnet-094fd68a89040c204",
            "timeouts": null
          },
          "sensitive_attributes": [],
          "private": "eyJlMmJmYjczMC1lY2FhLTExZTYtOGY4OC0zNDM2M2JjN2M0YzAiOnsiY3JlYXRlIjozMDAwMDAwMDAwMDAsImRlbGV0ZSI6MzAwMDAwMDAwMDAwLCJ1cGRhdGUiOjEyMDAwMDAwMDAwMH19",
          "dependencies": [
            "data.aws_availability_zones.available",
            "module.vpc.aws_internet_gateway.customer-igw",
            "module.vpc.aws_route_table.public_rt_1",
            "module.vpc.aws_subnet.public_subnet",
            "module.vpc.aws_vpc.customer-vpc"
          ]
        }
      ]
    },
    {
      "module": "module.vpc",
      "mode": "managed",
      "type": "aws_security_group",
      "name": "ec2-sg",
      "provider": "provider[\"registry.terraform.io/hashicorp/aws\"]",
      "instances": [
        {
          "schema_version": 1,
          "attributes": {
            "arn": "arn:aws:ec2:us-east-1:741448961150:security-group/sg-070be468212778365",
            "description": "console-bastion-dev-sg",
            "egress": [
              {
                "cidr_blocks": [
                  "0.0.0.0/0"
                ],
                "description": "",
                "from_port": 0,
                "ipv6_cidr_blocks": [],
                "prefix_list_ids": [],
                "protocol": "-1",
                "security_groups": [],
                "self": false,
                "to_port": 0
              }
            ],
            "id": "sg-070be468212778365",
            "ingress": [
              {
                "cidr_blocks": [
                  "0.0.0.0/0"
                ],
                "description": "Allow SSH Access",
                "from_port": 22,
                "ipv6_cidr_blocks": [],
                "prefix_list_ids": [],
                "protocol": "tcp",
                "security_groups": [],
                "self": false,
                "to_port": 22
              }
            ],
            "name": "console-bastion-dev-sg",
            "name_prefix": "",
            "owner_id": "741448961150",
            "revoke_rules_on_delete": false,
            "tags": {
              "Customer": "console",
              "Environment": "dev",
              "Name": "console-bastion-dev-sg",
              "Terraform": "True"
            },
            "tags_all": {
              "Customer": "console",
              "Environment": "dev",
              "Name": "console-bastion-dev-sg",
              "Terraform": "True"
            },
            "timeouts": null,
            "vpc_id": "vpc-01637ae994f83a5c6"
          },
          "sensitive_attributes": [],
          "private": "eyJlMmJmYjczMC1lY2FhLTExZTYtOGY4OC0zNDM2M2JjN2M0YzAiOnsiY3JlYXRlIjo2MDAwMDAwMDAwMDAsImRlbGV0ZSI6OTAwMDAwMDAwMDAwfSwic2NoZW1hX3ZlcnNpb24iOiIxIn0=",
          "dependencies": [
            "module.vpc.aws_vpc.customer-vpc"
          ]
        }
      ]
    },
    {
      "module": "module.vpc",
      "mode": "managed",
      "type": "aws_subnet",
      "name": "private_subnet",
      "provider": "provider[\"registry.terraform.io/hashicorp/aws\"]",
      "instances": [
        {
          "index_key": 0,
          "schema_version": 1,
          "attributes": {
            "arn": "arn:aws:ec2:us-east-1:741448961150:subnet/subnet-0cd25805fee9fd33a",
            "assign_ipv6_address_on_creation": false,
            "availability_zone": "us-east-1a",
            "availability_zone_id": "use1-az4",
            "cidr_block": "13.20.4.0/24",
            "customer_owned_ipv4_pool": "",
            "enable_dns64": false,
            "enable_lni_at_device_index": 0,
            "enable_resource_name_dns_a_record_on_launch": false,
            "enable_resource_name_dns_aaaa_record_on_launch": false,
            "id": "subnet-0cd25805fee9fd33a",
            "ipv6_cidr_block": "",
            "ipv6_cidr_block_association_id": "",
            "ipv6_native": false,
            "map_customer_owned_ip_on_launch": false,
            "map_public_ip_on_launch": false,
            "outpost_arn": "",
            "owner_id": "741448961150",
            "private_dns_hostname_type_on_launch": "ip-name",
            "tags": {
              "Customer": "console",
              "Environment": "dev",
              "Name": "console-private-subnet-0",
              "Terraform": "True"
            },
            "tags_all": {
              "Customer": "console",
              "Environment": "dev",
              "Name": "console-private-subnet-0",
              "Terraform": "True"
            },
            "timeouts": null,
            "vpc_id": "vpc-01637ae994f83a5c6"
          },
          "sensitive_attributes": [],
          "private": "eyJlMmJmYjczMC1lY2FhLTExZTYtOGY4OC0zNDM2M2JjN2M0YzAiOnsiY3JlYXRlIjo2MDAwMDAwMDAwMDAsImRlbGV0ZSI6MTIwMDAwMDAwMDAwMH0sInNjaGVtYV92ZXJzaW9uIjoiMSJ9",
          "dependencies": [
            "data.aws_availability_zones.available",
            "module.vpc.aws_eip.customer-eip",
            "module.vpc.aws_internet_gateway.customer-igw",
            "module.vpc.aws_nat_gateway.customer-nat-gw",
            "module.vpc.aws_route_table.private_rt_1",
            "module.vpc.aws_route_table.public_rt_1",
            "module.vpc.aws_subnet.public_subnet",
            "module.vpc.aws_vpc.customer-vpc"
          ]
        },
        {
          "index_key": 1,
          "schema_version": 1,
          "attributes": {
            "arn": "arn:aws:ec2:us-east-1:741448961150:subnet/subnet-0479d8829583d5f66",
            "assign_ipv6_address_on_creation": false,
            "availability_zone": "us-east-1b",
            "availability_zone_id": "use1-az6",
            "cidr_block": "13.20.5.0/24",
            "customer_owned_ipv4_pool": "",
            "enable_dns64": false,
            "enable_lni_at_device_index": 0,
            "enable_resource_name_dns_a_record_on_launch": false,
            "enable_resource_name_dns_aaaa_record_on_launch": false,
            "id": "subnet-0479d8829583d5f66",
            "ipv6_cidr_block": "",
            "ipv6_cidr_block_association_id": "",
            "ipv6_native": false,
            "map_customer_owned_ip_on_launch": false,
            "map_public_ip_on_launch": false,
            "outpost_arn": "",
            "owner_id": "741448961150",
            "private_dns_hostname_type_on_launch": "ip-name",
            "tags": {
              "Customer": "console",
              "Environment": "dev",
              "Name": "console-private-subnet-1",
              "Terraform": "True"
            },
            "tags_all": {
              "Customer": "console",
              "Environment": "dev",
              "Name": "console-private-subnet-1",
              "Terraform": "True"
            },
            "timeouts": null,
            "vpc_id": "vpc-01637ae994f83a5c6"
          },
          "sensitive_attributes": [],
          "private": "eyJlMmJmYjczMC1lY2FhLTExZTYtOGY4OC0zNDM2M2JjN2M0YzAiOnsiY3JlYXRlIjo2MDAwMDAwMDAwMDAsImRlbGV0ZSI6MTIwMDAwMDAwMDAwMH0sInNjaGVtYV92ZXJzaW9uIjoiMSJ9",
          "dependencies": [
            "data.aws_availability_zones.available",
            "module.vpc.aws_eip.customer-eip",
            "module.vpc.aws_internet_gateway.customer-igw",
            "module.vpc.aws_nat_gateway.customer-nat-gw",
            "module.vpc.aws_route_table.private_rt_1",
            "module.vpc.aws_route_table.public_rt_1",
            "module.vpc.aws_subnet.public_subnet",
            "module.vpc.aws_vpc.customer-vpc"
          ]
        },
        {
          "index_key": 2,
          "schema_version": 1,
          "attributes": {
            "arn": "arn:aws:ec2:us-east-1:741448961150:subnet/subnet-05bc7347bc6536334",
            "assign_ipv6_address_on_creation": false,
            "availability_zone": "us-east-1c",
            "availability_zone_id": "use1-az1",
            "cidr_block": "13.20.6.0/24",
            "customer_owned_ipv4_pool": "",
            "enable_dns64": false,
            "enable_lni_at_device_index": 0,
            "enable_resource_name_dns_a_record_on_launch": false,
            "enable_resource_name_dns_aaaa_record_on_launch": false,
            "id": "subnet-05bc7347bc6536334",
            "ipv6_cidr_block": "",
            "ipv6_cidr_block_association_id": "",
            "ipv6_native": false,
            "map_customer_owned_ip_on_launch": false,
            "map_public_ip_on_launch": false,
            "outpost_arn": "",
            "owner_id": "741448961150",
            "private_dns_hostname_type_on_launch": "ip-name",
            "tags": {
              "Customer": "console",
              "Environment": "dev",
              "Name": "console-private-subnet-2",
              "Terraform": "True"
            },
            "tags_all": {
              "Customer": "console",
              "Environment": "dev",
              "Name": "console-private-subnet-2",
              "Terraform": "True"
            },
            "timeouts": null,
            "vpc_id": "vpc-01637ae994f83a5c6"
          },
          "sensitive_attributes": [],
          "private": "eyJlMmJmYjczMC1lY2FhLTExZTYtOGY4OC0zNDM2M2JjN2M0YzAiOnsiY3JlYXRlIjo2MDAwMDAwMDAwMDAsImRlbGV0ZSI6MTIwMDAwMDAwMDAwMH0sInNjaGVtYV92ZXJzaW9uIjoiMSJ9",
          "dependencies": [
            "data.aws_availability_zones.available",
            "module.vpc.aws_eip.customer-eip",
            "module.vpc.aws_internet_gateway.customer-igw",
            "module.vpc.aws_nat_gateway.customer-nat-gw",
            "module.vpc.aws_route_table.private_rt_1",
            "module.vpc.aws_route_table.public_rt_1",
            "module.vpc.aws_subnet.public_subnet",
            "module.vpc.aws_vpc.customer-vpc"
          ]
        }
      ]
    },
    {
      "module": "module.vpc",
      "mode": "managed",
      "type": "aws_subnet",
      "name": "public_subnet",
      "provider": "provider[\"registry.terraform.io/hashicorp/aws\"]",
      "instances": [
        {
          "index_key": 0,
          "schema_version": 1,
          "attributes": {
            "arn": "arn:aws:ec2:us-east-1:741448961150:subnet/subnet-0d13d6cb2cfcc7dd8",
            "assign_ipv6_address_on_creation": false,
            "availability_zone": "us-east-1a",
            "availability_zone_id": "use1-az4",
            "cidr_block": "13.20.1.0/24",
            "customer_owned_ipv4_pool": "",
            "enable_dns64": false,
            "enable_lni_at_device_index": 0,
            "enable_resource_name_dns_a_record_on_launch": false,
            "enable_resource_name_dns_aaaa_record_on_launch": false,
            "id": "subnet-0d13d6cb2cfcc7dd8",
            "ipv6_cidr_block": "",
            "ipv6_cidr_block_association_id": "",
            "ipv6_native": false,
            "map_customer_owned_ip_on_launch": false,
            "map_public_ip_on_launch": true,
            "outpost_arn": "",
            "owner_id": "741448961150",
            "private_dns_hostname_type_on_launch": "ip-name",
            "tags": {
              "Customer": "console",
              "Environment": "dev",
              "Name": "console-public-subnet-0",
              "Terraform": "True"
            },
            "tags_all": {
              "Customer": "console",
              "Environment": "dev",
              "Name": "console-public-subnet-0",
              "Terraform": "True"
            },
            "timeouts": null,
            "vpc_id": "vpc-01637ae994f83a5c6"
          },
          "sensitive_attributes": [],
          "private": "eyJlMmJmYjczMC1lY2FhLTExZTYtOGY4OC0zNDM2M2JjN2M0YzAiOnsiY3JlYXRlIjo2MDAwMDAwMDAwMDAsImRlbGV0ZSI6MTIwMDAwMDAwMDAwMH0sInNjaGVtYV92ZXJzaW9uIjoiMSJ9",
          "dependencies": [
            "data.aws_availability_zones.available",
            "module.vpc.aws_internet_gateway.customer-igw",
            "module.vpc.aws_route_table.public_rt_1",
            "module.vpc.aws_vpc.customer-vpc"
          ]
        },
        {
          "index_key": 1,
          "schema_version": 1,
          "attributes": {
            "arn": "arn:aws:ec2:us-east-1:741448961150:subnet/subnet-016ce088433384ac0",
            "assign_ipv6_address_on_creation": false,
            "availability_zone": "us-east-1b",
            "availability_zone_id": "use1-az6",
            "cidr_block": "13.20.2.0/24",
            "customer_owned_ipv4_pool": "",
            "enable_dns64": false,
            "enable_lni_at_device_index": 0,
            "enable_resource_name_dns_a_record_on_launch": false,
            "enable_resource_name_dns_aaaa_record_on_launch": false,
            "id": "subnet-016ce088433384ac0",
            "ipv6_cidr_block": "",
            "ipv6_cidr_block_association_id": "",
            "ipv6_native": false,
            "map_customer_owned_ip_on_launch": false,
            "map_public_ip_on_launch": true,
            "outpost_arn": "",
            "owner_id": "741448961150",
            "private_dns_hostname_type_on_launch": "ip-name",
            "tags": {
              "Customer": "console",
              "Environment": "dev",
              "Name": "console-public-subnet-1",
              "Terraform": "True"
            },
            "tags_all": {
              "Customer": "console",
              "Environment": "dev",
              "Name": "console-public-subnet-1",
              "Terraform": "True"
            },
            "timeouts": null,
            "vpc_id": "vpc-01637ae994f83a5c6"
          },
          "sensitive_attributes": [],
          "private": "eyJlMmJmYjczMC1lY2FhLTExZTYtOGY4OC0zNDM2M2JjN2M0YzAiOnsiY3JlYXRlIjo2MDAwMDAwMDAwMDAsImRlbGV0ZSI6MTIwMDAwMDAwMDAwMH0sInNjaGVtYV92ZXJzaW9uIjoiMSJ9",
          "dependencies": [
            "data.aws_availability_zones.available",
            "module.vpc.aws_internet_gateway.customer-igw",
            "module.vpc.aws_route_table.public_rt_1",
            "module.vpc.aws_vpc.customer-vpc"
          ]
        },
        {
          "index_key": 2,
          "schema_version": 1,
          "attributes": {
            "arn": "arn:aws:ec2:us-east-1:741448961150:subnet/subnet-094fd68a89040c204",
            "assign_ipv6_address_on_creation": false,
            "availability_zone": "us-east-1c",
            "availability_zone_id": "use1-az1",
            "cidr_block": "13.20.3.0/24",
            "customer_owned_ipv4_pool": "",
            "enable_dns64": false,
            "enable_lni_at_device_index": 0,
            "enable_resource_name_dns_a_record_on_launch": false,
            "enable_resource_name_dns_aaaa_record_on_launch": false,
            "id": "subnet-094fd68a89040c204",
            "ipv6_cidr_block": "",
            "ipv6_cidr_block_association_id": "",
            "ipv6_native": false,
            "map_customer_owned_ip_on_launch": false,
            "map_public_ip_on_launch": true,
            "outpost_arn": "",
            "owner_id": "741448961150",
            "private_dns_hostname_type_on_launch": "ip-name",
            "tags": {
              "Customer": "console",
              "Environment": "dev",
              "Name": "console-public-subnet-2",
              "Terraform": "True"
            },
            "tags_all": {
              "Customer": "console",
              "Environment": "dev",
              "Name": "console-public-subnet-2",
              "Terraform": "True"
            },
            "timeouts": null,
            "vpc_id": "vpc-01637ae994f83a5c6"
          },
          "sensitive_attributes": [],
          "private": "eyJlMmJmYjczMC1lY2FhLTExZTYtOGY4OC0zNDM2M2JjN2M0YzAiOnsiY3JlYXRlIjo2MDAwMDAwMDAwMDAsImRlbGV0ZSI6MTIwMDAwMDAwMDAwMH0sInNjaGVtYV92ZXJzaW9uIjoiMSJ9",
          "dependencies": [
            "data.aws_availability_zones.available",
            "module.vpc.aws_internet_gateway.customer-igw",
            "module.vpc.aws_route_table.public_rt_1",
            "module.vpc.aws_vpc.customer-vpc"
          ]
        }
      ]
    },
    {
      "module": "module.vpc",
      "mode": "managed",
      "type": "aws_vpc",
      "name": "customer-vpc",
      "provider": "provider[\"registry.terraform.io/hashicorp/aws\"]",
      "instances": [
        {
          "schema_version": 1,
          "attributes": {
            "arn": "arn:aws:ec2:us-east-1:741448961150:vpc/vpc-01637ae994f83a5c6",
            "assign_generated_ipv6_cidr_block": false,
            "cidr_block": "13.20.0.0/16",
            "default_network_acl_id": "acl-03fa753ca7959c80b",
            "default_route_table_id": "rtb-019279eea8e9254ba",
            "default_security_group_id": "sg-0257eb3e035b725e3",
            "dhcp_options_id": "dopt-0d51a200bdbd18658",
            "enable_dns_hostnames": false,
            "enable_dns_support": true,
            "enable_network_address_usage_metrics": false,
            "id": "vpc-01637ae994f83a5c6",
            "instance_tenancy": "default",
            "ipv4_ipam_pool_id": null,
            "ipv4_netmask_length": null,
            "ipv6_association_id": "",
            "ipv6_cidr_block": "",
            "ipv6_cidr_block_network_border_group": "",
            "ipv6_ipam_pool_id": "",
            "ipv6_netmask_length": 0,
            "main_route_table_id": "rtb-019279eea8e9254ba",
            "owner_id": "741448961150",
            "tags": {
              "Customer": "console",
              "Environment": "dev",
              "Name": "console-dev",
              "Terraform": "True"
            },
            "tags_all": {
              "Customer": "console",
              "Environment": "dev",
              "Name": "console-dev",
              "Terraform": "True"
            }
          },
          "sensitive_attributes": [],
          "private": "eyJzY2hlbWFfdmVyc2lvbiI6IjEifQ=="
        }
      ]
    }
  ],
  "check_results": null
}
